
Microsoft Visual Studio Solution File, Format Version 12.00
# Visual Studio Version 16
VisualStudioVersion = 16.0.29123.88
MinimumVisualStudioVersion = 10.0.40219.1
Project("{8BC9CEB8-8B4A-11D0-8D11-00A0C91BC942}") = "yuza_core", "kernel\yuza_core\yuza_core.vcxproj", "{1E2B5BCD-1285-441E-84E3-352A31810001}"
EndProject
Project("{8BC9CEB8-8B4A-11D0-8D11-00A0C91BC942}") = "yuza", "kernel\yuza\yuza.vcxproj", "{8B7CD70D-1D44-44E1-AAA8-B0529072BE37}"
	ProjectSection(ProjectDependencies) = postProject
		{88FE838A-58E8-47B6-AD4D-6F917C302AB6} = {88FE838A-58E8-47B6-AD4D-6F917C302AB6}
		{5D13478C-D0CF-42CD-94A6-6887201843BF} = {5D13478C-D0CF-42CD-94A6-6887201843BF}
		{AA1B65BB-F62A-4E30-BC1D-0CB55BF2825E} = {AA1B65BB-F62A-4E30-BC1D-0CB55BF2825E}
		{1E2B5BCD-1285-441E-84E3-352A31810001} = {1E2B5BCD-1285-441E-84E3-352A31810001}
		{B5BF46E0-EB40-4EAD-962A-2CFB0DA27C4D} = {B5BF46E0-EB40-4EAD-962A-2CFB0DA27C4D}
	EndProjectSection
EndProject
Project("{8BC9CEB8-8B4A-11D0-8D11-00A0C91BC942}") = "win32stub", "kernel\win32stub\win32stub.vcxproj", "{AA1B65BB-F62A-4E30-BC1D-0CB55BF2825E}"
EndProject
Project("{8BC9CEB8-8B4A-11D0-8D11-00A0C91BC942}") = "launcher", "kernel\launcher\launcher.vcxproj", "{88FE838A-58E8-47B6-AD4D-6F917C302AB6}"
EndProject
Project("{2150E333-8FDC-42A3-9474-1A3956D46DE8}") = "console", "console", "{27C1F6E0-9FF3-4D04-9AB4-062DD4042826}"
EndProject
Project("{8BC9CEB8-8B4A-11D0-8D11-00A0C91BC942}") = "helloworld", "sample\console\helloworld\helloworld.vcxproj", "{5D13478C-D0CF-42CD-94A6-6887201843BF}"
EndProject
Project("{8BC9CEB8-8B4A-11D0-8D11-00A0C91BC942}") = "console", "sample\console\console\console.vcxproj", "{B5BF46E0-EB40-4EAD-962A-2CFB0DA27C4D}"
EndProject
Project("{8BC9CEB8-8B4A-11D0-8D11-00A0C91BC942}") = "yuzaconsole", "sample\console\yuzaconsole\yuzaconsole.vcxproj", "{BAC8DF89-DCF9-404C-9E29-450AAD4286F7}"
EndProject
Project("{8BC9CEB8-8B4A-11D0-8D11-00A0C91BC942}") = "test_io", "sample\console\iotest\iotest.vcxproj", "{18BA361D-9062-49B0-A545-C627896C4C26}"
EndProject
Project("{8BC9CEB8-8B4A-11D0-8D11-00A0C91BC942}") = "FileManager", "corelib\FileManager\FileManager.vcxproj", "{BE2344CB-12B8-493A-A4D4-13B7762F559C}"
EndProject
Project("{8BC9CEB8-8B4A-11D0-8D11-00A0C91BC942}") = "unistd", "sample\console\unistd\unistd.vcxproj", "{500F9A74-C176-4E57-9505-CD7AD61AFCF5}"
EndProject
Project("{8BC9CEB8-8B4A-11D0-8D11-00A0C91BC942}") = "FAT_FileSystem", "kernel\FileSystem\FAT_FileSystem\FAT_FileSystem.vcxproj", "{F1C30BBD-BA0D-47A0-A17A-FCF7B9C40222}"
EndProject
Project("{8BC9CEB8-8B4A-11D0-8D11-00A0C91BC942}") = "libwin32", "corelib\libwin32\libwin32.vcxproj", "{3CBBA42D-70F8-47EF-A304-35765E8AF6B6}"
EndProject
Project("{8BC9CEB8-8B4A-11D0-8D11-00A0C91BC942}") = "libfatfs", "corelib\libfatfs\source\libfatfs.vcxproj", "{5DA5E59E-C5A3-40B0-BDBC-8AFE01BBFF9D}"
EndProject
Project("{8BC9CEB8-8B4A-11D0-8D11-00A0C91BC942}") = "math", "corelib\math\math.vcxproj", "{07645D9C-AADA-4F7C-AD19-DBB8DE93F9EC}"
EndProject
Project("{8BC9CEB8-8B4A-11D0-8D11-00A0C91BC942}") = "common", "kernel\Common\common.vcxproj", "{8331F640-F6C7-4E9E-930B-11100518B8C9}"
EndProject
Project("{8BC9CEB8-8B4A-11D0-8D11-00A0C91BC942}") = "libcrt", "runtime\libcrt\libcrt.vcxproj", "{180F79AD-E266-434B-BE1B-B3F00550841C}"
EndProject
Global
	GlobalSection(SolutionConfigurationPlatforms) = preSolution
		DEBUG_DLL|x64 = DEBUG_DLL|x64
		DEBUG_DLL|x86 = DEBUG_DLL|x86
		DEBUG_WIN32_DLL|x64 = DEBUG_WIN32_DLL|x64
		DEBUG_WIN32_DLL|x86 = DEBUG_WIN32_DLL|x86
		DEBUG_WIN32|x64 = DEBUG_WIN32|x64
		DEBUG_WIN32|x86 = DEBUG_WIN32|x86
		Debug|x64 = Debug|x64
		Debug|x86 = Debug|x86
		DebugDLL|x64 = DebugDLL|x64
		DebugDLL|x86 = DebugDLL|x86
		DebugDLLWinRT|x64 = DebugDLLWinRT|x64
		DebugDLLWinRT|x86 = DebugDLLWinRT|x86
		DebugWinRT|x64 = DebugWinRT|x64
		DebugWinRT|x86 = DebugWinRT|x86
		MinSizeRel|x64 = MinSizeRel|x64
		MinSizeRel|x86 = MinSizeRel|x86
		Release|x64 = Release|x64
		Release|x86 = Release|x86
		ReleaseDLL|x64 = ReleaseDLL|x64
		ReleaseDLL|x86 = ReleaseDLL|x86
		ReleaseDLLStaticDeps|x64 = ReleaseDLLStaticDeps|x64
		ReleaseDLLStaticDeps|x86 = ReleaseDLLStaticDeps|x86
		ReleaseDLLWinRT|x64 = ReleaseDLLWinRT|x64
		ReleaseDLLWinRT|x86 = ReleaseDLLWinRT|x86
		ReleaseDLLWinRTStaticDeps|x64 = ReleaseDLLWinRTStaticDeps|x64
		ReleaseDLLWinRTStaticDeps|x86 = ReleaseDLLWinRTStaticDeps|x86
		ReleaseWinRT|x64 = ReleaseWinRT|x64
		ReleaseWinRT|x86 = ReleaseWinRT|x86
		RelWithDebInfo|x64 = RelWithDebInfo|x64
		RelWithDebInfo|x86 = RelWithDebInfo|x86
	EndGlobalSection
	GlobalSection(ProjectConfigurationPlatforms) = postSolution
		{1E2B5BCD-1285-441E-84E3-352A31810001}.DEBUG_DLL|x64.ActiveCfg = Release|Win32
		{1E2B5BCD-1285-441E-84E3-352A31810001}.DEBUG_DLL|x64.Build.0 = Release|Win32
		{1E2B5BCD-1285-441E-84E3-352A31810001}.DEBUG_DLL|x86.ActiveCfg = DEBUG_WIN32_DLL|Win32
		{1E2B5BCD-1285-441E-84E3-352A31810001}.DEBUG_DLL|x86.Build.0 = DEBUG_WIN32_DLL|Win32
		{1E2B5BCD-1285-441E-84E3-352A31810001}.DEBUG_WIN32_DLL|x64.ActiveCfg = DEBUG_WIN32_DLL|Win32
		{1E2B5BCD-1285-441E-84E3-352A31810001}.DEBUG_WIN32_DLL|x86.ActiveCfg = DEBUG_WIN32_DLL|Win32
		{1E2B5BCD-1285-441E-84E3-352A31810001}.DEBUG_WIN32_DLL|x86.Build.0 = DEBUG_WIN32_DLL|Win32
		{1E2B5BCD-1285-441E-84E3-352A31810001}.DEBUG_WIN32|x64.ActiveCfg = Debug|Win32
		{1E2B5BCD-1285-441E-84E3-352A31810001}.DEBUG_WIN32|x64.Build.0 = Debug|Win32
		{1E2B5BCD-1285-441E-84E3-352A31810001}.DEBUG_WIN32|x86.ActiveCfg = DEBUG_WIN32_DLL|Win32
		{1E2B5BCD-1285-441E-84E3-352A31810001}.DEBUG_WIN32|x86.Build.0 = DEBUG_WIN32_DLL|Win32
		{1E2B5BCD-1285-441E-84E3-352A31810001}.Debug|x64.ActiveCfg = Debug|Win32
		{1E2B5BCD-1285-441E-84E3-352A31810001}.Debug|x86.ActiveCfg = Debug|Win32
		{1E2B5BCD-1285-441E-84E3-352A31810001}.Debug|x86.Build.0 = Debug|Win32
		{1E2B5BCD-1285-441E-84E3-352A31810001}.DebugDLL|x64.ActiveCfg = Release|Win32
		{1E2B5BCD-1285-441E-84E3-352A31810001}.DebugDLL|x64.Build.0 = Release|Win32
		{1E2B5BCD-1285-441E-84E3-352A31810001}.DebugDLL|x86.ActiveCfg = Debug|Win32
		{1E2B5BCD-1285-441E-84E3-352A31810001}.DebugDLL|x86.Build.0 = Debug|Win32
		{1E2B5BCD-1285-441E-84E3-352A31810001}.DebugDLLWinRT|x64.ActiveCfg = Release|Win32
		{1E2B5BCD-1285-441E-84E3-352A31810001}.DebugDLLWinRT|x64.Build.0 = Release|Win32
		{1E2B5BCD-1285-441E-84E3-352A31810001}.DebugDLLWinRT|x86.ActiveCfg = Debug|Win32
		{1E2B5BCD-1285-441E-84E3-352A31810001}.DebugDLLWinRT|x86.Build.0 = Debug|Win32
		{1E2B5BCD-1285-441E-84E3-352A31810001}.DebugWinRT|x64.ActiveCfg = Release|Win32
		{1E2B5BCD-1285-441E-84E3-352A31810001}.DebugWinRT|x64.Build.0 = Release|Win32
		{1E2B5BCD-1285-441E-84E3-352A31810001}.DebugWinRT|x86.ActiveCfg = Debug|Win32
		{1E2B5BCD-1285-441E-84E3-352A31810001}.DebugWinRT|x86.Build.0 = Debug|Win32
		{1E2B5BCD-1285-441E-84E3-352A31810001}.MinSizeRel|x64.ActiveCfg = Release|Win32
		{1E2B5BCD-1285-441E-84E3-352A31810001}.MinSizeRel|x64.Build.0 = Release|Win32
		{1E2B5BCD-1285-441E-84E3-352A31810001}.MinSizeRel|x86.ActiveCfg = Release|Win32
		{1E2B5BCD-1285-441E-84E3-352A31810001}.MinSizeRel|x86.Build.0 = Release|Win32
		{1E2B5BCD-1285-441E-84E3-352A31810001}.Release|x64.ActiveCfg = Release|Win32
		{1E2B5BCD-1285-441E-84E3-352A31810001}.Release|x86.ActiveCfg = Release|Win32
		{1E2B5BCD-1285-441E-84E3-352A31810001}.Release|x86.Build.0 = Release|Win32
		{1E2B5BCD-1285-441E-84E3-352A31810001}.ReleaseDLL|x64.ActiveCfg = Release|Win32
		{1E2B5BCD-1285-441E-84E3-352A31810001}.ReleaseDLL|x64.Build.0 = Release|Win32
		{1E2B5BCD-1285-441E-84E3-352A31810001}.ReleaseDLL|x86.ActiveCfg = Release|Win32
		{1E2B5BCD-1285-441E-84E3-352A31810001}.ReleaseDLL|x86.Build.0 = Release|Win32
		{1E2B5BCD-1285-441E-84E3-352A31810001}.ReleaseDLLStaticDeps|x64.ActiveCfg = Release|Win32
		{1E2B5BCD-1285-441E-84E3-352A31810001}.ReleaseDLLStaticDeps|x64.Build.0 = Release|Win32
		{1E2B5BCD-1285-441E-84E3-352A31810001}.ReleaseDLLStaticDeps|x86.ActiveCfg = Release|Win32
		{1E2B5BCD-1285-441E-84E3-352A31810001}.ReleaseDLLStaticDeps|x86.Build.0 = Release|Win32
		{1E2B5BCD-1285-441E-84E3-352A31810001}.ReleaseDLLWinRT|x64.ActiveCfg = Release|Win32
		{1E2B5BCD-1285-441E-84E3-352A31810001}.ReleaseDLLWinRT|x64.Build.0 = Release|Win32
		{1E2B5BCD-1285-441E-84E3-352A31810001}.ReleaseDLLWinRT|x86.ActiveCfg = Release|Win32
		{1E2B5BCD-1285-441E-84E3-352A31810001}.ReleaseDLLWinRT|x86.Build.0 = Release|Win32
		{1E2B5BCD-1285-441E-84E3-352A31810001}.ReleaseDLLWinRTStaticDeps|x64.ActiveCfg = Release|Win32
		{1E2B5BCD-1285-441E-84E3-352A31810001}.ReleaseDLLWinRTStaticDeps|x64.Build.0 = Release|Win32
		{1E2B5BCD-1285-441E-84E3-352A31810001}.ReleaseDLLWinRTStaticDeps|x86.ActiveCfg = Release|Win32
		{1E2B5BCD-1285-441E-84E3-352A31810001}.ReleaseDLLWinRTStaticDeps|x86.Build.0 = Release|Win32
		{1E2B5BCD-1285-441E-84E3-352A31810001}.ReleaseWinRT|x64.ActiveCfg = Release|Win32
		{1E2B5BCD-1285-441E-84E3-352A31810001}.ReleaseWinRT|x64.Build.0 = Release|Win32
		{1E2B5BCD-1285-441E-84E3-352A31810001}.ReleaseWinRT|x86.ActiveCfg = Release|Win32
		{1E2B5BCD-1285-441E-84E3-352A31810001}.ReleaseWinRT|x86.Build.0 = Release|Win32
		{1E2B5BCD-1285-441E-84E3-352A31810001}.RelWithDebInfo|x64.ActiveCfg = Release|Win32
		{1E2B5BCD-1285-441E-84E3-352A31810001}.RelWithDebInfo|x64.Build.0 = Release|Win32
		{1E2B5BCD-1285-441E-84E3-352A31810001}.RelWithDebInfo|x86.ActiveCfg = Release|Win32
		{1E2B5BCD-1285-441E-84E3-352A31810001}.RelWithDebInfo|x86.Build.0 = Release|Win32
		{8B7CD70D-1D44-44E1-AAA8-B0529072BE37}.DEBUG_DLL|x64.ActiveCfg = Release|Win32
		{8B7CD70D-1D44-44E1-AAA8-B0529072BE37}.DEBUG_DLL|x64.Build.0 = Release|Win32
		{8B7CD70D-1D44-44E1-AAA8-B0529072BE37}.DEBUG_DLL|x86.ActiveCfg = DEBUG_WIN32_DLL|Win32
		{8B7CD70D-1D44-44E1-AAA8-B0529072BE37}.DEBUG_DLL|x86.Build.0 = DEBUG_WIN32_DLL|Win32
		{8B7CD70D-1D44-44E1-AAA8-B0529072BE37}.DEBUG_WIN32_DLL|x64.ActiveCfg = DEBUG_WIN32_DLL|Win32
		{8B7CD70D-1D44-44E1-AAA8-B0529072BE37}.DEBUG_WIN32_DLL|x86.ActiveCfg = DEBUG_WIN32_DLL|Win32
		{8B7CD70D-1D44-44E1-AAA8-B0529072BE37}.DEBUG_WIN32_DLL|x86.Build.0 = DEBUG_WIN32_DLL|Win32
		{8B7CD70D-1D44-44E1-AAA8-B0529072BE37}.DEBUG_WIN32|x64.ActiveCfg = Debug|Win32
		{8B7CD70D-1D44-44E1-AAA8-B0529072BE37}.DEBUG_WIN32|x64.Build.0 = Debug|Win32
		{8B7CD70D-1D44-44E1-AAA8-B0529072BE37}.DEBUG_WIN32|x86.ActiveCfg = DEBUG_WIN32_DLL|Win32
		{8B7CD70D-1D44-44E1-AAA8-B0529072BE37}.DEBUG_WIN32|x86.Build.0 = DEBUG_WIN32_DLL|Win32
		{8B7CD70D-1D44-44E1-AAA8-B0529072BE37}.Debug|x64.ActiveCfg = Debug|Win32
		{8B7CD70D-1D44-44E1-AAA8-B0529072BE37}.Debug|x86.ActiveCfg = Debug|Win32
		{8B7CD70D-1D44-44E1-AAA8-B0529072BE37}.Debug|x86.Build.0 = Debug|Win32
		{8B7CD70D-1D44-44E1-AAA8-B0529072BE37}.DebugDLL|x64.ActiveCfg = Release|Win32
		{8B7CD70D-1D44-44E1-AAA8-B0529072BE37}.DebugDLL|x64.Build.0 = Release|Win32
		{8B7CD70D-1D44-44E1-AAA8-B0529072BE37}.DebugDLL|x86.ActiveCfg = Debug|Win32
		{8B7CD70D-1D44-44E1-AAA8-B0529072BE37}.DebugDLL|x86.Build.0 = Debug|Win32
		{8B7CD70D-1D44-44E1-AAA8-B0529072BE37}.DebugDLLWinRT|x64.ActiveCfg = Release|Win32
		{8B7CD70D-1D44-44E1-AAA8-B0529072BE37}.DebugDLLWinRT|x64.Build.0 = Release|Win32
		{8B7CD70D-1D44-44E1-AAA8-B0529072BE37}.DebugDLLWinRT|x86.ActiveCfg = Debug|Win32
		{8B7CD70D-1D44-44E1-AAA8-B0529072BE37}.DebugDLLWinRT|x86.Build.0 = Debug|Win32
		{8B7CD70D-1D44-44E1-AAA8-B0529072BE37}.DebugWinRT|x64.ActiveCfg = Release|Win32
		{8B7CD70D-1D44-44E1-AAA8-B0529072BE37}.DebugWinRT|x64.Build.0 = Release|Win32
		{8B7CD70D-1D44-44E1-AAA8-B0529072BE37}.DebugWinRT|x86.ActiveCfg = Debug|Win32
		{8B7CD70D-1D44-44E1-AAA8-B0529072BE37}.DebugWinRT|x86.Build.0 = Debug|Win32
		{8B7CD70D-1D44-44E1-AAA8-B0529072BE37}.MinSizeRel|x64.ActiveCfg = Release|Win32
		{8B7CD70D-1D44-44E1-AAA8-B0529072BE37}.MinSizeRel|x64.Build.0 = Release|Win32
		{8B7CD70D-1D44-44E1-AAA8-B0529072BE37}.MinSizeRel|x86.ActiveCfg = Release|Win32
		{8B7CD70D-1D44-44E1-AAA8-B0529072BE37}.MinSizeRel|x86.Build.0 = Release|Win32
		{8B7CD70D-1D44-44E1-AAA8-B0529072BE37}.Release|x64.ActiveCfg = Release|Win32
		{8B7CD70D-1D44-44E1-AAA8-B0529072BE37}.Release|x86.ActiveCfg = Release|Win32
		{8B7CD70D-1D44-44E1-AAA8-B0529072BE37}.Release|x86.Build.0 = Release|Win32
		{8B7CD70D-1D44-44E1-AAA8-B0529072BE37}.ReleaseDLL|x64.ActiveCfg = Release|Win32
		{8B7CD70D-1D44-44E1-AAA8-B0529072BE37}.ReleaseDLL|x64.Build.0 = Release|Win32
		{8B7CD70D-1D44-44E1-AAA8-B0529072BE37}.ReleaseDLL|x86.ActiveCfg = Release|Win32
		{8B7CD70D-1D44-44E1-AAA8-B0529072BE37}.ReleaseDLL|x86.Build.0 = Release|Win32
		{8B7CD70D-1D44-44E1-AAA8-B0529072BE37}.ReleaseDLLStaticDeps|x64.ActiveCfg = Release|Win32
		{8B7CD70D-1D44-44E1-AAA8-B0529072BE37}.ReleaseDLLStaticDeps|x64.Build.0 = Release|Win32
		{8B7CD70D-1D44-44E1-AAA8-B0529072BE37}.ReleaseDLLStaticDeps|x86.ActiveCfg = Release|Win32
		{8B7CD70D-1D44-44E1-AAA8-B0529072BE37}.ReleaseDLLStaticDeps|x86.Build.0 = Release|Win32
		{8B7CD70D-1D44-44E1-AAA8-B0529072BE37}.ReleaseDLLWinRT|x64.ActiveCfg = Release|Win32
		{8B7CD70D-1D44-44E1-AAA8-B0529072BE37}.ReleaseDLLWinRT|x64.Build.0 = Release|Win32
		{8B7CD70D-1D44-44E1-AAA8-B0529072BE37}.ReleaseDLLWinRT|x86.ActiveCfg = Release|Win32
		{8B7CD70D-1D44-44E1-AAA8-B0529072BE37}.ReleaseDLLWinRT|x86.Build.0 = Release|Win32
		{8B7CD70D-1D44-44E1-AAA8-B0529072BE37}.ReleaseDLLWinRTStaticDeps|x64.ActiveCfg = Release|Win32
		{8B7CD70D-1D44-44E1-AAA8-B0529072BE37}.ReleaseDLLWinRTStaticDeps|x64.Build.0 = Release|Win32
		{8B7CD70D-1D44-44E1-AAA8-B0529072BE37}.ReleaseDLLWinRTStaticDeps|x86.ActiveCfg = Release|Win32
		{8B7CD70D-1D44-44E1-AAA8-B0529072BE37}.ReleaseDLLWinRTStaticDeps|x86.Build.0 = Release|Win32
		{8B7CD70D-1D44-44E1-AAA8-B0529072BE37}.ReleaseWinRT|x64.ActiveCfg = Release|Win32
		{8B7CD70D-1D44-44E1-AAA8-B0529072BE37}.ReleaseWinRT|x64.Build.0 = Release|Win32
		{8B7CD70D-1D44-44E1-AAA8-B0529072BE37}.ReleaseWinRT|x86.ActiveCfg = Release|Win32
		{8B7CD70D-1D44-44E1-AAA8-B0529072BE37}.ReleaseWinRT|x86.Build.0 = Release|Win32
		{8B7CD70D-1D44-44E1-AAA8-B0529072BE37}.RelWithDebInfo|x64.ActiveCfg = Release|Win32
		{8B7CD70D-1D44-44E1-AAA8-B0529072BE37}.RelWithDebInfo|x64.Build.0 = Release|Win32
		{8B7CD70D-1D44-44E1-AAA8-B0529072BE37}.RelWithDebInfo|x86.ActiveCfg = Release|Win32
		{8B7CD70D-1D44-44E1-AAA8-B0529072BE37}.RelWithDebInfo|x86.Build.0 = Release|Win32
		{AA1B65BB-F62A-4E30-BC1D-0CB55BF2825E}.DEBUG_DLL|x64.ActiveCfg = DEBUG_WIN32_DLL|x64
		{AA1B65BB-F62A-4E30-BC1D-0CB55BF2825E}.DEBUG_DLL|x64.Build.0 = DEBUG_WIN32_DLL|x64
		{AA1B65BB-F62A-4E30-BC1D-0CB55BF2825E}.DEBUG_DLL|x86.ActiveCfg = DEBUG_WIN32_DLL|Win32
		{AA1B65BB-F62A-4E30-BC1D-0CB55BF2825E}.DEBUG_DLL|x86.Build.0 = DEBUG_WIN32_DLL|Win32
		{AA1B65BB-F62A-4E30-BC1D-0CB55BF2825E}.DEBUG_WIN32_DLL|x64.ActiveCfg = DEBUG_WIN32_DLL|x64
		{AA1B65BB-F62A-4E30-BC1D-0CB55BF2825E}.DEBUG_WIN32_DLL|x64.Build.0 = DEBUG_WIN32_DLL|x64
		{AA1B65BB-F62A-4E30-BC1D-0CB55BF2825E}.DEBUG_WIN32_DLL|x86.ActiveCfg = DEBUG_WIN32_DLL|Win32
		{AA1B65BB-F62A-4E30-BC1D-0CB55BF2825E}.DEBUG_WIN32_DLL|x86.Build.0 = DEBUG_WIN32_DLL|Win32
		{AA1B65BB-F62A-4E30-BC1D-0CB55BF2825E}.DEBUG_WIN32|x64.ActiveCfg = DEBUG_WIN32_DLL|x64
		{AA1B65BB-F62A-4E30-BC1D-0CB55BF2825E}.DEBUG_WIN32|x64.Build.0 = DEBUG_WIN32_DLL|x64
		{AA1B65BB-F62A-4E30-BC1D-0CB55BF2825E}.DEBUG_WIN32|x86.ActiveCfg = DEBUG_WIN32_DLL|Win32
		{AA1B65BB-F62A-4E30-BC1D-0CB55BF2825E}.DEBUG_WIN32|x86.Build.0 = DEBUG_WIN32_DLL|Win32
		{AA1B65BB-F62A-4E30-BC1D-0CB55BF2825E}.Debug|x64.ActiveCfg = Debug|x64
		{AA1B65BB-F62A-4E30-BC1D-0CB55BF2825E}.Debug|x64.Build.0 = Debug|x64
		{AA1B65BB-F62A-4E30-BC1D-0CB55BF2825E}.Debug|x86.ActiveCfg = Debug|Win32
		{AA1B65BB-F62A-4E30-BC1D-0CB55BF2825E}.Debug|x86.Build.0 = Debug|Win32
		{AA1B65BB-F62A-4E30-BC1D-0CB55BF2825E}.DebugDLL|x64.ActiveCfg = Debug|x64
		{AA1B65BB-F62A-4E30-BC1D-0CB55BF2825E}.DebugDLL|x64.Build.0 = Debug|x64
		{AA1B65BB-F62A-4E30-BC1D-0CB55BF2825E}.DebugDLL|x86.ActiveCfg = Debug|Win32
		{AA1B65BB-F62A-4E30-BC1D-0CB55BF2825E}.DebugDLL|x86.Build.0 = Debug|Win32
		{AA1B65BB-F62A-4E30-BC1D-0CB55BF2825E}.DebugDLLWinRT|x64.ActiveCfg = Debug|x64
		{AA1B65BB-F62A-4E30-BC1D-0CB55BF2825E}.DebugDLLWinRT|x64.Build.0 = Debug|x64
		{AA1B65BB-F62A-4E30-BC1D-0CB55BF2825E}.DebugDLLWinRT|x86.ActiveCfg = Debug|Win32
		{AA1B65BB-F62A-4E30-BC1D-0CB55BF2825E}.DebugDLLWinRT|x86.Build.0 = Debug|Win32
		{AA1B65BB-F62A-4E30-BC1D-0CB55BF2825E}.DebugWinRT|x64.ActiveCfg = Debug|x64
		{AA1B65BB-F62A-4E30-BC1D-0CB55BF2825E}.DebugWinRT|x64.Build.0 = Debug|x64
		{AA1B65BB-F62A-4E30-BC1D-0CB55BF2825E}.DebugWinRT|x86.ActiveCfg = Debug|Win32
		{AA1B65BB-F62A-4E30-BC1D-0CB55BF2825E}.DebugWinRT|x86.Build.0 = Debug|Win32
		{AA1B65BB-F62A-4E30-BC1D-0CB55BF2825E}.MinSizeRel|x64.ActiveCfg = Release|x64
		{AA1B65BB-F62A-4E30-BC1D-0CB55BF2825E}.MinSizeRel|x64.Build.0 = Release|x64
		{AA1B65BB-F62A-4E30-BC1D-0CB55BF2825E}.MinSizeRel|x86.ActiveCfg = Release|Win32
		{AA1B65BB-F62A-4E30-BC1D-0CB55BF2825E}.MinSizeRel|x86.Build.0 = Release|Win32
		{AA1B65BB-F62A-4E30-BC1D-0CB55BF2825E}.Release|x64.ActiveCfg = Release|x64
		{AA1B65BB-F62A-4E30-BC1D-0CB55BF2825E}.Release|x64.Build.0 = Release|x64
		{AA1B65BB-F62A-4E30-BC1D-0CB55BF2825E}.Release|x86.ActiveCfg = Release|Win32
		{AA1B65BB-F62A-4E30-BC1D-0CB55BF2825E}.Release|x86.Build.0 = Release|Win32
		{AA1B65BB-F62A-4E30-BC1D-0CB55BF2825E}.ReleaseDLL|x64.ActiveCfg = Release|x64
		{AA1B65BB-F62A-4E30-BC1D-0CB55BF2825E}.ReleaseDLL|x64.Build.0 = Release|x64
		{AA1B65BB-F62A-4E30-BC1D-0CB55BF2825E}.ReleaseDLL|x86.ActiveCfg = Release|Win32
		{AA1B65BB-F62A-4E30-BC1D-0CB55BF2825E}.ReleaseDLL|x86.Build.0 = Release|Win32
		{AA1B65BB-F62A-4E30-BC1D-0CB55BF2825E}.ReleaseDLLStaticDeps|x64.ActiveCfg = Release|x64
		{AA1B65BB-F62A-4E30-BC1D-0CB55BF2825E}.ReleaseDLLStaticDeps|x64.Build.0 = Release|x64
		{AA1B65BB-F62A-4E30-BC1D-0CB55BF2825E}.ReleaseDLLStaticDeps|x86.ActiveCfg = Release|Win32
		{AA1B65BB-F62A-4E30-BC1D-0CB55BF2825E}.ReleaseDLLStaticDeps|x86.Build.0 = Release|Win32
		{AA1B65BB-F62A-4E30-BC1D-0CB55BF2825E}.ReleaseDLLWinRT|x64.ActiveCfg = Release|x64
		{AA1B65BB-F62A-4E30-BC1D-0CB55BF2825E}.ReleaseDLLWinRT|x64.Build.0 = Release|x64
		{AA1B65BB-F62A-4E30-BC1D-0CB55BF2825E}.ReleaseDLLWinRT|x86.ActiveCfg = Release|Win32
		{AA1B65BB-F62A-4E30-BC1D-0CB55BF2825E}.ReleaseDLLWinRT|x86.Build.0 = Release|Win32
		{AA1B65BB-F62A-4E30-BC1D-0CB55BF2825E}.ReleaseDLLWinRTStaticDeps|x64.ActiveCfg = Release|x64
		{AA1B65BB-F62A-4E30-BC1D-0CB55BF2825E}.ReleaseDLLWinRTStaticDeps|x64.Build.0 = Release|x64
		{AA1B65BB-F62A-4E30-BC1D-0CB55BF2825E}.ReleaseDLLWinRTStaticDeps|x86.ActiveCfg = Release|Win32
		{AA1B65BB-F62A-4E30-BC1D-0CB55BF2825E}.ReleaseDLLWinRTStaticDeps|x86.Build.0 = Release|Win32
		{AA1B65BB-F62A-4E30-BC1D-0CB55BF2825E}.ReleaseWinRT|x64.ActiveCfg = Release|x64
		{AA1B65BB-F62A-4E30-BC1D-0CB55BF2825E}.ReleaseWinRT|x64.Build.0 = Release|x64
		{AA1B65BB-F62A-4E30-BC1D-0CB55BF2825E}.ReleaseWinRT|x86.ActiveCfg = Release|Win32
		{AA1B65BB-F62A-4E30-BC1D-0CB55BF2825E}.ReleaseWinRT|x86.Build.0 = Release|Win32
		{AA1B65BB-F62A-4E30-BC1D-0CB55BF2825E}.RelWithDebInfo|x64.ActiveCfg = Release|x64
		{AA1B65BB-F62A-4E30-BC1D-0CB55BF2825E}.RelWithDebInfo|x64.Build.0 = Release|x64
		{AA1B65BB-F62A-4E30-BC1D-0CB55BF2825E}.RelWithDebInfo|x86.ActiveCfg = Release|Win32
		{AA1B65BB-F62A-4E30-BC1D-0CB55BF2825E}.RelWithDebInfo|x86.Build.0 = Release|Win32
		{88FE838A-58E8-47B6-AD4D-6F917C302AB6}.DEBUG_DLL|x64.ActiveCfg = Release|Win32
		{88FE838A-58E8-47B6-AD4D-6F917C302AB6}.DEBUG_DLL|x64.Build.0 = Release|Win32
		{88FE838A-58E8-47B6-AD4D-6F917C302AB6}.DEBUG_DLL|x86.ActiveCfg = DEBUG_WIN32_DLL|Win32
		{88FE838A-58E8-47B6-AD4D-6F917C302AB6}.DEBUG_DLL|x86.Build.0 = DEBUG_WIN32_DLL|Win32
		{88FE838A-58E8-47B6-AD4D-6F917C302AB6}.DEBUG_WIN32_DLL|x64.ActiveCfg = DEBUG_WIN32_DLL|Win32
		{88FE838A-58E8-47B6-AD4D-6F917C302AB6}.DEBUG_WIN32_DLL|x86.ActiveCfg = DEBUG_WIN32_DLL|Win32
		{88FE838A-58E8-47B6-AD4D-6F917C302AB6}.DEBUG_WIN32_DLL|x86.Build.0 = DEBUG_WIN32_DLL|Win32
		{88FE838A-58E8-47B6-AD4D-6F917C302AB6}.DEBUG_WIN32|x64.ActiveCfg = Debug|Win32
		{88FE838A-58E8-47B6-AD4D-6F917C302AB6}.DEBUG_WIN32|x64.Build.0 = Debug|Win32
		{88FE838A-58E8-47B6-AD4D-6F917C302AB6}.DEBUG_WIN32|x86.ActiveCfg = DEBUG_WIN32_DLL|Win32
		{88FE838A-58E8-47B6-AD4D-6F917C302AB6}.DEBUG_WIN32|x86.Build.0 = DEBUG_WIN32_DLL|Win32
		{88FE838A-58E8-47B6-AD4D-6F917C302AB6}.Debug|x64.ActiveCfg = Debug|Win32
		{88FE838A-58E8-47B6-AD4D-6F917C302AB6}.Debug|x86.ActiveCfg = Debug|Win32
		{88FE838A-58E8-47B6-AD4D-6F917C302AB6}.Debug|x86.Build.0 = Debug|Win32
		{88FE838A-58E8-47B6-AD4D-6F917C302AB6}.DebugDLL|x64.ActiveCfg = Release|Win32
		{88FE838A-58E8-47B6-AD4D-6F917C302AB6}.DebugDLL|x64.Build.0 = Release|Win32
		{88FE838A-58E8-47B6-AD4D-6F917C302AB6}.DebugDLL|x86.ActiveCfg = Debug|Win32
		{88FE838A-58E8-47B6-AD4D-6F917C302AB6}.DebugDLL|x86.Build.0 = Debug|Win32
		{88FE838A-58E8-47B6-AD4D-6F917C302AB6}.DebugDLLWinRT|x64.ActiveCfg = Release|Win32
		{88FE838A-58E8-47B6-AD4D-6F917C302AB6}.DebugDLLWinRT|x64.Build.0 = Release|Win32
		{88FE838A-58E8-47B6-AD4D-6F917C302AB6}.DebugDLLWinRT|x86.ActiveCfg = Debug|Win32
		{88FE838A-58E8-47B6-AD4D-6F917C302AB6}.DebugDLLWinRT|x86.Build.0 = Debug|Win32
		{88FE838A-58E8-47B6-AD4D-6F917C302AB6}.DebugWinRT|x64.ActiveCfg = Release|Win32
		{88FE838A-58E8-47B6-AD4D-6F917C302AB6}.DebugWinRT|x64.Build.0 = Release|Win32
		{88FE838A-58E8-47B6-AD4D-6F917C302AB6}.DebugWinRT|x86.ActiveCfg = Debug|Win32
		{88FE838A-58E8-47B6-AD4D-6F917C302AB6}.DebugWinRT|x86.Build.0 = Debug|Win32
		{88FE838A-58E8-47B6-AD4D-6F917C302AB6}.MinSizeRel|x64.ActiveCfg = Release|Win32
		{88FE838A-58E8-47B6-AD4D-6F917C302AB6}.MinSizeRel|x64.Build.0 = Release|Win32
		{88FE838A-58E8-47B6-AD4D-6F917C302AB6}.MinSizeRel|x86.ActiveCfg = Release|Win32
		{88FE838A-58E8-47B6-AD4D-6F917C302AB6}.MinSizeRel|x86.Build.0 = Release|Win32
		{88FE838A-58E8-47B6-AD4D-6F917C302AB6}.Release|x64.ActiveCfg = Release|Win32
		{88FE838A-58E8-47B6-AD4D-6F917C302AB6}.Release|x86.ActiveCfg = Release|Win32
		{88FE838A-58E8-47B6-AD4D-6F917C302AB6}.Release|x86.Build.0 = Release|Win32
		{88FE838A-58E8-47B6-AD4D-6F917C302AB6}.ReleaseDLL|x64.ActiveCfg = Release|Win32
		{88FE838A-58E8-47B6-AD4D-6F917C302AB6}.ReleaseDLL|x64.Build.0 = Release|Win32
		{88FE838A-58E8-47B6-AD4D-6F917C302AB6}.ReleaseDLL|x86.ActiveCfg = Release|Win32
		{88FE838A-58E8-47B6-AD4D-6F917C302AB6}.ReleaseDLL|x86.Build.0 = Release|Win32
		{88FE838A-58E8-47B6-AD4D-6F917C302AB6}.ReleaseDLLStaticDeps|x64.ActiveCfg = Release|Win32
		{88FE838A-58E8-47B6-AD4D-6F917C302AB6}.ReleaseDLLStaticDeps|x64.Build.0 = Release|Win32
		{88FE838A-58E8-47B6-AD4D-6F917C302AB6}.ReleaseDLLStaticDeps|x86.ActiveCfg = Release|Win32
		{88FE838A-58E8-47B6-AD4D-6F917C302AB6}.ReleaseDLLStaticDeps|x86.Build.0 = Release|Win32
		{88FE838A-58E8-47B6-AD4D-6F917C302AB6}.ReleaseDLLWinRT|x64.ActiveCfg = Release|Win32
		{88FE838A-58E8-47B6-AD4D-6F917C302AB6}.ReleaseDLLWinRT|x64.Build.0 = Release|Win32
		{88FE838A-58E8-47B6-AD4D-6F917C302AB6}.ReleaseDLLWinRT|x86.ActiveCfg = Release|Win32
		{88FE838A-58E8-47B6-AD4D-6F917C302AB6}.ReleaseDLLWinRT|x86.Build.0 = Release|Win32
		{88FE838A-58E8-47B6-AD4D-6F917C302AB6}.ReleaseDLLWinRTStaticDeps|x64.ActiveCfg = Release|Win32
		{88FE838A-58E8-47B6-AD4D-6F917C302AB6}.ReleaseDLLWinRTStaticDeps|x64.Build.0 = Release|Win32
		{88FE838A-58E8-47B6-AD4D-6F917C302AB6}.ReleaseDLLWinRTStaticDeps|x86.ActiveCfg = Release|Win32
		{88FE838A-58E8-47B6-AD4D-6F917C302AB6}.ReleaseDLLWinRTStaticDeps|x86.Build.0 = Release|Win32
		{88FE838A-58E8-47B6-AD4D-6F917C302AB6}.ReleaseWinRT|x64.ActiveCfg = Release|Win32
		{88FE838A-58E8-47B6-AD4D-6F917C302AB6}.ReleaseWinRT|x64.Build.0 = Release|Win32
		{88FE838A-58E8-47B6-AD4D-6F917C302AB6}.ReleaseWinRT|x86.ActiveCfg = Release|Win32
		{88FE838A-58E8-47B6-AD4D-6F917C302AB6}.ReleaseWinRT|x86.Build.0 = Release|Win32
		{88FE838A-58E8-47B6-AD4D-6F917C302AB6}.RelWithDebInfo|x64.ActiveCfg = Release|Win32
		{88FE838A-58E8-47B6-AD4D-6F917C302AB6}.RelWithDebInfo|x64.Build.0 = Release|Win32
		{88FE838A-58E8-47B6-AD4D-6F917C302AB6}.RelWithDebInfo|x86.ActiveCfg = Release|Win32
		{88FE838A-58E8-47B6-AD4D-6F917C302AB6}.RelWithDebInfo|x86.Build.0 = Release|Win32
		{5D13478C-D0CF-42CD-94A6-6887201843BF}.DEBUG_DLL|x64.ActiveCfg = Release|Win32
		{5D13478C-D0CF-42CD-94A6-6887201843BF}.DEBUG_DLL|x64.Build.0 = Release|Win32
		{5D13478C-D0CF-42CD-94A6-6887201843BF}.DEBUG_DLL|x86.ActiveCfg = DEBUG_WIN32|Win32
		{5D13478C-D0CF-42CD-94A6-6887201843BF}.DEBUG_DLL|x86.Build.0 = DEBUG_WIN32|Win32
		{5D13478C-D0CF-42CD-94A6-6887201843BF}.DEBUG_WIN32_DLL|x64.ActiveCfg = DEBUG_WIN32_DLL|Win32
		{5D13478C-D0CF-42CD-94A6-6887201843BF}.DEBUG_WIN32_DLL|x86.ActiveCfg = DEBUG_WIN32_DLL|Win32
		{5D13478C-D0CF-42CD-94A6-6887201843BF}.DEBUG_WIN32_DLL|x86.Build.0 = DEBUG_WIN32_DLL|Win32
		{5D13478C-D0CF-42CD-94A6-6887201843BF}.DEBUG_WIN32|x64.ActiveCfg = DEBUG_WIN32|Win32
		{5D13478C-D0CF-42CD-94A6-6887201843BF}.DEBUG_WIN32|x86.ActiveCfg = DEBUG_WIN32|Win32
		{5D13478C-D0CF-42CD-94A6-6887201843BF}.DEBUG_WIN32|x86.Build.0 = DEBUG_WIN32|Win32
		{5D13478C-D0CF-42CD-94A6-6887201843BF}.Debug|x64.ActiveCfg = Debug|Win32
		{5D13478C-D0CF-42CD-94A6-6887201843BF}.Debug|x86.ActiveCfg = Debug|Win32
		{5D13478C-D0CF-42CD-94A6-6887201843BF}.Debug|x86.Build.0 = Debug|Win32
		{5D13478C-D0CF-42CD-94A6-6887201843BF}.DebugDLL|x64.ActiveCfg = DEBUG_WIN32_DLL|Win32
		{5D13478C-D0CF-42CD-94A6-6887201843BF}.DebugDLL|x64.Build.0 = DEBUG_WIN32_DLL|Win32
		{5D13478C-D0CF-42CD-94A6-6887201843BF}.DebugDLL|x86.ActiveCfg = DEBUG_WIN32_DLL|Win32
		{5D13478C-D0CF-42CD-94A6-6887201843BF}.DebugDLL|x86.Build.0 = DEBUG_WIN32_DLL|Win32
		{5D13478C-D0CF-42CD-94A6-6887201843BF}.DebugDLLWinRT|x64.ActiveCfg = DEBUG_WIN32_DLL|Win32
		{5D13478C-D0CF-42CD-94A6-6887201843BF}.DebugDLLWinRT|x64.Build.0 = DEBUG_WIN32_DLL|Win32
		{5D13478C-D0CF-42CD-94A6-6887201843BF}.DebugDLLWinRT|x86.ActiveCfg = DEBUG_WIN32_DLL|Win32
		{5D13478C-D0CF-42CD-94A6-6887201843BF}.DebugDLLWinRT|x86.Build.0 = DEBUG_WIN32_DLL|Win32
		{5D13478C-D0CF-42CD-94A6-6887201843BF}.DebugWinRT|x64.ActiveCfg = DEBUG_WIN32_DLL|Win32
		{5D13478C-D0CF-42CD-94A6-6887201843BF}.DebugWinRT|x64.Build.0 = DEBUG_WIN32_DLL|Win32
		{5D13478C-D0CF-42CD-94A6-6887201843BF}.DebugWinRT|x86.ActiveCfg = DEBUG_WIN32_DLL|Win32
		{5D13478C-D0CF-42CD-94A6-6887201843BF}.DebugWinRT|x86.Build.0 = DEBUG_WIN32_DLL|Win32
		{5D13478C-D0CF-42CD-94A6-6887201843BF}.MinSizeRel|x64.ActiveCfg = DEBUG_WIN32_DLL|Win32
		{5D13478C-D0CF-42CD-94A6-6887201843BF}.MinSizeRel|x64.Build.0 = DEBUG_WIN32_DLL|Win32
		{5D13478C-D0CF-42CD-94A6-6887201843BF}.MinSizeRel|x86.ActiveCfg = DEBUG_WIN32_DLL|Win32
		{5D13478C-D0CF-42CD-94A6-6887201843BF}.MinSizeRel|x86.Build.0 = DEBUG_WIN32_DLL|Win32
		{5D13478C-D0CF-42CD-94A6-6887201843BF}.Release|x64.ActiveCfg = Release|Win32
		{5D13478C-D0CF-42CD-94A6-6887201843BF}.Release|x86.ActiveCfg = Release|Win32
		{5D13478C-D0CF-42CD-94A6-6887201843BF}.Release|x86.Build.0 = Release|Win32
		{5D13478C-D0CF-42CD-94A6-6887201843BF}.ReleaseDLL|x64.ActiveCfg = DEBUG_WIN32_DLL|Win32
		{5D13478C-D0CF-42CD-94A6-6887201843BF}.ReleaseDLL|x64.Build.0 = DEBUG_WIN32_DLL|Win32
		{5D13478C-D0CF-42CD-94A6-6887201843BF}.ReleaseDLL|x86.ActiveCfg = Release|Win32
		{5D13478C-D0CF-42CD-94A6-6887201843BF}.ReleaseDLL|x86.Build.0 = Release|Win32
		{5D13478C-D0CF-42CD-94A6-6887201843BF}.ReleaseDLLStaticDeps|x64.ActiveCfg = DEBUG_WIN32_DLL|Win32
		{5D13478C-D0CF-42CD-94A6-6887201843BF}.ReleaseDLLStaticDeps|x64.Build.0 = DEBUG_WIN32_DLL|Win32
		{5D13478C-D0CF-42CD-94A6-6887201843BF}.ReleaseDLLStaticDeps|x86.ActiveCfg = Release|Win32
		{5D13478C-D0CF-42CD-94A6-6887201843BF}.ReleaseDLLStaticDeps|x86.Build.0 = Release|Win32
		{5D13478C-D0CF-42CD-94A6-6887201843BF}.ReleaseDLLWinRT|x64.ActiveCfg = DEBUG_WIN32_DLL|Win32
		{5D13478C-D0CF-42CD-94A6-6887201843BF}.ReleaseDLLWinRT|x64.Build.0 = DEBUG_WIN32_DLL|Win32
		{5D13478C-D0CF-42CD-94A6-6887201843BF}.ReleaseDLLWinRT|x86.ActiveCfg = Release|Win32
		{5D13478C-D0CF-42CD-94A6-6887201843BF}.ReleaseDLLWinRT|x86.Build.0 = Release|Win32
		{5D13478C-D0CF-42CD-94A6-6887201843BF}.ReleaseDLLWinRTStaticDeps|x64.ActiveCfg = DEBUG_WIN32_DLL|Win32
		{5D13478C-D0CF-42CD-94A6-6887201843BF}.ReleaseDLLWinRTStaticDeps|x64.Build.0 = DEBUG_WIN32_DLL|Win32
		{5D13478C-D0CF-42CD-94A6-6887201843BF}.ReleaseDLLWinRTStaticDeps|x86.ActiveCfg = Release|Win32
		{5D13478C-D0CF-42CD-94A6-6887201843BF}.ReleaseDLLWinRTStaticDeps|x86.Build.0 = Release|Win32
		{5D13478C-D0CF-42CD-94A6-6887201843BF}.ReleaseWinRT|x64.ActiveCfg = DEBUG_WIN32_DLL|Win32
		{5D13478C-D0CF-42CD-94A6-6887201843BF}.ReleaseWinRT|x64.Build.0 = DEBUG_WIN32_DLL|Win32
		{5D13478C-D0CF-42CD-94A6-6887201843BF}.ReleaseWinRT|x86.ActiveCfg = Release|Win32
		{5D13478C-D0CF-42CD-94A6-6887201843BF}.ReleaseWinRT|x86.Build.0 = Release|Win32
		{5D13478C-D0CF-42CD-94A6-6887201843BF}.RelWithDebInfo|x64.ActiveCfg = DEBUG_WIN32_DLL|Win32
		{5D13478C-D0CF-42CD-94A6-6887201843BF}.RelWithDebInfo|x64.Build.0 = DEBUG_WIN32_DLL|Win32
		{5D13478C-D0CF-42CD-94A6-6887201843BF}.RelWithDebInfo|x86.ActiveCfg = Release|Win32
		{5D13478C-D0CF-42CD-94A6-6887201843BF}.RelWithDebInfo|x86.Build.0 = Release|Win32
		{B5BF46E0-EB40-4EAD-962A-2CFB0DA27C4D}.DEBUG_DLL|x64.ActiveCfg = Release|Win32
		{B5BF46E0-EB40-4EAD-962A-2CFB0DA27C4D}.DEBUG_DLL|x64.Build.0 = Release|Win32
		{B5BF46E0-EB40-4EAD-962A-2CFB0DA27C4D}.DEBUG_DLL|x86.ActiveCfg = DEBUG_WIN32_DLL|Win32
		{B5BF46E0-EB40-4EAD-962A-2CFB0DA27C4D}.DEBUG_DLL|x86.Build.0 = DEBUG_WIN32_DLL|Win32
		{B5BF46E0-EB40-4EAD-962A-2CFB0DA27C4D}.DEBUG_WIN32_DLL|x64.ActiveCfg = DEBUG_WIN32_DLL|Win32
		{B5BF46E0-EB40-4EAD-962A-2CFB0DA27C4D}.DEBUG_WIN32_DLL|x86.ActiveCfg = DEBUG_WIN32_DLL|Win32
		{B5BF46E0-EB40-4EAD-962A-2CFB0DA27C4D}.DEBUG_WIN32_DLL|x86.Build.0 = DEBUG_WIN32_DLL|Win32
		{B5BF46E0-EB40-4EAD-962A-2CFB0DA27C4D}.DEBUG_WIN32|x64.ActiveCfg = DEBUG_WIN32_DLL|Win32
		{B5BF46E0-EB40-4EAD-962A-2CFB0DA27C4D}.DEBUG_WIN32|x64.Build.0 = DEBUG_WIN32_DLL|Win32
		{B5BF46E0-EB40-4EAD-962A-2CFB0DA27C4D}.DEBUG_WIN32|x86.ActiveCfg = DEBUG_WIN32_DLL|Win32
		{B5BF46E0-EB40-4EAD-962A-2CFB0DA27C4D}.DEBUG_WIN32|x86.Build.0 = DEBUG_WIN32_DLL|Win32
		{B5BF46E0-EB40-4EAD-962A-2CFB0DA27C4D}.Debug|x64.ActiveCfg = Debug|Win32
		{B5BF46E0-EB40-4EAD-962A-2CFB0DA27C4D}.Debug|x86.ActiveCfg = Debug|Win32
		{B5BF46E0-EB40-4EAD-962A-2CFB0DA27C4D}.Debug|x86.Build.0 = Debug|Win32
		{B5BF46E0-EB40-4EAD-962A-2CFB0DA27C4D}.DebugDLL|x64.ActiveCfg = DEBUG_WIN32_DLL|Win32
		{B5BF46E0-EB40-4EAD-962A-2CFB0DA27C4D}.DebugDLL|x64.Build.0 = DEBUG_WIN32_DLL|Win32
		{B5BF46E0-EB40-4EAD-962A-2CFB0DA27C4D}.DebugDLL|x86.ActiveCfg = DEBUG_WIN32_DLL|Win32
		{B5BF46E0-EB40-4EAD-962A-2CFB0DA27C4D}.DebugDLL|x86.Build.0 = DEBUG_WIN32_DLL|Win32
		{B5BF46E0-EB40-4EAD-962A-2CFB0DA27C4D}.DebugDLLWinRT|x64.ActiveCfg = DEBUG_WIN32_DLL|Win32
		{B5BF46E0-EB40-4EAD-962A-2CFB0DA27C4D}.DebugDLLWinRT|x64.Build.0 = DEBUG_WIN32_DLL|Win32
		{B5BF46E0-EB40-4EAD-962A-2CFB0DA27C4D}.DebugDLLWinRT|x86.ActiveCfg = DEBUG_WIN32_DLL|Win32
		{B5BF46E0-EB40-4EAD-962A-2CFB0DA27C4D}.DebugDLLWinRT|x86.Build.0 = DEBUG_WIN32_DLL|Win32
		{B5BF46E0-EB40-4EAD-962A-2CFB0DA27C4D}.DebugWinRT|x64.ActiveCfg = DEBUG_WIN32_DLL|Win32
		{B5BF46E0-EB40-4EAD-962A-2CFB0DA27C4D}.DebugWinRT|x64.Build.0 = DEBUG_WIN32_DLL|Win32
		{B5BF46E0-EB40-4EAD-962A-2CFB0DA27C4D}.DebugWinRT|x86.ActiveCfg = DEBUG_WIN32_DLL|Win32
		{B5BF46E0-EB40-4EAD-962A-2CFB0DA27C4D}.DebugWinRT|x86.Build.0 = DEBUG_WIN32_DLL|Win32
		{B5BF46E0-EB40-4EAD-962A-2CFB0DA27C4D}.MinSizeRel|x64.ActiveCfg = DEBUG_WIN32_DLL|Win32
		{B5BF46E0-EB40-4EAD-962A-2CFB0DA27C4D}.MinSizeRel|x64.Build.0 = DEBUG_WIN32_DLL|Win32
		{B5BF46E0-EB40-4EAD-962A-2CFB0DA27C4D}.MinSizeRel|x86.ActiveCfg = DEBUG_WIN32_DLL|Win32
		{B5BF46E0-EB40-4EAD-962A-2CFB0DA27C4D}.MinSizeRel|x86.Build.0 = DEBUG_WIN32_DLL|Win32
		{B5BF46E0-EB40-4EAD-962A-2CFB0DA27C4D}.Release|x64.ActiveCfg = Release|Win32
		{B5BF46E0-EB40-4EAD-962A-2CFB0DA27C4D}.Release|x86.ActiveCfg = Release|Win32
		{B5BF46E0-EB40-4EAD-962A-2CFB0DA27C4D}.Release|x86.Build.0 = Release|Win32
		{B5BF46E0-EB40-4EAD-962A-2CFB0DA27C4D}.ReleaseDLL|x64.ActiveCfg = DEBUG_WIN32_DLL|Win32
		{B5BF46E0-EB40-4EAD-962A-2CFB0DA27C4D}.ReleaseDLL|x64.Build.0 = DEBUG_WIN32_DLL|Win32
		{B5BF46E0-EB40-4EAD-962A-2CFB0DA27C4D}.ReleaseDLL|x86.ActiveCfg = Release|Win32
		{B5BF46E0-EB40-4EAD-962A-2CFB0DA27C4D}.ReleaseDLL|x86.Build.0 = Release|Win32
		{B5BF46E0-EB40-4EAD-962A-2CFB0DA27C4D}.ReleaseDLLStaticDeps|x64.ActiveCfg = DEBUG_WIN32_DLL|Win32
		{B5BF46E0-EB40-4EAD-962A-2CFB0DA27C4D}.ReleaseDLLStaticDeps|x64.Build.0 = DEBUG_WIN32_DLL|Win32
		{B5BF46E0-EB40-4EAD-962A-2CFB0DA27C4D}.ReleaseDLLStaticDeps|x86.ActiveCfg = Release|Win32
		{B5BF46E0-EB40-4EAD-962A-2CFB0DA27C4D}.ReleaseDLLStaticDeps|x86.Build.0 = Release|Win32
		{B5BF46E0-EB40-4EAD-962A-2CFB0DA27C4D}.ReleaseDLLWinRT|x64.ActiveCfg = DEBUG_WIN32_DLL|Win32
		{B5BF46E0-EB40-4EAD-962A-2CFB0DA27C4D}.ReleaseDLLWinRT|x64.Build.0 = DEBUG_WIN32_DLL|Win32
		{B5BF46E0-EB40-4EAD-962A-2CFB0DA27C4D}.ReleaseDLLWinRT|x86.ActiveCfg = Release|Win32
		{B5BF46E0-EB40-4EAD-962A-2CFB0DA27C4D}.ReleaseDLLWinRT|x86.Build.0 = Release|Win32
		{B5BF46E0-EB40-4EAD-962A-2CFB0DA27C4D}.ReleaseDLLWinRTStaticDeps|x64.ActiveCfg = DEBUG_WIN32_DLL|Win32
		{B5BF46E0-EB40-4EAD-962A-2CFB0DA27C4D}.ReleaseDLLWinRTStaticDeps|x64.Build.0 = DEBUG_WIN32_DLL|Win32
		{B5BF46E0-EB40-4EAD-962A-2CFB0DA27C4D}.ReleaseDLLWinRTStaticDeps|x86.ActiveCfg = Release|Win32
		{B5BF46E0-EB40-4EAD-962A-2CFB0DA27C4D}.ReleaseDLLWinRTStaticDeps|x86.Build.0 = Release|Win32
		{B5BF46E0-EB40-4EAD-962A-2CFB0DA27C4D}.ReleaseWinRT|x64.ActiveCfg = DEBUG_WIN32_DLL|Win32
		{B5BF46E0-EB40-4EAD-962A-2CFB0DA27C4D}.ReleaseWinRT|x64.Build.0 = DEBUG_WIN32_DLL|Win32
		{B5BF46E0-EB40-4EAD-962A-2CFB0DA27C4D}.ReleaseWinRT|x86.ActiveCfg = Release|Win32
		{B5BF46E0-EB40-4EAD-962A-2CFB0DA27C4D}.ReleaseWinRT|x86.Build.0 = Release|Win32
		{B5BF46E0-EB40-4EAD-962A-2CFB0DA27C4D}.RelWithDebInfo|x64.ActiveCfg = DEBUG_WIN32_DLL|Win32
		{B5BF46E0-EB40-4EAD-962A-2CFB0DA27C4D}.RelWithDebInfo|x64.Build.0 = DEBUG_WIN32_DLL|Win32
		{B5BF46E0-EB40-4EAD-962A-2CFB0DA27C4D}.RelWithDebInfo|x86.ActiveCfg = Release|Win32
		{B5BF46E0-EB40-4EAD-962A-2CFB0DA27C4D}.RelWithDebInfo|x86.Build.0 = Release|Win32
		{BAC8DF89-DCF9-404C-9E29-450AAD4286F7}.DEBUG_DLL|x64.ActiveCfg = Debug|Win32
		{BAC8DF89-DCF9-404C-9E29-450AAD4286F7}.DEBUG_DLL|x64.Build.0 = Debug|Win32
		{BAC8DF89-DCF9-404C-9E29-450AAD4286F7}.DEBUG_DLL|x86.ActiveCfg = DEBUG_WIN32_DLL|Win32
		{BAC8DF89-DCF9-404C-9E29-450AAD4286F7}.DEBUG_DLL|x86.Build.0 = DEBUG_WIN32_DLL|Win32
		{BAC8DF89-DCF9-404C-9E29-450AAD4286F7}.DEBUG_WIN32_DLL|x64.ActiveCfg = DEBUG_WIN32_DLL|Win32
		{BAC8DF89-DCF9-404C-9E29-450AAD4286F7}.DEBUG_WIN32_DLL|x86.ActiveCfg = DEBUG_WIN32_DLL|Win32
		{BAC8DF89-DCF9-404C-9E29-450AAD4286F7}.DEBUG_WIN32_DLL|x86.Build.0 = DEBUG_WIN32_DLL|Win32
		{BAC8DF89-DCF9-404C-9E29-450AAD4286F7}.DEBUG_WIN32|x64.ActiveCfg = Debug|Win32
		{BAC8DF89-DCF9-404C-9E29-450AAD4286F7}.DEBUG_WIN32|x64.Build.0 = Debug|Win32
		{BAC8DF89-DCF9-404C-9E29-450AAD4286F7}.DEBUG_WIN32|x86.ActiveCfg = DEBUG_WIN32_DLL|Win32
		{BAC8DF89-DCF9-404C-9E29-450AAD4286F7}.DEBUG_WIN32|x86.Build.0 = DEBUG_WIN32_DLL|Win32
		{BAC8DF89-DCF9-404C-9E29-450AAD4286F7}.Debug|x64.ActiveCfg = Debug|Win32
		{BAC8DF89-DCF9-404C-9E29-450AAD4286F7}.Debug|x86.ActiveCfg = Debug|Win32
		{BAC8DF89-DCF9-404C-9E29-450AAD4286F7}.Debug|x86.Build.0 = Debug|Win32
		{BAC8DF89-DCF9-404C-9E29-450AAD4286F7}.DebugDLL|x64.ActiveCfg = Debug|Win32
		{BAC8DF89-DCF9-404C-9E29-450AAD4286F7}.DebugDLL|x64.Build.0 = Debug|Win32
		{BAC8DF89-DCF9-404C-9E29-450AAD4286F7}.DebugDLL|x86.ActiveCfg = Debug|Win32
		{BAC8DF89-DCF9-404C-9E29-450AAD4286F7}.DebugDLL|x86.Build.0 = Debug|Win32
		{BAC8DF89-DCF9-404C-9E29-450AAD4286F7}.DebugDLLWinRT|x64.ActiveCfg = Debug|Win32
		{BAC8DF89-DCF9-404C-9E29-450AAD4286F7}.DebugDLLWinRT|x64.Build.0 = Debug|Win32
		{BAC8DF89-DCF9-404C-9E29-450AAD4286F7}.DebugDLLWinRT|x86.ActiveCfg = Debug|Win32
		{BAC8DF89-DCF9-404C-9E29-450AAD4286F7}.DebugDLLWinRT|x86.Build.0 = Debug|Win32
		{BAC8DF89-DCF9-404C-9E29-450AAD4286F7}.DebugWinRT|x64.ActiveCfg = Debug|Win32
		{BAC8DF89-DCF9-404C-9E29-450AAD4286F7}.DebugWinRT|x64.Build.0 = Debug|Win32
		{BAC8DF89-DCF9-404C-9E29-450AAD4286F7}.DebugWinRT|x86.ActiveCfg = Debug|Win32
		{BAC8DF89-DCF9-404C-9E29-450AAD4286F7}.DebugWinRT|x86.Build.0 = Debug|Win32
		{BAC8DF89-DCF9-404C-9E29-450AAD4286F7}.MinSizeRel|x64.ActiveCfg = Debug|Win32
		{BAC8DF89-DCF9-404C-9E29-450AAD4286F7}.MinSizeRel|x64.Build.0 = Debug|Win32
		{BAC8DF89-DCF9-404C-9E29-450AAD4286F7}.MinSizeRel|x86.ActiveCfg = Debug|Win32
		{BAC8DF89-DCF9-404C-9E29-450AAD4286F7}.MinSizeRel|x86.Build.0 = Debug|Win32
		{BAC8DF89-DCF9-404C-9E29-450AAD4286F7}.Release|x64.ActiveCfg = Release|Win32
		{BAC8DF89-DCF9-404C-9E29-450AAD4286F7}.Release|x86.ActiveCfg = Release|Win32
		{BAC8DF89-DCF9-404C-9E29-450AAD4286F7}.Release|x86.Build.0 = Release|Win32
		{BAC8DF89-DCF9-404C-9E29-450AAD4286F7}.ReleaseDLL|x64.ActiveCfg = Debug|Win32
		{BAC8DF89-DCF9-404C-9E29-450AAD4286F7}.ReleaseDLL|x64.Build.0 = Debug|Win32
		{BAC8DF89-DCF9-404C-9E29-450AAD4286F7}.ReleaseDLL|x86.ActiveCfg = Release|Win32
		{BAC8DF89-DCF9-404C-9E29-450AAD4286F7}.ReleaseDLL|x86.Build.0 = Release|Win32
		{BAC8DF89-DCF9-404C-9E29-450AAD4286F7}.ReleaseDLLStaticDeps|x64.ActiveCfg = Debug|Win32
		{BAC8DF89-DCF9-404C-9E29-450AAD4286F7}.ReleaseDLLStaticDeps|x64.Build.0 = Debug|Win32
		{BAC8DF89-DCF9-404C-9E29-450AAD4286F7}.ReleaseDLLStaticDeps|x86.ActiveCfg = Release|Win32
		{BAC8DF89-DCF9-404C-9E29-450AAD4286F7}.ReleaseDLLStaticDeps|x86.Build.0 = Release|Win32
		{BAC8DF89-DCF9-404C-9E29-450AAD4286F7}.ReleaseDLLWinRT|x64.ActiveCfg = Debug|Win32
		{BAC8DF89-DCF9-404C-9E29-450AAD4286F7}.ReleaseDLLWinRT|x64.Build.0 = Debug|Win32
		{BAC8DF89-DCF9-404C-9E29-450AAD4286F7}.ReleaseDLLWinRT|x86.ActiveCfg = Release|Win32
		{BAC8DF89-DCF9-404C-9E29-450AAD4286F7}.ReleaseDLLWinRT|x86.Build.0 = Release|Win32
		{BAC8DF89-DCF9-404C-9E29-450AAD4286F7}.ReleaseDLLWinRTStaticDeps|x64.ActiveCfg = Debug|Win32
		{BAC8DF89-DCF9-404C-9E29-450AAD4286F7}.ReleaseDLLWinRTStaticDeps|x64.Build.0 = Debug|Win32
		{BAC8DF89-DCF9-404C-9E29-450AAD4286F7}.ReleaseDLLWinRTStaticDeps|x86.ActiveCfg = Release|Win32
		{BAC8DF89-DCF9-404C-9E29-450AAD4286F7}.ReleaseDLLWinRTStaticDeps|x86.Build.0 = Release|Win32
		{BAC8DF89-DCF9-404C-9E29-450AAD4286F7}.ReleaseWinRT|x64.ActiveCfg = Debug|Win32
		{BAC8DF89-DCF9-404C-9E29-450AAD4286F7}.ReleaseWinRT|x64.Build.0 = Debug|Win32
		{BAC8DF89-DCF9-404C-9E29-450AAD4286F7}.ReleaseWinRT|x86.ActiveCfg = Release|Win32
		{BAC8DF89-DCF9-404C-9E29-450AAD4286F7}.ReleaseWinRT|x86.Build.0 = Release|Win32
		{BAC8DF89-DCF9-404C-9E29-450AAD4286F7}.RelWithDebInfo|x64.ActiveCfg = Debug|Win32
		{BAC8DF89-DCF9-404C-9E29-450AAD4286F7}.RelWithDebInfo|x64.Build.0 = Debug|Win32
		{BAC8DF89-DCF9-404C-9E29-450AAD4286F7}.RelWithDebInfo|x86.ActiveCfg = Release|Win32
		{BAC8DF89-DCF9-404C-9E29-450AAD4286F7}.RelWithDebInfo|x86.Build.0 = Release|Win32
		{18BA361D-9062-49B0-A545-C627896C4C26}.DEBUG_DLL|x64.ActiveCfg = Debug|Win32
		{18BA361D-9062-49B0-A545-C627896C4C26}.DEBUG_DLL|x64.Build.0 = Debug|Win32
		{18BA361D-9062-49B0-A545-C627896C4C26}.DEBUG_DLL|x86.ActiveCfg = DEBUG_WIN32|Win32
		{18BA361D-9062-49B0-A545-C627896C4C26}.DEBUG_DLL|x86.Build.0 = DEBUG_WIN32|Win32
		{18BA361D-9062-49B0-A545-C627896C4C26}.DEBUG_WIN32_DLL|x64.ActiveCfg = DEBUG_WIN32_DLL|Win32
		{18BA361D-9062-49B0-A545-C627896C4C26}.DEBUG_WIN32_DLL|x86.ActiveCfg = DEBUG_WIN32_DLL|Win32
		{18BA361D-9062-49B0-A545-C627896C4C26}.DEBUG_WIN32_DLL|x86.Build.0 = DEBUG_WIN32_DLL|Win32
		{18BA361D-9062-49B0-A545-C627896C4C26}.DEBUG_WIN32|x64.ActiveCfg = DEBUG_WIN32|Win32
		{18BA361D-9062-49B0-A545-C627896C4C26}.DEBUG_WIN32|x86.ActiveCfg = DEBUG_WIN32|Win32
		{18BA361D-9062-49B0-A545-C627896C4C26}.DEBUG_WIN32|x86.Build.0 = DEBUG_WIN32|Win32
		{18BA361D-9062-49B0-A545-C627896C4C26}.Debug|x64.ActiveCfg = Debug|Win32
		{18BA361D-9062-49B0-A545-C627896C4C26}.Debug|x86.ActiveCfg = Debug|Win32
		{18BA361D-9062-49B0-A545-C627896C4C26}.Debug|x86.Build.0 = Debug|Win32
		{18BA361D-9062-49B0-A545-C627896C4C26}.DebugDLL|x64.ActiveCfg = Debug|Win32
		{18BA361D-9062-49B0-A545-C627896C4C26}.DebugDLL|x64.Build.0 = Debug|Win32
		{18BA361D-9062-49B0-A545-C627896C4C26}.DebugDLL|x86.ActiveCfg = Debug|Win32
		{18BA361D-9062-49B0-A545-C627896C4C26}.DebugDLL|x86.Build.0 = Debug|Win32
		{18BA361D-9062-49B0-A545-C627896C4C26}.DebugDLLWinRT|x64.ActiveCfg = Debug|Win32
		{18BA361D-9062-49B0-A545-C627896C4C26}.DebugDLLWinRT|x64.Build.0 = Debug|Win32
		{18BA361D-9062-49B0-A545-C627896C4C26}.DebugDLLWinRT|x86.ActiveCfg = Debug|Win32
		{18BA361D-9062-49B0-A545-C627896C4C26}.DebugDLLWinRT|x86.Build.0 = Debug|Win32
		{18BA361D-9062-49B0-A545-C627896C4C26}.DebugWinRT|x64.ActiveCfg = Debug|Win32
		{18BA361D-9062-49B0-A545-C627896C4C26}.DebugWinRT|x64.Build.0 = Debug|Win32
		{18BA361D-9062-49B0-A545-C627896C4C26}.DebugWinRT|x86.ActiveCfg = Debug|Win32
		{18BA361D-9062-49B0-A545-C627896C4C26}.DebugWinRT|x86.Build.0 = Debug|Win32
		{18BA361D-9062-49B0-A545-C627896C4C26}.MinSizeRel|x64.ActiveCfg = Debug|Win32
		{18BA361D-9062-49B0-A545-C627896C4C26}.MinSizeRel|x64.Build.0 = Debug|Win32
		{18BA361D-9062-49B0-A545-C627896C4C26}.MinSizeRel|x86.ActiveCfg = Debug|Win32
		{18BA361D-9062-49B0-A545-C627896C4C26}.MinSizeRel|x86.Build.0 = Debug|Win32
		{18BA361D-9062-49B0-A545-C627896C4C26}.Release|x64.ActiveCfg = Release|Win32
		{18BA361D-9062-49B0-A545-C627896C4C26}.Release|x86.ActiveCfg = Release|Win32
		{18BA361D-9062-49B0-A545-C627896C4C26}.Release|x86.Build.0 = Release|Win32
		{18BA361D-9062-49B0-A545-C627896C4C26}.ReleaseDLL|x64.ActiveCfg = Debug|Win32
		{18BA361D-9062-49B0-A545-C627896C4C26}.ReleaseDLL|x64.Build.0 = Debug|Win32
		{18BA361D-9062-49B0-A545-C627896C4C26}.ReleaseDLL|x86.ActiveCfg = Release|Win32
		{18BA361D-9062-49B0-A545-C627896C4C26}.ReleaseDLL|x86.Build.0 = Release|Win32
		{18BA361D-9062-49B0-A545-C627896C4C26}.ReleaseDLLStaticDeps|x64.ActiveCfg = Debug|Win32
		{18BA361D-9062-49B0-A545-C627896C4C26}.ReleaseDLLStaticDeps|x64.Build.0 = Debug|Win32
		{18BA361D-9062-49B0-A545-C627896C4C26}.ReleaseDLLStaticDeps|x86.ActiveCfg = Release|Win32
		{18BA361D-9062-49B0-A545-C627896C4C26}.ReleaseDLLStaticDeps|x86.Build.0 = Release|Win32
		{18BA361D-9062-49B0-A545-C627896C4C26}.ReleaseDLLWinRT|x64.ActiveCfg = Debug|Win32
		{18BA361D-9062-49B0-A545-C627896C4C26}.ReleaseDLLWinRT|x64.Build.0 = Debug|Win32
		{18BA361D-9062-49B0-A545-C627896C4C26}.ReleaseDLLWinRT|x86.ActiveCfg = Release|Win32
		{18BA361D-9062-49B0-A545-C627896C4C26}.ReleaseDLLWinRT|x86.Build.0 = Release|Win32
		{18BA361D-9062-49B0-A545-C627896C4C26}.ReleaseDLLWinRTStaticDeps|x64.ActiveCfg = Debug|Win32
		{18BA361D-9062-49B0-A545-C627896C4C26}.ReleaseDLLWinRTStaticDeps|x64.Build.0 = Debug|Win32
		{18BA361D-9062-49B0-A545-C627896C4C26}.ReleaseDLLWinRTStaticDeps|x86.ActiveCfg = Release|Win32
		{18BA361D-9062-49B0-A545-C627896C4C26}.ReleaseDLLWinRTStaticDeps|x86.Build.0 = Release|Win32
		{18BA361D-9062-49B0-A545-C627896C4C26}.ReleaseWinRT|x64.ActiveCfg = Debug|Win32
		{18BA361D-9062-49B0-A545-C627896C4C26}.ReleaseWinRT|x64.Build.0 = Debug|Win32
		{18BA361D-9062-49B0-A545-C627896C4C26}.ReleaseWinRT|x86.ActiveCfg = Release|Win32
		{18BA361D-9062-49B0-A545-C627896C4C26}.ReleaseWinRT|x86.Build.0 = Release|Win32
		{18BA361D-9062-49B0-A545-C627896C4C26}.RelWithDebInfo|x64.ActiveCfg = Debug|Win32
		{18BA361D-9062-49B0-A545-C627896C4C26}.RelWithDebInfo|x64.Build.0 = Debug|Win32
		{18BA361D-9062-49B0-A545-C627896C4C26}.RelWithDebInfo|x86.ActiveCfg = Release|Win32
		{18BA361D-9062-49B0-A545-C627896C4C26}.RelWithDebInfo|x86.Build.0 = Release|Win32
		{BE2344CB-12B8-493A-A4D4-13B7762F559C}.DEBUG_DLL|x64.ActiveCfg = Debug|Win32
		{BE2344CB-12B8-493A-A4D4-13B7762F559C}.DEBUG_DLL|x64.Build.0 = Debug|Win32
		{BE2344CB-12B8-493A-A4D4-13B7762F559C}.DEBUG_DLL|x86.ActiveCfg = Debug|Win32
		{BE2344CB-12B8-493A-A4D4-13B7762F559C}.DEBUG_DLL|x86.Build.0 = Debug|Win32
		{BE2344CB-12B8-493A-A4D4-13B7762F559C}.DEBUG_WIN32_DLL|x64.ActiveCfg = Debug|Win32
		{BE2344CB-12B8-493A-A4D4-13B7762F559C}.DEBUG_WIN32_DLL|x64.Build.0 = Debug|Win32
		{BE2344CB-12B8-493A-A4D4-13B7762F559C}.DEBUG_WIN32_DLL|x86.ActiveCfg = Debug|Win32
		{BE2344CB-12B8-493A-A4D4-13B7762F559C}.DEBUG_WIN32_DLL|x86.Build.0 = Debug|Win32
		{BE2344CB-12B8-493A-A4D4-13B7762F559C}.DEBUG_WIN32|x64.ActiveCfg = Debug|Win32
		{BE2344CB-12B8-493A-A4D4-13B7762F559C}.DEBUG_WIN32|x64.Build.0 = Debug|Win32
		{BE2344CB-12B8-493A-A4D4-13B7762F559C}.DEBUG_WIN32|x86.ActiveCfg = Debug|Win32
		{BE2344CB-12B8-493A-A4D4-13B7762F559C}.DEBUG_WIN32|x86.Build.0 = Debug|Win32
		{BE2344CB-12B8-493A-A4D4-13B7762F559C}.Debug|x64.ActiveCfg = Debug|Win32
		{BE2344CB-12B8-493A-A4D4-13B7762F559C}.Debug|x86.ActiveCfg = Debug|Win32
		{BE2344CB-12B8-493A-A4D4-13B7762F559C}.Debug|x86.Build.0 = Debug|Win32
		{BE2344CB-12B8-493A-A4D4-13B7762F559C}.DebugDLL|x64.ActiveCfg = Debug|Win32
		{BE2344CB-12B8-493A-A4D4-13B7762F559C}.DebugDLL|x64.Build.0 = Debug|Win32
		{BE2344CB-12B8-493A-A4D4-13B7762F559C}.DebugDLL|x86.ActiveCfg = Debug|Win32
		{BE2344CB-12B8-493A-A4D4-13B7762F559C}.DebugDLL|x86.Build.0 = Debug|Win32
		{BE2344CB-12B8-493A-A4D4-13B7762F559C}.DebugDLLWinRT|x64.ActiveCfg = Debug|Win32
		{BE2344CB-12B8-493A-A4D4-13B7762F559C}.DebugDLLWinRT|x64.Build.0 = Debug|Win32
		{BE2344CB-12B8-493A-A4D4-13B7762F559C}.DebugDLLWinRT|x86.ActiveCfg = Debug|Win32
		{BE2344CB-12B8-493A-A4D4-13B7762F559C}.DebugDLLWinRT|x86.Build.0 = Debug|Win32
		{BE2344CB-12B8-493A-A4D4-13B7762F559C}.DebugWinRT|x64.ActiveCfg = Debug|Win32
		{BE2344CB-12B8-493A-A4D4-13B7762F559C}.DebugWinRT|x64.Build.0 = Debug|Win32
		{BE2344CB-12B8-493A-A4D4-13B7762F559C}.DebugWinRT|x86.ActiveCfg = Debug|Win32
		{BE2344CB-12B8-493A-A4D4-13B7762F559C}.DebugWinRT|x86.Build.0 = Debug|Win32
		{BE2344CB-12B8-493A-A4D4-13B7762F559C}.MinSizeRel|x64.ActiveCfg = Debug|Win32
		{BE2344CB-12B8-493A-A4D4-13B7762F559C}.MinSizeRel|x64.Build.0 = Debug|Win32
		{BE2344CB-12B8-493A-A4D4-13B7762F559C}.MinSizeRel|x86.ActiveCfg = Debug|Win32
		{BE2344CB-12B8-493A-A4D4-13B7762F559C}.MinSizeRel|x86.Build.0 = Debug|Win32
		{BE2344CB-12B8-493A-A4D4-13B7762F559C}.Release|x64.ActiveCfg = Release|Win32
		{BE2344CB-12B8-493A-A4D4-13B7762F559C}.Release|x86.ActiveCfg = Release|Win32
		{BE2344CB-12B8-493A-A4D4-13B7762F559C}.Release|x86.Build.0 = Release|Win32
		{BE2344CB-12B8-493A-A4D4-13B7762F559C}.ReleaseDLL|x64.ActiveCfg = Debug|Win32
		{BE2344CB-12B8-493A-A4D4-13B7762F559C}.ReleaseDLL|x64.Build.0 = Debug|Win32
		{BE2344CB-12B8-493A-A4D4-13B7762F559C}.ReleaseDLL|x86.ActiveCfg = Release|Win32
		{BE2344CB-12B8-493A-A4D4-13B7762F559C}.ReleaseDLL|x86.Build.0 = Release|Win32
		{BE2344CB-12B8-493A-A4D4-13B7762F559C}.ReleaseDLLStaticDeps|x64.ActiveCfg = Debug|Win32
		{BE2344CB-12B8-493A-A4D4-13B7762F559C}.ReleaseDLLStaticDeps|x64.Build.0 = Debug|Win32
		{BE2344CB-12B8-493A-A4D4-13B7762F559C}.ReleaseDLLStaticDeps|x86.ActiveCfg = Release|Win32
		{BE2344CB-12B8-493A-A4D4-13B7762F559C}.ReleaseDLLStaticDeps|x86.Build.0 = Release|Win32
		{BE2344CB-12B8-493A-A4D4-13B7762F559C}.ReleaseDLLWinRT|x64.ActiveCfg = Debug|Win32
		{BE2344CB-12B8-493A-A4D4-13B7762F559C}.ReleaseDLLWinRT|x64.Build.0 = Debug|Win32
		{BE2344CB-12B8-493A-A4D4-13B7762F559C}.ReleaseDLLWinRT|x86.ActiveCfg = Release|Win32
		{BE2344CB-12B8-493A-A4D4-13B7762F559C}.ReleaseDLLWinRT|x86.Build.0 = Release|Win32
		{BE2344CB-12B8-493A-A4D4-13B7762F559C}.ReleaseDLLWinRTStaticDeps|x64.ActiveCfg = Debug|Win32
		{BE2344CB-12B8-493A-A4D4-13B7762F559C}.ReleaseDLLWinRTStaticDeps|x64.Build.0 = Debug|Win32
		{BE2344CB-12B8-493A-A4D4-13B7762F559C}.ReleaseDLLWinRTStaticDeps|x86.ActiveCfg = Release|Win32
		{BE2344CB-12B8-493A-A4D4-13B7762F559C}.ReleaseDLLWinRTStaticDeps|x86.Build.0 = Release|Win32
		{BE2344CB-12B8-493A-A4D4-13B7762F559C}.ReleaseWinRT|x64.ActiveCfg = Debug|Win32
		{BE2344CB-12B8-493A-A4D4-13B7762F559C}.ReleaseWinRT|x64.Build.0 = Debug|Win32
		{BE2344CB-12B8-493A-A4D4-13B7762F559C}.ReleaseWinRT|x86.ActiveCfg = Release|Win32
		{BE2344CB-12B8-493A-A4D4-13B7762F559C}.ReleaseWinRT|x86.Build.0 = Release|Win32
		{BE2344CB-12B8-493A-A4D4-13B7762F559C}.RelWithDebInfo|x64.ActiveCfg = Debug|Win32
		{BE2344CB-12B8-493A-A4D4-13B7762F559C}.RelWithDebInfo|x64.Build.0 = Debug|Win32
		{BE2344CB-12B8-493A-A4D4-13B7762F559C}.RelWithDebInfo|x86.ActiveCfg = Release|Win32
		{BE2344CB-12B8-493A-A4D4-13B7762F559C}.RelWithDebInfo|x86.Build.0 = Release|Win32
		{500F9A74-C176-4E57-9505-CD7AD61AFCF5}.DEBUG_DLL|x64.ActiveCfg = Debug|Win32
		{500F9A74-C176-4E57-9505-CD7AD61AFCF5}.DEBUG_DLL|x64.Build.0 = Debug|Win32
		{500F9A74-C176-4E57-9505-CD7AD61AFCF5}.DEBUG_DLL|x86.ActiveCfg = DEBUG_WIN32|Win32
		{500F9A74-C176-4E57-9505-CD7AD61AFCF5}.DEBUG_DLL|x86.Build.0 = DEBUG_WIN32|Win32
		{500F9A74-C176-4E57-9505-CD7AD61AFCF5}.DEBUG_WIN32_DLL|x64.ActiveCfg = DEBUG_WIN32_DLL|Win32
		{500F9A74-C176-4E57-9505-CD7AD61AFCF5}.DEBUG_WIN32_DLL|x86.ActiveCfg = DEBUG_WIN32_DLL|Win32
		{500F9A74-C176-4E57-9505-CD7AD61AFCF5}.DEBUG_WIN32_DLL|x86.Build.0 = DEBUG_WIN32_DLL|Win32
		{500F9A74-C176-4E57-9505-CD7AD61AFCF5}.DEBUG_WIN32|x64.ActiveCfg = DEBUG_WIN32|Win32
		{500F9A74-C176-4E57-9505-CD7AD61AFCF5}.DEBUG_WIN32|x86.ActiveCfg = DEBUG_WIN32|Win32
		{500F9A74-C176-4E57-9505-CD7AD61AFCF5}.DEBUG_WIN32|x86.Build.0 = DEBUG_WIN32|Win32
		{500F9A74-C176-4E57-9505-CD7AD61AFCF5}.Debug|x64.ActiveCfg = Debug|Win32
		{500F9A74-C176-4E57-9505-CD7AD61AFCF5}.Debug|x86.ActiveCfg = Debug|Win32
		{500F9A74-C176-4E57-9505-CD7AD61AFCF5}.Debug|x86.Build.0 = Debug|Win32
		{500F9A74-C176-4E57-9505-CD7AD61AFCF5}.DebugDLL|x64.ActiveCfg = Debug|Win32
		{500F9A74-C176-4E57-9505-CD7AD61AFCF5}.DebugDLL|x64.Build.0 = Debug|Win32
		{500F9A74-C176-4E57-9505-CD7AD61AFCF5}.DebugDLL|x86.ActiveCfg = Debug|Win32
		{500F9A74-C176-4E57-9505-CD7AD61AFCF5}.DebugDLL|x86.Build.0 = Debug|Win32
		{500F9A74-C176-4E57-9505-CD7AD61AFCF5}.DebugDLLWinRT|x64.ActiveCfg = Debug|Win32
		{500F9A74-C176-4E57-9505-CD7AD61AFCF5}.DebugDLLWinRT|x64.Build.0 = Debug|Win32
		{500F9A74-C176-4E57-9505-CD7AD61AFCF5}.DebugDLLWinRT|x86.ActiveCfg = Debug|Win32
		{500F9A74-C176-4E57-9505-CD7AD61AFCF5}.DebugDLLWinRT|x86.Build.0 = Debug|Win32
		{500F9A74-C176-4E57-9505-CD7AD61AFCF5}.DebugWinRT|x64.ActiveCfg = Debug|Win32
		{500F9A74-C176-4E57-9505-CD7AD61AFCF5}.DebugWinRT|x64.Build.0 = Debug|Win32
		{500F9A74-C176-4E57-9505-CD7AD61AFCF5}.DebugWinRT|x86.ActiveCfg = Debug|Win32
		{500F9A74-C176-4E57-9505-CD7AD61AFCF5}.DebugWinRT|x86.Build.0 = Debug|Win32
		{500F9A74-C176-4E57-9505-CD7AD61AFCF5}.MinSizeRel|x64.ActiveCfg = Debug|Win32
		{500F9A74-C176-4E57-9505-CD7AD61AFCF5}.MinSizeRel|x64.Build.0 = Debug|Win32
		{500F9A74-C176-4E57-9505-CD7AD61AFCF5}.MinSizeRel|x86.ActiveCfg = Debug|Win32
		{500F9A74-C176-4E57-9505-CD7AD61AFCF5}.MinSizeRel|x86.Build.0 = Debug|Win32
		{500F9A74-C176-4E57-9505-CD7AD61AFCF5}.Release|x64.ActiveCfg = Release|Win32
		{500F9A74-C176-4E57-9505-CD7AD61AFCF5}.Release|x86.ActiveCfg = Release|Win32
		{500F9A74-C176-4E57-9505-CD7AD61AFCF5}.Release|x86.Build.0 = Release|Win32
		{500F9A74-C176-4E57-9505-CD7AD61AFCF5}.ReleaseDLL|x64.ActiveCfg = Debug|Win32
		{500F9A74-C176-4E57-9505-CD7AD61AFCF5}.ReleaseDLL|x64.Build.0 = Debug|Win32
		{500F9A74-C176-4E57-9505-CD7AD61AFCF5}.ReleaseDLL|x86.ActiveCfg = Release|Win32
		{500F9A74-C176-4E57-9505-CD7AD61AFCF5}.ReleaseDLL|x86.Build.0 = Release|Win32
		{500F9A74-C176-4E57-9505-CD7AD61AFCF5}.ReleaseDLLStaticDeps|x64.ActiveCfg = Debug|Win32
		{500F9A74-C176-4E57-9505-CD7AD61AFCF5}.ReleaseDLLStaticDeps|x64.Build.0 = Debug|Win32
		{500F9A74-C176-4E57-9505-CD7AD61AFCF5}.ReleaseDLLStaticDeps|x86.ActiveCfg = Release|Win32
		{500F9A74-C176-4E57-9505-CD7AD61AFCF5}.ReleaseDLLStaticDeps|x86.Build.0 = Release|Win32
		{500F9A74-C176-4E57-9505-CD7AD61AFCF5}.ReleaseDLLWinRT|x64.ActiveCfg = Debug|Win32
		{500F9A74-C176-4E57-9505-CD7AD61AFCF5}.ReleaseDLLWinRT|x64.Build.0 = Debug|Win32
		{500F9A74-C176-4E57-9505-CD7AD61AFCF5}.ReleaseDLLWinRT|x86.ActiveCfg = Release|Win32
		{500F9A74-C176-4E57-9505-CD7AD61AFCF5}.ReleaseDLLWinRT|x86.Build.0 = Release|Win32
		{500F9A74-C176-4E57-9505-CD7AD61AFCF5}.ReleaseDLLWinRTStaticDeps|x64.ActiveCfg = Debug|Win32
		{500F9A74-C176-4E57-9505-CD7AD61AFCF5}.ReleaseDLLWinRTStaticDeps|x64.Build.0 = Debug|Win32
		{500F9A74-C176-4E57-9505-CD7AD61AFCF5}.ReleaseDLLWinRTStaticDeps|x86.ActiveCfg = Release|Win32
		{500F9A74-C176-4E57-9505-CD7AD61AFCF5}.ReleaseDLLWinRTStaticDeps|x86.Build.0 = Release|Win32
		{500F9A74-C176-4E57-9505-CD7AD61AFCF5}.ReleaseWinRT|x64.ActiveCfg = Debug|Win32
		{500F9A74-C176-4E57-9505-CD7AD61AFCF5}.ReleaseWinRT|x64.Build.0 = Debug|Win32
		{500F9A74-C176-4E57-9505-CD7AD61AFCF5}.ReleaseWinRT|x86.ActiveCfg = Release|Win32
		{500F9A74-C176-4E57-9505-CD7AD61AFCF5}.ReleaseWinRT|x86.Build.0 = Release|Win32
		{500F9A74-C176-4E57-9505-CD7AD61AFCF5}.RelWithDebInfo|x64.ActiveCfg = Debug|Win32
		{500F9A74-C176-4E57-9505-CD7AD61AFCF5}.RelWithDebInfo|x64.Build.0 = Debug|Win32
		{500F9A74-C176-4E57-9505-CD7AD61AFCF5}.RelWithDebInfo|x86.ActiveCfg = Release|Win32
		{500F9A74-C176-4E57-9505-CD7AD61AFCF5}.RelWithDebInfo|x86.Build.0 = Release|Win32
		{F1C30BBD-BA0D-47A0-A17A-FCF7B9C40222}.DEBUG_DLL|x64.ActiveCfg = Debug|Win32
		{F1C30BBD-BA0D-47A0-A17A-FCF7B9C40222}.DEBUG_DLL|x64.Build.0 = Debug|Win32
		{F1C30BBD-BA0D-47A0-A17A-FCF7B9C40222}.DEBUG_DLL|x86.ActiveCfg = DEBUG_WIN32_DLL|Win32
		{F1C30BBD-BA0D-47A0-A17A-FCF7B9C40222}.DEBUG_DLL|x86.Build.0 = DEBUG_WIN32_DLL|Win32
		{F1C30BBD-BA0D-47A0-A17A-FCF7B9C40222}.DEBUG_WIN32_DLL|x64.ActiveCfg = DEBUG_WIN32_DLL|Win32
		{F1C30BBD-BA0D-47A0-A17A-FCF7B9C40222}.DEBUG_WIN32_DLL|x86.ActiveCfg = DEBUG_WIN32_DLL|Win32
		{F1C30BBD-BA0D-47A0-A17A-FCF7B9C40222}.DEBUG_WIN32_DLL|x86.Build.0 = DEBUG_WIN32_DLL|Win32
		{F1C30BBD-BA0D-47A0-A17A-FCF7B9C40222}.DEBUG_WIN32|x64.ActiveCfg = Debug|Win32
		{F1C30BBD-BA0D-47A0-A17A-FCF7B9C40222}.DEBUG_WIN32|x64.Build.0 = Debug|Win32
		{F1C30BBD-BA0D-47A0-A17A-FCF7B9C40222}.DEBUG_WIN32|x86.ActiveCfg = DEBUG_WIN32_DLL|Win32
		{F1C30BBD-BA0D-47A0-A17A-FCF7B9C40222}.DEBUG_WIN32|x86.Build.0 = DEBUG_WIN32_DLL|Win32
		{F1C30BBD-BA0D-47A0-A17A-FCF7B9C40222}.Debug|x64.ActiveCfg = Debug|Win32
		{F1C30BBD-BA0D-47A0-A17A-FCF7B9C40222}.Debug|x86.ActiveCfg = Debug|Win32
		{F1C30BBD-BA0D-47A0-A17A-FCF7B9C40222}.Debug|x86.Build.0 = Debug|Win32
		{F1C30BBD-BA0D-47A0-A17A-FCF7B9C40222}.DebugDLL|x64.ActiveCfg = Debug|Win32
		{F1C30BBD-BA0D-47A0-A17A-FCF7B9C40222}.DebugDLL|x64.Build.0 = Debug|Win32
		{F1C30BBD-BA0D-47A0-A17A-FCF7B9C40222}.DebugDLL|x86.ActiveCfg = Debug|Win32
		{F1C30BBD-BA0D-47A0-A17A-FCF7B9C40222}.DebugDLL|x86.Build.0 = Debug|Win32
		{F1C30BBD-BA0D-47A0-A17A-FCF7B9C40222}.DebugDLLWinRT|x64.ActiveCfg = Debug|Win32
		{F1C30BBD-BA0D-47A0-A17A-FCF7B9C40222}.DebugDLLWinRT|x64.Build.0 = Debug|Win32
		{F1C30BBD-BA0D-47A0-A17A-FCF7B9C40222}.DebugDLLWinRT|x86.ActiveCfg = Debug|Win32
		{F1C30BBD-BA0D-47A0-A17A-FCF7B9C40222}.DebugDLLWinRT|x86.Build.0 = Debug|Win32
		{F1C30BBD-BA0D-47A0-A17A-FCF7B9C40222}.DebugWinRT|x64.ActiveCfg = Debug|Win32
		{F1C30BBD-BA0D-47A0-A17A-FCF7B9C40222}.DebugWinRT|x64.Build.0 = Debug|Win32
		{F1C30BBD-BA0D-47A0-A17A-FCF7B9C40222}.DebugWinRT|x86.ActiveCfg = Debug|Win32
		{F1C30BBD-BA0D-47A0-A17A-FCF7B9C40222}.DebugWinRT|x86.Build.0 = Debug|Win32
		{F1C30BBD-BA0D-47A0-A17A-FCF7B9C40222}.MinSizeRel|x64.ActiveCfg = Debug|Win32
		{F1C30BBD-BA0D-47A0-A17A-FCF7B9C40222}.MinSizeRel|x64.Build.0 = Debug|Win32
		{F1C30BBD-BA0D-47A0-A17A-FCF7B9C40222}.MinSizeRel|x86.ActiveCfg = Debug|Win32
		{F1C30BBD-BA0D-47A0-A17A-FCF7B9C40222}.MinSizeRel|x86.Build.0 = Debug|Win32
		{F1C30BBD-BA0D-47A0-A17A-FCF7B9C40222}.Release|x64.ActiveCfg = Release|Win32
		{F1C30BBD-BA0D-47A0-A17A-FCF7B9C40222}.Release|x86.ActiveCfg = Release|Win32
		{F1C30BBD-BA0D-47A0-A17A-FCF7B9C40222}.Release|x86.Build.0 = Release|Win32
		{F1C30BBD-BA0D-47A0-A17A-FCF7B9C40222}.ReleaseDLL|x64.ActiveCfg = Debug|Win32
		{F1C30BBD-BA0D-47A0-A17A-FCF7B9C40222}.ReleaseDLL|x64.Build.0 = Debug|Win32
		{F1C30BBD-BA0D-47A0-A17A-FCF7B9C40222}.ReleaseDLL|x86.ActiveCfg = Release|Win32
		{F1C30BBD-BA0D-47A0-A17A-FCF7B9C40222}.ReleaseDLL|x86.Build.0 = Release|Win32
		{F1C30BBD-BA0D-47A0-A17A-FCF7B9C40222}.ReleaseDLLStaticDeps|x64.ActiveCfg = Debug|Win32
		{F1C30BBD-BA0D-47A0-A17A-FCF7B9C40222}.ReleaseDLLStaticDeps|x64.Build.0 = Debug|Win32
		{F1C30BBD-BA0D-47A0-A17A-FCF7B9C40222}.ReleaseDLLStaticDeps|x86.ActiveCfg = Release|Win32
		{F1C30BBD-BA0D-47A0-A17A-FCF7B9C40222}.ReleaseDLLStaticDeps|x86.Build.0 = Release|Win32
		{F1C30BBD-BA0D-47A0-A17A-FCF7B9C40222}.ReleaseDLLWinRT|x64.ActiveCfg = Debug|Win32
		{F1C30BBD-BA0D-47A0-A17A-FCF7B9C40222}.ReleaseDLLWinRT|x64.Build.0 = Debug|Win32
		{F1C30BBD-BA0D-47A0-A17A-FCF7B9C40222}.ReleaseDLLWinRT|x86.ActiveCfg = Release|Win32
		{F1C30BBD-BA0D-47A0-A17A-FCF7B9C40222}.ReleaseDLLWinRT|x86.Build.0 = Release|Win32
		{F1C30BBD-BA0D-47A0-A17A-FCF7B9C40222}.ReleaseDLLWinRTStaticDeps|x64.ActiveCfg = Debug|Win32
		{F1C30BBD-BA0D-47A0-A17A-FCF7B9C40222}.ReleaseDLLWinRTStaticDeps|x64.Build.0 = Debug|Win32
		{F1C30BBD-BA0D-47A0-A17A-FCF7B9C40222}.ReleaseDLLWinRTStaticDeps|x86.ActiveCfg = Release|Win32
		{F1C30BBD-BA0D-47A0-A17A-FCF7B9C40222}.ReleaseDLLWinRTStaticDeps|x86.Build.0 = Release|Win32
		{F1C30BBD-BA0D-47A0-A17A-FCF7B9C40222}.ReleaseWinRT|x64.ActiveCfg = Debug|Win32
		{F1C30BBD-BA0D-47A0-A17A-FCF7B9C40222}.ReleaseWinRT|x64.Build.0 = Debug|Win32
		{F1C30BBD-BA0D-47A0-A17A-FCF7B9C40222}.ReleaseWinRT|x86.ActiveCfg = Release|Win32
		{F1C30BBD-BA0D-47A0-A17A-FCF7B9C40222}.ReleaseWinRT|x86.Build.0 = Release|Win32
		{F1C30BBD-BA0D-47A0-A17A-FCF7B9C40222}.RelWithDebInfo|x64.ActiveCfg = Debug|Win32
		{F1C30BBD-BA0D-47A0-A17A-FCF7B9C40222}.RelWithDebInfo|x64.Build.0 = Debug|Win32
		{F1C30BBD-BA0D-47A0-A17A-FCF7B9C40222}.RelWithDebInfo|x86.ActiveCfg = Release|Win32
		{F1C30BBD-BA0D-47A0-A17A-FCF7B9C40222}.RelWithDebInfo|x86.Build.0 = Release|Win32
		{3CBBA42D-70F8-47EF-A304-35765E8AF6B6}.DEBUG_DLL|x64.ActiveCfg = Debug|Win32
		{3CBBA42D-70F8-47EF-A304-35765E8AF6B6}.DEBUG_DLL|x64.Build.0 = Debug|Win32
		{3CBBA42D-70F8-47EF-A304-35765E8AF6B6}.DEBUG_DLL|x86.ActiveCfg = Debug|Win32
		{3CBBA42D-70F8-47EF-A304-35765E8AF6B6}.DEBUG_DLL|x86.Build.0 = Debug|Win32
		{3CBBA42D-70F8-47EF-A304-35765E8AF6B6}.DEBUG_WIN32_DLL|x64.ActiveCfg = Debug|Win32
		{3CBBA42D-70F8-47EF-A304-35765E8AF6B6}.DEBUG_WIN32_DLL|x64.Build.0 = Debug|Win32
		{3CBBA42D-70F8-47EF-A304-35765E8AF6B6}.DEBUG_WIN32_DLL|x86.ActiveCfg = Debug|Win32
		{3CBBA42D-70F8-47EF-A304-35765E8AF6B6}.DEBUG_WIN32_DLL|x86.Build.0 = Debug|Win32
		{3CBBA42D-70F8-47EF-A304-35765E8AF6B6}.DEBUG_WIN32|x64.ActiveCfg = Debug|Win32
		{3CBBA42D-70F8-47EF-A304-35765E8AF6B6}.DEBUG_WIN32|x64.Build.0 = Debug|Win32
		{3CBBA42D-70F8-47EF-A304-35765E8AF6B6}.DEBUG_WIN32|x86.ActiveCfg = Debug|Win32
		{3CBBA42D-70F8-47EF-A304-35765E8AF6B6}.DEBUG_WIN32|x86.Build.0 = Debug|Win32
		{3CBBA42D-70F8-47EF-A304-35765E8AF6B6}.Debug|x64.ActiveCfg = Debug|Win32
		{3CBBA42D-70F8-47EF-A304-35765E8AF6B6}.Debug|x86.ActiveCfg = Debug|Win32
		{3CBBA42D-70F8-47EF-A304-35765E8AF6B6}.Debug|x86.Build.0 = Debug|Win32
		{3CBBA42D-70F8-47EF-A304-35765E8AF6B6}.DebugDLL|x64.ActiveCfg = Debug|Win32
		{3CBBA42D-70F8-47EF-A304-35765E8AF6B6}.DebugDLL|x64.Build.0 = Debug|Win32
		{3CBBA42D-70F8-47EF-A304-35765E8AF6B6}.DebugDLL|x86.ActiveCfg = Debug|Win32
		{3CBBA42D-70F8-47EF-A304-35765E8AF6B6}.DebugDLL|x86.Build.0 = Debug|Win32
		{3CBBA42D-70F8-47EF-A304-35765E8AF6B6}.DebugDLLWinRT|x64.ActiveCfg = Debug|Win32
		{3CBBA42D-70F8-47EF-A304-35765E8AF6B6}.DebugDLLWinRT|x64.Build.0 = Debug|Win32
		{3CBBA42D-70F8-47EF-A304-35765E8AF6B6}.DebugDLLWinRT|x86.ActiveCfg = Debug|Win32
		{3CBBA42D-70F8-47EF-A304-35765E8AF6B6}.DebugDLLWinRT|x86.Build.0 = Debug|Win32
		{3CBBA42D-70F8-47EF-A304-35765E8AF6B6}.DebugWinRT|x64.ActiveCfg = Debug|Win32
		{3CBBA42D-70F8-47EF-A304-35765E8AF6B6}.DebugWinRT|x64.Build.0 = Debug|Win32
		{3CBBA42D-70F8-47EF-A304-35765E8AF6B6}.DebugWinRT|x86.ActiveCfg = Debug|Win32
		{3CBBA42D-70F8-47EF-A304-35765E8AF6B6}.DebugWinRT|x86.Build.0 = Debug|Win32
		{3CBBA42D-70F8-47EF-A304-35765E8AF6B6}.MinSizeRel|x64.ActiveCfg = Debug|Win32
		{3CBBA42D-70F8-47EF-A304-35765E8AF6B6}.MinSizeRel|x64.Build.0 = Debug|Win32
		{3CBBA42D-70F8-47EF-A304-35765E8AF6B6}.MinSizeRel|x86.ActiveCfg = Debug|Win32
		{3CBBA42D-70F8-47EF-A304-35765E8AF6B6}.MinSizeRel|x86.Build.0 = Debug|Win32
		{3CBBA42D-70F8-47EF-A304-35765E8AF6B6}.Release|x64.ActiveCfg = Release|Win32
		{3CBBA42D-70F8-47EF-A304-35765E8AF6B6}.Release|x86.ActiveCfg = Release|Win32
		{3CBBA42D-70F8-47EF-A304-35765E8AF6B6}.Release|x86.Build.0 = Release|Win32
		{3CBBA42D-70F8-47EF-A304-35765E8AF6B6}.ReleaseDLL|x64.ActiveCfg = Debug|Win32
		{3CBBA42D-70F8-47EF-A304-35765E8AF6B6}.ReleaseDLL|x64.Build.0 = Debug|Win32
		{3CBBA42D-70F8-47EF-A304-35765E8AF6B6}.ReleaseDLL|x86.ActiveCfg = Release|Win32
		{3CBBA42D-70F8-47EF-A304-35765E8AF6B6}.ReleaseDLL|x86.Build.0 = Release|Win32
		{3CBBA42D-70F8-47EF-A304-35765E8AF6B6}.ReleaseDLLStaticDeps|x64.ActiveCfg = Debug|Win32
		{3CBBA42D-70F8-47EF-A304-35765E8AF6B6}.ReleaseDLLStaticDeps|x64.Build.0 = Debug|Win32
		{3CBBA42D-70F8-47EF-A304-35765E8AF6B6}.ReleaseDLLStaticDeps|x86.ActiveCfg = Release|Win32
		{3CBBA42D-70F8-47EF-A304-35765E8AF6B6}.ReleaseDLLStaticDeps|x86.Build.0 = Release|Win32
		{3CBBA42D-70F8-47EF-A304-35765E8AF6B6}.ReleaseDLLWinRT|x64.ActiveCfg = Debug|Win32
		{3CBBA42D-70F8-47EF-A304-35765E8AF6B6}.ReleaseDLLWinRT|x64.Build.0 = Debug|Win32
		{3CBBA42D-70F8-47EF-A304-35765E8AF6B6}.ReleaseDLLWinRT|x86.ActiveCfg = Release|Win32
		{3CBBA42D-70F8-47EF-A304-35765E8AF6B6}.ReleaseDLLWinRT|x86.Build.0 = Release|Win32
		{3CBBA42D-70F8-47EF-A304-35765E8AF6B6}.ReleaseDLLWinRTStaticDeps|x64.ActiveCfg = Debug|Win32
		{3CBBA42D-70F8-47EF-A304-35765E8AF6B6}.ReleaseDLLWinRTStaticDeps|x64.Build.0 = Debug|Win32
		{3CBBA42D-70F8-47EF-A304-35765E8AF6B6}.ReleaseDLLWinRTStaticDeps|x86.ActiveCfg = Release|Win32
		{3CBBA42D-70F8-47EF-A304-35765E8AF6B6}.ReleaseDLLWinRTStaticDeps|x86.Build.0 = Release|Win32
		{3CBBA42D-70F8-47EF-A304-35765E8AF6B6}.ReleaseWinRT|x64.ActiveCfg = Debug|Win32
		{3CBBA42D-70F8-47EF-A304-35765E8AF6B6}.ReleaseWinRT|x64.Build.0 = Debug|Win32
		{3CBBA42D-70F8-47EF-A304-35765E8AF6B6}.ReleaseWinRT|x86.ActiveCfg = Release|Win32
		{3CBBA42D-70F8-47EF-A304-35765E8AF6B6}.ReleaseWinRT|x86.Build.0 = Release|Win32
		{3CBBA42D-70F8-47EF-A304-35765E8AF6B6}.RelWithDebInfo|x64.ActiveCfg = Debug|Win32
		{3CBBA42D-70F8-47EF-A304-35765E8AF6B6}.RelWithDebInfo|x64.Build.0 = Debug|Win32
		{3CBBA42D-70F8-47EF-A304-35765E8AF6B6}.RelWithDebInfo|x86.ActiveCfg = Release|Win32
		{3CBBA42D-70F8-47EF-A304-35765E8AF6B6}.RelWithDebInfo|x86.Build.0 = Release|Win32
		{5DA5E59E-C5A3-40B0-BDBC-8AFE01BBFF9D}.DEBUG_DLL|x64.ActiveCfg = Debug|Win32
		{5DA5E59E-C5A3-40B0-BDBC-8AFE01BBFF9D}.DEBUG_DLL|x64.Build.0 = Debug|Win32
		{5DA5E59E-C5A3-40B0-BDBC-8AFE01BBFF9D}.DEBUG_DLL|x86.ActiveCfg = DEBUG_WIN32_DLL|Win32
		{5DA5E59E-C5A3-40B0-BDBC-8AFE01BBFF9D}.DEBUG_DLL|x86.Build.0 = DEBUG_WIN32_DLL|Win32
		{5DA5E59E-C5A3-40B0-BDBC-8AFE01BBFF9D}.DEBUG_WIN32_DLL|x64.ActiveCfg = DEBUG_WIN32_DLL|Win32
		{5DA5E59E-C5A3-40B0-BDBC-8AFE01BBFF9D}.DEBUG_WIN32_DLL|x86.ActiveCfg = DEBUG_WIN32_DLL|Win32
		{5DA5E59E-C5A3-40B0-BDBC-8AFE01BBFF9D}.DEBUG_WIN32_DLL|x86.Build.0 = DEBUG_WIN32_DLL|Win32
		{5DA5E59E-C5A3-40B0-BDBC-8AFE01BBFF9D}.DEBUG_WIN32|x64.ActiveCfg = Debug|Win32
		{5DA5E59E-C5A3-40B0-BDBC-8AFE01BBFF9D}.DEBUG_WIN32|x64.Build.0 = Debug|Win32
		{5DA5E59E-C5A3-40B0-BDBC-8AFE01BBFF9D}.DEBUG_WIN32|x86.ActiveCfg = DEBUG_WIN32_DLL|Win32
		{5DA5E59E-C5A3-40B0-BDBC-8AFE01BBFF9D}.DEBUG_WIN32|x86.Build.0 = DEBUG_WIN32_DLL|Win32
		{5DA5E59E-C5A3-40B0-BDBC-8AFE01BBFF9D}.Debug|x64.ActiveCfg = Debug|Win32
		{5DA5E59E-C5A3-40B0-BDBC-8AFE01BBFF9D}.Debug|x86.ActiveCfg = Debug|Win32
		{5DA5E59E-C5A3-40B0-BDBC-8AFE01BBFF9D}.Debug|x86.Build.0 = Debug|Win32
		{5DA5E59E-C5A3-40B0-BDBC-8AFE01BBFF9D}.DebugDLL|x64.ActiveCfg = Debug|Win32
		{5DA5E59E-C5A3-40B0-BDBC-8AFE01BBFF9D}.DebugDLL|x64.Build.0 = Debug|Win32
		{5DA5E59E-C5A3-40B0-BDBC-8AFE01BBFF9D}.DebugDLL|x86.ActiveCfg = Debug|Win32
		{5DA5E59E-C5A3-40B0-BDBC-8AFE01BBFF9D}.DebugDLL|x86.Build.0 = Debug|Win32
		{5DA5E59E-C5A3-40B0-BDBC-8AFE01BBFF9D}.DebugDLLWinRT|x64.ActiveCfg = Debug|Win32
		{5DA5E59E-C5A3-40B0-BDBC-8AFE01BBFF9D}.DebugDLLWinRT|x64.Build.0 = Debug|Win32
		{5DA5E59E-C5A3-40B0-BDBC-8AFE01BBFF9D}.DebugDLLWinRT|x86.ActiveCfg = Debug|Win32
		{5DA5E59E-C5A3-40B0-BDBC-8AFE01BBFF9D}.DebugDLLWinRT|x86.Build.0 = Debug|Win32
		{5DA5E59E-C5A3-40B0-BDBC-8AFE01BBFF9D}.DebugWinRT|x64.ActiveCfg = Debug|Win32
		{5DA5E59E-C5A3-40B0-BDBC-8AFE01BBFF9D}.DebugWinRT|x64.Build.0 = Debug|Win32
		{5DA5E59E-C5A3-40B0-BDBC-8AFE01BBFF9D}.DebugWinRT|x86.ActiveCfg = Debug|Win32
		{5DA5E59E-C5A3-40B0-BDBC-8AFE01BBFF9D}.DebugWinRT|x86.Build.0 = Debug|Win32
		{5DA5E59E-C5A3-40B0-BDBC-8AFE01BBFF9D}.MinSizeRel|x64.ActiveCfg = Debug|Win32
		{5DA5E59E-C5A3-40B0-BDBC-8AFE01BBFF9D}.MinSizeRel|x64.Build.0 = Debug|Win32
		{5DA5E59E-C5A3-40B0-BDBC-8AFE01BBFF9D}.MinSizeRel|x86.ActiveCfg = Debug|Win32
		{5DA5E59E-C5A3-40B0-BDBC-8AFE01BBFF9D}.MinSizeRel|x86.Build.0 = Debug|Win32
		{5DA5E59E-C5A3-40B0-BDBC-8AFE01BBFF9D}.Release|x64.ActiveCfg = Release|Win32
		{5DA5E59E-C5A3-40B0-BDBC-8AFE01BBFF9D}.Release|x86.ActiveCfg = Release|Win32
		{5DA5E59E-C5A3-40B0-BDBC-8AFE01BBFF9D}.Release|x86.Build.0 = Release|Win32
		{5DA5E59E-C5A3-40B0-BDBC-8AFE01BBFF9D}.ReleaseDLL|x64.ActiveCfg = Debug|Win32
		{5DA5E59E-C5A3-40B0-BDBC-8AFE01BBFF9D}.ReleaseDLL|x64.Build.0 = Debug|Win32
		{5DA5E59E-C5A3-40B0-BDBC-8AFE01BBFF9D}.ReleaseDLL|x86.ActiveCfg = Release|Win32
		{5DA5E59E-C5A3-40B0-BDBC-8AFE01BBFF9D}.ReleaseDLL|x86.Build.0 = Release|Win32
		{5DA5E59E-C5A3-40B0-BDBC-8AFE01BBFF9D}.ReleaseDLLStaticDeps|x64.ActiveCfg = Debug|Win32
		{5DA5E59E-C5A3-40B0-BDBC-8AFE01BBFF9D}.ReleaseDLLStaticDeps|x64.Build.0 = Debug|Win32
		{5DA5E59E-C5A3-40B0-BDBC-8AFE01BBFF9D}.ReleaseDLLStaticDeps|x86.ActiveCfg = Release|Win32
		{5DA5E59E-C5A3-40B0-BDBC-8AFE01BBFF9D}.ReleaseDLLStaticDeps|x86.Build.0 = Release|Win32
		{5DA5E59E-C5A3-40B0-BDBC-8AFE01BBFF9D}.ReleaseDLLWinRT|x64.ActiveCfg = Debug|Win32
		{5DA5E59E-C5A3-40B0-BDBC-8AFE01BBFF9D}.ReleaseDLLWinRT|x64.Build.0 = Debug|Win32
		{5DA5E59E-C5A3-40B0-BDBC-8AFE01BBFF9D}.ReleaseDLLWinRT|x86.ActiveCfg = Release|Win32
		{5DA5E59E-C5A3-40B0-BDBC-8AFE01BBFF9D}.ReleaseDLLWinRT|x86.Build.0 = Release|Win32
		{5DA5E59E-C5A3-40B0-BDBC-8AFE01BBFF9D}.ReleaseDLLWinRTStaticDeps|x64.ActiveCfg = Debug|Win32
		{5DA5E59E-C5A3-40B0-BDBC-8AFE01BBFF9D}.ReleaseDLLWinRTStaticDeps|x64.Build.0 = Debug|Win32
		{5DA5E59E-C5A3-40B0-BDBC-8AFE01BBFF9D}.ReleaseDLLWinRTStaticDeps|x86.ActiveCfg = Release|Win32
		{5DA5E59E-C5A3-40B0-BDBC-8AFE01BBFF9D}.ReleaseDLLWinRTStaticDeps|x86.Build.0 = Release|Win32
		{5DA5E59E-C5A3-40B0-BDBC-8AFE01BBFF9D}.ReleaseWinRT|x64.ActiveCfg = Debug|Win32
		{5DA5E59E-C5A3-40B0-BDBC-8AFE01BBFF9D}.ReleaseWinRT|x64.Build.0 = Debug|Win32
		{5DA5E59E-C5A3-40B0-BDBC-8AFE01BBFF9D}.ReleaseWinRT|x86.ActiveCfg = Release|Win32
		{5DA5E59E-C5A3-40B0-BDBC-8AFE01BBFF9D}.ReleaseWinRT|x86.Build.0 = Release|Win32
		{5DA5E59E-C5A3-40B0-BDBC-8AFE01BBFF9D}.RelWithDebInfo|x64.ActiveCfg = Debug|Win32
		{5DA5E59E-C5A3-40B0-BDBC-8AFE01BBFF9D}.RelWithDebInfo|x64.Build.0 = Debug|Win32
		{5DA5E59E-C5A3-40B0-BDBC-8AFE01BBFF9D}.RelWithDebInfo|x86.ActiveCfg = Release|Win32
		{5DA5E59E-C5A3-40B0-BDBC-8AFE01BBFF9D}.RelWithDebInfo|x86.Build.0 = Release|Win32
		{07645D9C-AADA-4F7C-AD19-DBB8DE93F9EC}.DEBUG_DLL|x64.ActiveCfg = Debug|Win32
		{07645D9C-AADA-4F7C-AD19-DBB8DE93F9EC}.DEBUG_DLL|x64.Build.0 = Debug|Win32
		{07645D9C-AADA-4F7C-AD19-DBB8DE93F9EC}.DEBUG_DLL|x86.ActiveCfg = Debug|Win32
		{07645D9C-AADA-4F7C-AD19-DBB8DE93F9EC}.DEBUG_DLL|x86.Build.0 = Debug|Win32
		{07645D9C-AADA-4F7C-AD19-DBB8DE93F9EC}.DEBUG_WIN32_DLL|x64.ActiveCfg = Debug|Win32
		{07645D9C-AADA-4F7C-AD19-DBB8DE93F9EC}.DEBUG_WIN32_DLL|x64.Build.0 = Debug|Win32
		{07645D9C-AADA-4F7C-AD19-DBB8DE93F9EC}.DEBUG_WIN32_DLL|x86.ActiveCfg = Debug|Win32
		{07645D9C-AADA-4F7C-AD19-DBB8DE93F9EC}.DEBUG_WIN32_DLL|x86.Build.0 = Debug|Win32
		{07645D9C-AADA-4F7C-AD19-DBB8DE93F9EC}.DEBUG_WIN32|x64.ActiveCfg = Debug|Win32
		{07645D9C-AADA-4F7C-AD19-DBB8DE93F9EC}.DEBUG_WIN32|x64.Build.0 = Debug|Win32
		{07645D9C-AADA-4F7C-AD19-DBB8DE93F9EC}.DEBUG_WIN32|x86.ActiveCfg = Debug|Win32
		{07645D9C-AADA-4F7C-AD19-DBB8DE93F9EC}.DEBUG_WIN32|x86.Build.0 = Debug|Win32
		{07645D9C-AADA-4F7C-AD19-DBB8DE93F9EC}.Debug|x64.ActiveCfg = Debug|Win32
		{07645D9C-AADA-4F7C-AD19-DBB8DE93F9EC}.Debug|x86.ActiveCfg = Debug|Win32
		{07645D9C-AADA-4F7C-AD19-DBB8DE93F9EC}.Debug|x86.Build.0 = Debug|Win32
		{07645D9C-AADA-4F7C-AD19-DBB8DE93F9EC}.DebugDLL|x64.ActiveCfg = Debug|Win32
		{07645D9C-AADA-4F7C-AD19-DBB8DE93F9EC}.DebugDLL|x64.Build.0 = Debug|Win32
		{07645D9C-AADA-4F7C-AD19-DBB8DE93F9EC}.DebugDLL|x86.ActiveCfg = Debug|Win32
		{07645D9C-AADA-4F7C-AD19-DBB8DE93F9EC}.DebugDLL|x86.Build.0 = Debug|Win32
		{07645D9C-AADA-4F7C-AD19-DBB8DE93F9EC}.DebugDLLWinRT|x64.ActiveCfg = Debug|Win32
		{07645D9C-AADA-4F7C-AD19-DBB8DE93F9EC}.DebugDLLWinRT|x64.Build.0 = Debug|Win32
		{07645D9C-AADA-4F7C-AD19-DBB8DE93F9EC}.DebugDLLWinRT|x86.ActiveCfg = Debug|Win32
		{07645D9C-AADA-4F7C-AD19-DBB8DE93F9EC}.DebugDLLWinRT|x86.Build.0 = Debug|Win32
		{07645D9C-AADA-4F7C-AD19-DBB8DE93F9EC}.DebugWinRT|x64.ActiveCfg = Debug|Win32
		{07645D9C-AADA-4F7C-AD19-DBB8DE93F9EC}.DebugWinRT|x64.Build.0 = Debug|Win32
		{07645D9C-AADA-4F7C-AD19-DBB8DE93F9EC}.DebugWinRT|x86.ActiveCfg = Debug|Win32
		{07645D9C-AADA-4F7C-AD19-DBB8DE93F9EC}.DebugWinRT|x86.Build.0 = Debug|Win32
		{07645D9C-AADA-4F7C-AD19-DBB8DE93F9EC}.MinSizeRel|x64.ActiveCfg = Debug|Win32
		{07645D9C-AADA-4F7C-AD19-DBB8DE93F9EC}.MinSizeRel|x64.Build.0 = Debug|Win32
		{07645D9C-AADA-4F7C-AD19-DBB8DE93F9EC}.MinSizeRel|x86.ActiveCfg = Debug|Win32
		{07645D9C-AADA-4F7C-AD19-DBB8DE93F9EC}.MinSizeRel|x86.Build.0 = Debug|Win32
		{07645D9C-AADA-4F7C-AD19-DBB8DE93F9EC}.Release|x64.ActiveCfg = Release|Win32
		{07645D9C-AADA-4F7C-AD19-DBB8DE93F9EC}.Release|x86.ActiveCfg = Release|Win32
		{07645D9C-AADA-4F7C-AD19-DBB8DE93F9EC}.Release|x86.Build.0 = Release|Win32
		{07645D9C-AADA-4F7C-AD19-DBB8DE93F9EC}.ReleaseDLL|x64.ActiveCfg = Debug|Win32
		{07645D9C-AADA-4F7C-AD19-DBB8DE93F9EC}.ReleaseDLL|x64.Build.0 = Debug|Win32
		{07645D9C-AADA-4F7C-AD19-DBB8DE93F9EC}.ReleaseDLL|x86.ActiveCfg = Release|Win32
		{07645D9C-AADA-4F7C-AD19-DBB8DE93F9EC}.ReleaseDLL|x86.Build.0 = Release|Win32
		{07645D9C-AADA-4F7C-AD19-DBB8DE93F9EC}.ReleaseDLLStaticDeps|x64.ActiveCfg = Debug|Win32
		{07645D9C-AADA-4F7C-AD19-DBB8DE93F9EC}.ReleaseDLLStaticDeps|x64.Build.0 = Debug|Win32
		{07645D9C-AADA-4F7C-AD19-DBB8DE93F9EC}.ReleaseDLLStaticDeps|x86.ActiveCfg = Release|Win32
		{07645D9C-AADA-4F7C-AD19-DBB8DE93F9EC}.ReleaseDLLStaticDeps|x86.Build.0 = Release|Win32
		{07645D9C-AADA-4F7C-AD19-DBB8DE93F9EC}.ReleaseDLLWinRT|x64.ActiveCfg = Debug|Win32
		{07645D9C-AADA-4F7C-AD19-DBB8DE93F9EC}.ReleaseDLLWinRT|x64.Build.0 = Debug|Win32
		{07645D9C-AADA-4F7C-AD19-DBB8DE93F9EC}.ReleaseDLLWinRT|x86.ActiveCfg = Release|Win32
		{07645D9C-AADA-4F7C-AD19-DBB8DE93F9EC}.ReleaseDLLWinRT|x86.Build.0 = Release|Win32
		{07645D9C-AADA-4F7C-AD19-DBB8DE93F9EC}.ReleaseDLLWinRTStaticDeps|x64.ActiveCfg = Debug|Win32
		{07645D9C-AADA-4F7C-AD19-DBB8DE93F9EC}.ReleaseDLLWinRTStaticDeps|x64.Build.0 = Debug|Win32
		{07645D9C-AADA-4F7C-AD19-DBB8DE93F9EC}.ReleaseDLLWinRTStaticDeps|x86.ActiveCfg = Release|Win32
		{07645D9C-AADA-4F7C-AD19-DBB8DE93F9EC}.ReleaseDLLWinRTStaticDeps|x86.Build.0 = Release|Win32
		{07645D9C-AADA-4F7C-AD19-DBB8DE93F9EC}.ReleaseWinRT|x64.ActiveCfg = Debug|Win32
		{07645D9C-AADA-4F7C-AD19-DBB8DE93F9EC}.ReleaseWinRT|x64.Build.0 = Debug|Win32
		{07645D9C-AADA-4F7C-AD19-DBB8DE93F9EC}.ReleaseWinRT|x86.ActiveCfg = Release|Win32
		{07645D9C-AADA-4F7C-AD19-DBB8DE93F9EC}.ReleaseWinRT|x86.Build.0 = Release|Win32
		{07645D9C-AADA-4F7C-AD19-DBB8DE93F9EC}.RelWithDebInfo|x64.ActiveCfg = Debug|Win32
		{07645D9C-AADA-4F7C-AD19-DBB8DE93F9EC}.RelWithDebInfo|x64.Build.0 = Debug|Win32
		{07645D9C-AADA-4F7C-AD19-DBB8DE93F9EC}.RelWithDebInfo|x86.ActiveCfg = Release|Win32
		{07645D9C-AADA-4F7C-AD19-DBB8DE93F9EC}.RelWithDebInfo|x86.Build.0 = Release|Win32
		{8331F640-F6C7-4E9E-930B-11100518B8C9}.DEBUG_DLL|x64.ActiveCfg = Debug|Win32
		{8331F640-F6C7-4E9E-930B-11100518B8C9}.DEBUG_DLL|x64.Build.0 = Debug|Win32
		{8331F640-F6C7-4E9E-930B-11100518B8C9}.DEBUG_DLL|x86.ActiveCfg = DEBUG_WIN32_DLL|Win32
		{8331F640-F6C7-4E9E-930B-11100518B8C9}.DEBUG_DLL|x86.Build.0 = DEBUG_WIN32_DLL|Win32
		{8331F640-F6C7-4E9E-930B-11100518B8C9}.DEBUG_WIN32_DLL|x64.ActiveCfg = DEBUG_WIN32_DLL|Win32
		{8331F640-F6C7-4E9E-930B-11100518B8C9}.DEBUG_WIN32_DLL|x86.ActiveCfg = DEBUG_WIN32_DLL|Win32
		{8331F640-F6C7-4E9E-930B-11100518B8C9}.DEBUG_WIN32_DLL|x86.Build.0 = DEBUG_WIN32_DLL|Win32
		{8331F640-F6C7-4E9E-930B-11100518B8C9}.DEBUG_WIN32|x64.ActiveCfg = Debug|Win32
		{8331F640-F6C7-4E9E-930B-11100518B8C9}.DEBUG_WIN32|x64.Build.0 = Debug|Win32
		{8331F640-F6C7-4E9E-930B-11100518B8C9}.DEBUG_WIN32|x86.ActiveCfg = DEBUG_WIN32_DLL|Win32
		{8331F640-F6C7-4E9E-930B-11100518B8C9}.DEBUG_WIN32|x86.Build.0 = DEBUG_WIN32_DLL|Win32
		{8331F640-F6C7-4E9E-930B-11100518B8C9}.Debug|x64.ActiveCfg = Debug|Win32
		{8331F640-F6C7-4E9E-930B-11100518B8C9}.Debug|x86.ActiveCfg = Debug|Win32
		{8331F640-F6C7-4E9E-930B-11100518B8C9}.Debug|x86.Build.0 = Debug|Win32
		{8331F640-F6C7-4E9E-930B-11100518B8C9}.DebugDLL|x64.ActiveCfg = Debug|Win32
		{8331F640-F6C7-4E9E-930B-11100518B8C9}.DebugDLL|x64.Build.0 = Debug|Win32
		{8331F640-F6C7-4E9E-930B-11100518B8C9}.DebugDLL|x86.ActiveCfg = Debug|Win32
		{8331F640-F6C7-4E9E-930B-11100518B8C9}.DebugDLL|x86.Build.0 = Debug|Win32
		{8331F640-F6C7-4E9E-930B-11100518B8C9}.DebugDLLWinRT|x64.ActiveCfg = Debug|Win32
		{8331F640-F6C7-4E9E-930B-11100518B8C9}.DebugDLLWinRT|x64.Build.0 = Debug|Win32
		{8331F640-F6C7-4E9E-930B-11100518B8C9}.DebugDLLWinRT|x86.ActiveCfg = Debug|Win32
		{8331F640-F6C7-4E9E-930B-11100518B8C9}.DebugDLLWinRT|x86.Build.0 = Debug|Win32
		{8331F640-F6C7-4E9E-930B-11100518B8C9}.DebugWinRT|x64.ActiveCfg = Debug|Win32
		{8331F640-F6C7-4E9E-930B-11100518B8C9}.DebugWinRT|x64.Build.0 = Debug|Win32
		{8331F640-F6C7-4E9E-930B-11100518B8C9}.DebugWinRT|x86.ActiveCfg = Debug|Win32
		{8331F640-F6C7-4E9E-930B-11100518B8C9}.DebugWinRT|x86.Build.0 = Debug|Win32
		{8331F640-F6C7-4E9E-930B-11100518B8C9}.MinSizeRel|x64.ActiveCfg = Debug|Win32
		{8331F640-F6C7-4E9E-930B-11100518B8C9}.MinSizeRel|x64.Build.0 = Debug|Win32
		{8331F640-F6C7-4E9E-930B-11100518B8C9}.MinSizeRel|x86.ActiveCfg = Debug|Win32
		{8331F640-F6C7-4E9E-930B-11100518B8C9}.MinSizeRel|x86.Build.0 = Debug|Win32
		{8331F640-F6C7-4E9E-930B-11100518B8C9}.Release|x64.ActiveCfg = Release|Win32
		{8331F640-F6C7-4E9E-930B-11100518B8C9}.Release|x86.ActiveCfg = Release|Win32
		{8331F640-F6C7-4E9E-930B-11100518B8C9}.Release|x86.Build.0 = Release|Win32
		{8331F640-F6C7-4E9E-930B-11100518B8C9}.ReleaseDLL|x64.ActiveCfg = Debug|Win32
		{8331F640-F6C7-4E9E-930B-11100518B8C9}.ReleaseDLL|x64.Build.0 = Debug|Win32
		{8331F640-F6C7-4E9E-930B-11100518B8C9}.ReleaseDLL|x86.ActiveCfg = Release|Win32
		{8331F640-F6C7-4E9E-930B-11100518B8C9}.ReleaseDLL|x86.Build.0 = Release|Win32
		{8331F640-F6C7-4E9E-930B-11100518B8C9}.ReleaseDLLStaticDeps|x64.ActiveCfg = Debug|Win32
		{8331F640-F6C7-4E9E-930B-11100518B8C9}.ReleaseDLLStaticDeps|x64.Build.0 = Debug|Win32
		{8331F640-F6C7-4E9E-930B-11100518B8C9}.ReleaseDLLStaticDeps|x86.ActiveCfg = Release|Win32
		{8331F640-F6C7-4E9E-930B-11100518B8C9}.ReleaseDLLStaticDeps|x86.Build.0 = Release|Win32
		{8331F640-F6C7-4E9E-930B-11100518B8C9}.ReleaseDLLWinRT|x64.ActiveCfg = Debug|Win32
		{8331F640-F6C7-4E9E-930B-11100518B8C9}.ReleaseDLLWinRT|x64.Build.0 = Debug|Win32
		{8331F640-F6C7-4E9E-930B-11100518B8C9}.ReleaseDLLWinRT|x86.ActiveCfg = Release|Win32
		{8331F640-F6C7-4E9E-930B-11100518B8C9}.ReleaseDLLWinRT|x86.Build.0 = Release|Win32
		{8331F640-F6C7-4E9E-930B-11100518B8C9}.ReleaseDLLWinRTStaticDeps|x64.ActiveCfg = Debug|Win32
		{8331F640-F6C7-4E9E-930B-11100518B8C9}.ReleaseDLLWinRTStaticDeps|x64.Build.0 = Debug|Win32
		{8331F640-F6C7-4E9E-930B-11100518B8C9}.ReleaseDLLWinRTStaticDeps|x86.ActiveCfg = Release|Win32
		{8331F640-F6C7-4E9E-930B-11100518B8C9}.ReleaseDLLWinRTStaticDeps|x86.Build.0 = Release|Win32
		{8331F640-F6C7-4E9E-930B-11100518B8C9}.ReleaseWinRT|x64.ActiveCfg = Debug|Win32
		{8331F640-F6C7-4E9E-930B-11100518B8C9}.ReleaseWinRT|x64.Build.0 = Debug|Win32
		{8331F640-F6C7-4E9E-930B-11100518B8C9}.ReleaseWinRT|x86.ActiveCfg = Release|Win32
		{8331F640-F6C7-4E9E-930B-11100518B8C9}.ReleaseWinRT|x86.Build.0 = Release|Win32
		{8331F640-F6C7-4E9E-930B-11100518B8C9}.RelWithDebInfo|x64.ActiveCfg = Debug|Win32
		{8331F640-F6C7-4E9E-930B-11100518B8C9}.RelWithDebInfo|x64.Build.0 = Debug|Win32
		{8331F640-F6C7-4E9E-930B-11100518B8C9}.RelWithDebInfo|x86.ActiveCfg = Release|Win32
		{8331F640-F6C7-4E9E-930B-11100518B8C9}.RelWithDebInfo|x86.Build.0 = Release|Win32
		{180F79AD-E266-434B-BE1B-B3F00550841C}.DEBUG_DLL|x64.ActiveCfg = Debug|Win32
		{180F79AD-E266-434B-BE1B-B3F00550841C}.DEBUG_DLL|x64.Build.0 = Debug|Win32
		{180F79AD-E266-434B-BE1B-B3F00550841C}.DEBUG_DLL|x86.ActiveCfg = Debug|Win32
		{180F79AD-E266-434B-BE1B-B3F00550841C}.DEBUG_DLL|x86.Build.0 = Debug|Win32
		{180F79AD-E266-434B-BE1B-B3F00550841C}.DEBUG_WIN32_DLL|x64.ActiveCfg = Debug|Win32
		{180F79AD-E266-434B-BE1B-B3F00550841C}.DEBUG_WIN32_DLL|x64.Build.0 = Debug|Win32
		{180F79AD-E266-434B-BE1B-B3F00550841C}.DEBUG_WIN32_DLL|x86.ActiveCfg = Debug|Win32
		{180F79AD-E266-434B-BE1B-B3F00550841C}.DEBUG_WIN32_DLL|x86.Build.0 = Debug|Win32
		{180F79AD-E266-434B-BE1B-B3F00550841C}.DEBUG_WIN32|x64.ActiveCfg = Debug|Win32
		{180F79AD-E266-434B-BE1B-B3F00550841C}.DEBUG_WIN32|x64.Build.0 = Debug|Win32
		{180F79AD-E266-434B-BE1B-B3F00550841C}.DEBUG_WIN32|x86.ActiveCfg = Debug|Win32
		{180F79AD-E266-434B-BE1B-B3F00550841C}.DEBUG_WIN32|x86.Build.0 = Debug|Win32
		{180F79AD-E266-434B-BE1B-B3F00550841C}.Debug|x64.ActiveCfg = Debug|Win32
		{180F79AD-E266-434B-BE1B-B3F00550841C}.Debug|x86.ActiveCfg = Debug|Win32
		{180F79AD-E266-434B-BE1B-B3F00550841C}.Debug|x86.Build.0 = Debug|Win32
		{180F79AD-E266-434B-BE1B-B3F00550841C}.DebugDLL|x64.ActiveCfg = Debug|Win32
		{180F79AD-E266-434B-BE1B-B3F00550841C}.DebugDLL|x64.Build.0 = Debug|Win32
		{180F79AD-E266-434B-BE1B-B3F00550841C}.DebugDLL|x86.ActiveCfg = Debug|Win32
		{180F79AD-E266-434B-BE1B-B3F00550841C}.DebugDLL|x86.Build.0 = Debug|Win32
		{180F79AD-E266-434B-BE1B-B3F00550841C}.DebugDLLWinRT|x64.ActiveCfg = Debug|Win32
		{180F79AD-E266-434B-BE1B-B3F00550841C}.DebugDLLWinRT|x64.Build.0 = Debug|Win32
		{180F79AD-E266-434B-BE1B-B3F00550841C}.DebugDLLWinRT|x86.ActiveCfg = Debug|Win32
		{180F79AD-E266-434B-BE1B-B3F00550841C}.DebugDLLWinRT|x86.Build.0 = Debug|Win32
		{180F79AD-E266-434B-BE1B-B3F00550841C}.DebugWinRT|x64.ActiveCfg = Debug|Win32
		{180F79AD-E266-434B-BE1B-B3F00550841C}.DebugWinRT|x64.Build.0 = Debug|Win32
		{180F79AD-E266-434B-BE1B-B3F00550841C}.DebugWinRT|x86.ActiveCfg = Debug|Win32
		{180F79AD-E266-434B-BE1B-B3F00550841C}.DebugWinRT|x86.Build.0 = Debug|Win32
		{180F79AD-E266-434B-BE1B-B3F00550841C}.MinSizeRel|x64.ActiveCfg = Debug|Win32
		{180F79AD-E266-434B-BE1B-B3F00550841C}.MinSizeRel|x64.Build.0 = Debug|Win32
		{180F79AD-E266-434B-BE1B-B3F00550841C}.MinSizeRel|x86.ActiveCfg = Debug|Win32
		{180F79AD-E266-434B-BE1B-B3F00550841C}.MinSizeRel|x86.Build.0 = Debug|Win32
		{180F79AD-E266-434B-BE1B-B3F00550841C}.Release|x64.ActiveCfg = Release|Win32
		{180F79AD-E266-434B-BE1B-B3F00550841C}.Release|x86.ActiveCfg = Release|Win32
		{180F79AD-E266-434B-BE1B-B3F00550841C}.Release|x86.Build.0 = Release|Win32
		{180F79AD-E266-434B-BE1B-B3F00550841C}.ReleaseDLL|x64.ActiveCfg = Debug|Win32
		{180F79AD-E266-434B-BE1B-B3F00550841C}.ReleaseDLL|x64.Build.0 = Debug|Win32
		{180F79AD-E266-434B-BE1B-B3F00550841C}.ReleaseDLL|x86.ActiveCfg = Release|Win32
		{180F79AD-E266-434B-BE1B-B3F00550841C}.ReleaseDLL|x86.Build.0 = Release|Win32
		{180F79AD-E266-434B-BE1B-B3F00550841C}.ReleaseDLLStaticDeps|x64.ActiveCfg = Debug|Win32
		{180F79AD-E266-434B-BE1B-B3F00550841C}.ReleaseDLLStaticDeps|x64.Build.0 = Debug|Win32
		{180F79AD-E266-434B-BE1B-B3F00550841C}.ReleaseDLLStaticDeps|x86.ActiveCfg = Release|Win32
		{180F79AD-E266-434B-BE1B-B3F00550841C}.ReleaseDLLStaticDeps|x86.Build.0 = Release|Win32
		{180F79AD-E266-434B-BE1B-B3F00550841C}.ReleaseDLLWinRT|x64.ActiveCfg = Debug|Win32
		{180F79AD-E266-434B-BE1B-B3F00550841C}.ReleaseDLLWinRT|x64.Build.0 = Debug|Win32
		{180F79AD-E266-434B-BE1B-B3F00550841C}.ReleaseDLLWinRT|x86.ActiveCfg = Release|Win32
		{180F79AD-E266-434B-BE1B-B3F00550841C}.ReleaseDLLWinRT|x86.Build.0 = Release|Win32
		{180F79AD-E266-434B-BE1B-B3F00550841C}.ReleaseDLLWinRTStaticDeps|x64.ActiveCfg = Debug|Win32
		{180F79AD-E266-434B-BE1B-B3F00550841C}.ReleaseDLLWinRTStaticDeps|x64.Build.0 = Debug|Win32
		{180F79AD-E266-434B-BE1B-B3F00550841C}.ReleaseDLLWinRTStaticDeps|x86.ActiveCfg = Release|Win32
		{180F79AD-E266-434B-BE1B-B3F00550841C}.ReleaseDLLWinRTStaticDeps|x86.Build.0 = Release|Win32
		{180F79AD-E266-434B-BE1B-B3F00550841C}.ReleaseWinRT|x64.ActiveCfg = Debug|Win32
		{180F79AD-E266-434B-BE1B-B3F00550841C}.ReleaseWinRT|x64.Build.0 = Debug|Win32
		{180F79AD-E266-434B-BE1B-B3F00550841C}.ReleaseWinRT|x86.ActiveCfg = Release|Win32
		{180F79AD-E266-434B-BE1B-B3F00550841C}.ReleaseWinRT|x86.Build.0 = Release|Win32
		{180F79AD-E266-434B-BE1B-B3F00550841C}.RelWithDebInfo|x64.ActiveCfg = Debug|Win32
		{180F79AD-E266-434B-BE1B-B3F00550841C}.RelWithDebInfo|x64.Build.0 = Debug|Win32
		{180F79AD-E266-434B-BE1B-B3F00550841C}.RelWithDebInfo|x86.ActiveCfg = Release|Win32
		{180F79AD-E266-434B-BE1B-B3F00550841C}.RelWithDebInfo|x86.Build.0 = Release|Win32
	EndGlobalSection
	GlobalSection(SolutionProperties) = preSolution
		HideSolutionNode = FALSE
	EndGlobalSection
	GlobalSection(NestedProjects) = preSolution
		{5D13478C-D0CF-42CD-94A6-6887201843BF} = {27C1F6E0-9FF3-4D04-9AB4-062DD4042826}
		{B5BF46E0-EB40-4EAD-962A-2CFB0DA27C4D} = {27C1F6E0-9FF3-4D04-9AB4-062DD4042826}
		{BAC8DF89-DCF9-404C-9E29-450AAD4286F7} = {27C1F6E0-9FF3-4D04-9AB4-062DD4042826}
		{18BA361D-9062-49B0-A545-C627896C4C26} = {27C1F6E0-9FF3-4D04-9AB4-062DD4042826}
		{500F9A74-C176-4E57-9505-CD7AD61AFCF5} = {27C1F6E0-9FF3-4D04-9AB4-062DD4042826}
	EndGlobalSection
	GlobalSection(ExtensibilityGlobals) = postSolution
		SolutionGuid = {3A883608-C613-4311-8112-9AF2B1E31ED4}
	EndGlobalSection
EndGlobal
