
Microsoft Visual Studio Solution File, Format Version 12.00
# Visual Studio Version 16
VisualStudioVersion = 16.0.29123.88
MinimumVisualStudioVersion = 10.0.40219.1
Project("{8BC9CEB8-8B4A-11D0-8D11-00A0C91BC942}") = "yuza_core", "kernel\yuza_core\yuza_core.vcxproj", "{1E2B5BCD-1285-441E-84E3-352A31810001}"
EndProject
Project("{8BC9CEB8-8B4A-11D0-8D11-00A0C91BC942}") = "yuza", "kernel\yuza\yuza.vcxproj", "{8B7CD70D-1D44-44E1-AAA8-B0529072BE37}"
	ProjectSection(ProjectDependencies) = postProject
		{88FE838A-58E8-47B6-AD4D-6F917C302AB6} = {88FE838A-58E8-47B6-AD4D-6F917C302AB6}
		{5D13478C-D0CF-42CD-94A6-6887201843BF} = {5D13478C-D0CF-42CD-94A6-6887201843BF}
		{1E2B5BCD-1285-441E-84E3-352A31810001} = {1E2B5BCD-1285-441E-84E3-352A31810001}
		{B5BF46E0-EB40-4EAD-962A-2CFB0DA27C4D} = {B5BF46E0-EB40-4EAD-962A-2CFB0DA27C4D}
	EndProjectSection
EndProject
Project("{8BC9CEB8-8B4A-11D0-8D11-00A0C91BC942}") = "launcher", "kernel\launcher\launcher.vcxproj", "{88FE838A-58E8-47B6-AD4D-6F917C302AB6}"
EndProject
Project("{2150E333-8FDC-42A3-9474-1A3956D46DE8}") = "console", "console", "{27C1F6E0-9FF3-4D04-9AB4-062DD4042826}"
EndProject
Project("{8BC9CEB8-8B4A-11D0-8D11-00A0C91BC942}") = "helloworld", "sample\console\helloworld\helloworld.vcxproj", "{5D13478C-D0CF-42CD-94A6-6887201843BF}"
EndProject
Project("{8BC9CEB8-8B4A-11D0-8D11-00A0C91BC942}") = "console", "sample\console\console\console.vcxproj", "{B5BF46E0-EB40-4EAD-962A-2CFB0DA27C4D}"
EndProject
Global
	GlobalSection(SolutionConfigurationPlatforms) = preSolution
		DEBUG_WIN32_DLL|x64 = DEBUG_WIN32_DLL|x64
		DEBUG_WIN32_DLL|x86 = DEBUG_WIN32_DLL|x86
		DEBUG_WIN32|x64 = DEBUG_WIN32|x64
		DEBUG_WIN32|x86 = DEBUG_WIN32|x86
		Debug|x64 = Debug|x64
		Debug|x86 = Debug|x86
		Release|x64 = Release|x64
		Release|x86 = Release|x86
	EndGlobalSection
	GlobalSection(ProjectConfigurationPlatforms) = postSolution
		{1E2B5BCD-1285-441E-84E3-352A31810001}.DEBUG_WIN32_DLL|x64.ActiveCfg = DEBUG_WIN32_DLL|Win32
		{1E2B5BCD-1285-441E-84E3-352A31810001}.DEBUG_WIN32_DLL|x86.ActiveCfg = DEBUG_WIN32_DLL|Win32
		{1E2B5BCD-1285-441E-84E3-352A31810001}.DEBUG_WIN32_DLL|x86.Build.0 = DEBUG_WIN32_DLL|Win32
		{1E2B5BCD-1285-441E-84E3-352A31810001}.DEBUG_WIN32|x64.ActiveCfg = Release|Win32
		{1E2B5BCD-1285-441E-84E3-352A31810001}.DEBUG_WIN32|x64.Build.0 = Release|Win32
		{1E2B5BCD-1285-441E-84E3-352A31810001}.DEBUG_WIN32|x86.ActiveCfg = DEBUG_WIN32_DLL|Win32
		{1E2B5BCD-1285-441E-84E3-352A31810001}.DEBUG_WIN32|x86.Build.0 = DEBUG_WIN32_DLL|Win32
		{1E2B5BCD-1285-441E-84E3-352A31810001}.Debug|x64.ActiveCfg = Debug|Win32
		{1E2B5BCD-1285-441E-84E3-352A31810001}.Debug|x86.ActiveCfg = Debug|Win32
		{1E2B5BCD-1285-441E-84E3-352A31810001}.Debug|x86.Build.0 = Debug|Win32
		{1E2B5BCD-1285-441E-84E3-352A31810001}.Release|x64.ActiveCfg = Release|Win32
		{1E2B5BCD-1285-441E-84E3-352A31810001}.Release|x86.ActiveCfg = Release|Win32
		{1E2B5BCD-1285-441E-84E3-352A31810001}.Release|x86.Build.0 = Release|Win32
		{8B7CD70D-1D44-44E1-AAA8-B0529072BE37}.DEBUG_WIN32_DLL|x64.ActiveCfg = DEBUG_WIN32_DLL|Win32
		{8B7CD70D-1D44-44E1-AAA8-B0529072BE37}.DEBUG_WIN32_DLL|x86.ActiveCfg = DEBUG_WIN32_DLL|Win32
		{8B7CD70D-1D44-44E1-AAA8-B0529072BE37}.DEBUG_WIN32_DLL|x86.Build.0 = DEBUG_WIN32_DLL|Win32
		{8B7CD70D-1D44-44E1-AAA8-B0529072BE37}.DEBUG_WIN32|x64.ActiveCfg = Release|Win32
		{8B7CD70D-1D44-44E1-AAA8-B0529072BE37}.DEBUG_WIN32|x64.Build.0 = Release|Win32
		{8B7CD70D-1D44-44E1-AAA8-B0529072BE37}.DEBUG_WIN32|x86.ActiveCfg = DEBUG_WIN32_DLL|Win32
		{8B7CD70D-1D44-44E1-AAA8-B0529072BE37}.DEBUG_WIN32|x86.Build.0 = DEBUG_WIN32_DLL|Win32
		{8B7CD70D-1D44-44E1-AAA8-B0529072BE37}.Debug|x64.ActiveCfg = Debug|Win32
		{8B7CD70D-1D44-44E1-AAA8-B0529072BE37}.Debug|x86.ActiveCfg = Debug|Win32
		{8B7CD70D-1D44-44E1-AAA8-B0529072BE37}.Debug|x86.Build.0 = Debug|Win32
		{8B7CD70D-1D44-44E1-AAA8-B0529072BE37}.Release|x64.ActiveCfg = Release|Win32
		{8B7CD70D-1D44-44E1-AAA8-B0529072BE37}.Release|x86.ActiveCfg = Release|Win32
		{8B7CD70D-1D44-44E1-AAA8-B0529072BE37}.Release|x86.Build.0 = Release|Win32
		{88FE838A-58E8-47B6-AD4D-6F917C302AB6}.DEBUG_WIN32_DLL|x64.ActiveCfg = DEBUG_WIN32_DLL|Win32
		{88FE838A-58E8-47B6-AD4D-6F917C302AB6}.DEBUG_WIN32_DLL|x86.ActiveCfg = DEBUG_WIN32_DLL|Win32
		{88FE838A-58E8-47B6-AD4D-6F917C302AB6}.DEBUG_WIN32_DLL|x86.Build.0 = DEBUG_WIN32_DLL|Win32
		{88FE838A-58E8-47B6-AD4D-6F917C302AB6}.DEBUG_WIN32|x64.ActiveCfg = Release|Win32
		{88FE838A-58E8-47B6-AD4D-6F917C302AB6}.DEBUG_WIN32|x64.Build.0 = Release|Win32
		{88FE838A-58E8-47B6-AD4D-6F917C302AB6}.DEBUG_WIN32|x86.ActiveCfg = DEBUG_WIN32_DLL|Win32
		{88FE838A-58E8-47B6-AD4D-6F917C302AB6}.DEBUG_WIN32|x86.Build.0 = DEBUG_WIN32_DLL|Win32
		{88FE838A-58E8-47B6-AD4D-6F917C302AB6}.Debug|x64.ActiveCfg = Debug|Win32
		{88FE838A-58E8-47B6-AD4D-6F917C302AB6}.Debug|x86.ActiveCfg = Debug|Win32
		{88FE838A-58E8-47B6-AD4D-6F917C302AB6}.Debug|x86.Build.0 = Debug|Win32
		{88FE838A-58E8-47B6-AD4D-6F917C302AB6}.Release|x64.ActiveCfg = Release|Win32
		{88FE838A-58E8-47B6-AD4D-6F917C302AB6}.Release|x86.ActiveCfg = Release|Win32
		{88FE838A-58E8-47B6-AD4D-6F917C302AB6}.Release|x86.Build.0 = Release|Win32
		{5D13478C-D0CF-42CD-94A6-6887201843BF}.DEBUG_WIN32_DLL|x64.ActiveCfg = DEBUG_WIN32_DLL|Win32
		{5D13478C-D0CF-42CD-94A6-6887201843BF}.DEBUG_WIN32_DLL|x86.ActiveCfg = DEBUG_WIN32_DLL|Win32
		{5D13478C-D0CF-42CD-94A6-6887201843BF}.DEBUG_WIN32_DLL|x86.Build.0 = DEBUG_WIN32_DLL|Win32
		{5D13478C-D0CF-42CD-94A6-6887201843BF}.DEBUG_WIN32|x64.ActiveCfg = DEBUG_WIN32|Win32
		{5D13478C-D0CF-42CD-94A6-6887201843BF}.DEBUG_WIN32|x86.ActiveCfg = DEBUG_WIN32|Win32
		{5D13478C-D0CF-42CD-94A6-6887201843BF}.DEBUG_WIN32|x86.Build.0 = DEBUG_WIN32|Win32
		{5D13478C-D0CF-42CD-94A6-6887201843BF}.Debug|x64.ActiveCfg = Debug|Win32
		{5D13478C-D0CF-42CD-94A6-6887201843BF}.Debug|x86.ActiveCfg = Debug|Win32
		{5D13478C-D0CF-42CD-94A6-6887201843BF}.Debug|x86.Build.0 = Debug|Win32
		{5D13478C-D0CF-42CD-94A6-6887201843BF}.Release|x64.ActiveCfg = Release|Win32
		{5D13478C-D0CF-42CD-94A6-6887201843BF}.Release|x86.ActiveCfg = Release|Win32
		{5D13478C-D0CF-42CD-94A6-6887201843BF}.Release|x86.Build.0 = Release|Win32
		{B5BF46E0-EB40-4EAD-962A-2CFB0DA27C4D}.DEBUG_WIN32_DLL|x64.ActiveCfg = DEBUG_WIN32_DLL|Win32
		{B5BF46E0-EB40-4EAD-962A-2CFB0DA27C4D}.DEBUG_WIN32_DLL|x86.ActiveCfg = DEBUG_WIN32_DLL|Win32
		{B5BF46E0-EB40-4EAD-962A-2CFB0DA27C4D}.DEBUG_WIN32_DLL|x86.Build.0 = DEBUG_WIN32_DLL|Win32
		{B5BF46E0-EB40-4EAD-962A-2CFB0DA27C4D}.DEBUG_WIN32|x64.ActiveCfg = Release|Win32
		{B5BF46E0-EB40-4EAD-962A-2CFB0DA27C4D}.DEBUG_WIN32|x64.Build.0 = Release|Win32
		{B5BF46E0-EB40-4EAD-962A-2CFB0DA27C4D}.DEBUG_WIN32|x86.ActiveCfg = DEBUG_WIN32_DLL|Win32
		{B5BF46E0-EB40-4EAD-962A-2CFB0DA27C4D}.DEBUG_WIN32|x86.Build.0 = DEBUG_WIN32_DLL|Win32
		{B5BF46E0-EB40-4EAD-962A-2CFB0DA27C4D}.Debug|x64.ActiveCfg = Debug|Win32
		{B5BF46E0-EB40-4EAD-962A-2CFB0DA27C4D}.Debug|x86.ActiveCfg = Debug|Win32
		{B5BF46E0-EB40-4EAD-962A-2CFB0DA27C4D}.Debug|x86.Build.0 = Debug|Win32
		{B5BF46E0-EB40-4EAD-962A-2CFB0DA27C4D}.Release|x64.ActiveCfg = Release|Win32
		{B5BF46E0-EB40-4EAD-962A-2CFB0DA27C4D}.Release|x86.ActiveCfg = Release|Win32
		{B5BF46E0-EB40-4EAD-962A-2CFB0DA27C4D}.Release|x86.Build.0 = Release|Win32
	EndGlobalSection
	GlobalSection(SolutionProperties) = preSolution
		HideSolutionNode = FALSE
	EndGlobalSection
	GlobalSection(NestedProjects) = preSolution
		{5D13478C-D0CF-42CD-94A6-6887201843BF} = {27C1F6E0-9FF3-4D04-9AB4-062DD4042826}
		{B5BF46E0-EB40-4EAD-962A-2CFB0DA27C4D} = {27C1F6E0-9FF3-4D04-9AB4-062DD4042826}
	EndGlobalSection
	GlobalSection(ExtensibilityGlobals) = postSolution
		SolutionGuid = {3A883608-C613-4311-8112-9AF2B1E31ED4}
	EndGlobalSection
EndGlobal
