
Microsoft Visual Studio Solution File, Format Version 12.00
# Visual Studio Version 16
VisualStudioVersion = 16.0.29123.88
MinimumVisualStudioVersion = 10.0.40219.1
Project("{8BC9CEB8-8B4A-11D0-8D11-00A0C91BC942}") = "yuza_core", "kernel\yuza_core\yuza_core.vcxproj", "{1E2B5BCD-1285-441E-84E3-352A31810001}"
EndProject
Project("{8BC9CEB8-8B4A-11D0-8D11-00A0C91BC942}") = "yuza", "kernel\yuza\yuza.vcxproj", "{8B7CD70D-1D44-44E1-AAA8-B0529072BE37}"
	ProjectSection(ProjectDependencies) = postProject
		{3BB94C29-5903-40F9-97A4-045CED8B94E6} = {3BB94C29-5903-40F9-97A4-045CED8B94E6}
		{AC4A5E2A-F58C-4935-BCC8-A277179C7016} = {AC4A5E2A-F58C-4935-BCC8-A277179C7016}
		{7E272A38-C010-4BA1-9C86-0E4A16C7BECE} = {7E272A38-C010-4BA1-9C86-0E4A16C7BECE}
		{AE39FD3A-49FE-4368-9C46-9740D008619B} = {AE39FD3A-49FE-4368-9C46-9740D008619B}
		{8BC07172-DB62-4715-857D-6A723F175324} = {8BC07172-DB62-4715-857D-6A723F175324}
		{88FE838A-58E8-47B6-AD4D-6F917C302AB6} = {88FE838A-58E8-47B6-AD4D-6F917C302AB6}
		{F74C628D-73D0-4A32-B8CB-91FF691C7406} = {F74C628D-73D0-4A32-B8CB-91FF691C7406}
		{ED9B4394-BD6B-418D-8225-B0A5FB458517} = {ED9B4394-BD6B-418D-8225-B0A5FB458517}
		{4E58A697-F642-4360-9F39-156F3314F71B} = {4E58A697-F642-4360-9F39-156F3314F71B}
		{1E2B5BCD-1285-441E-84E3-352A31810001} = {1E2B5BCD-1285-441E-84E3-352A31810001}
		{DF17C9E4-4C20-4CDE-A137-31C48F69F9D9} = {DF17C9E4-4C20-4CDE-A137-31C48F69F9D9}
		{DADA28EA-AA5F-4E74-8D26-6CB7B742D16F} = {DADA28EA-AA5F-4E74-8D26-6CB7B742D16F}
		{617468FB-E605-4A48-AF27-410F40892FDA} = {617468FB-E605-4A48-AF27-410F40892FDA}
	EndProjectSection
EndProject
Project("{2150E333-8FDC-42A3-9474-1A3956D46DE8}") = "desktop", "desktop", "{F54ACA54-0635-4B21-BDB8-50CAF0C76E9E}"
EndProject
Project("{8BC9CEB8-8B4A-11D0-8D11-00A0C91BC942}") = "cmd", "sample\desktop\cmd\cmd.vcxproj", "{AE39FD3A-49FE-4368-9C46-9740D008619B}"
EndProject
Project("{8BC9CEB8-8B4A-11D0-8D11-00A0C91BC942}") = "desktopmgr", "sample\desktop\desktopmgr\desktopmgr.vcxproj", "{3BB94C29-5903-40F9-97A4-045CED8B94E6}"
EndProject
Project("{8BC9CEB8-8B4A-11D0-8D11-00A0C91BC942}") = "hangulviewer", "sample\desktop\hangulviewer\hangulviewer.vcxproj", "{617468FB-E605-4A48-AF27-410F40892FDA}"
EndProject
Project("{8BC9CEB8-8B4A-11D0-8D11-00A0C91BC942}") = "helloworld", "sample\desktop\helloworld\helloworld.vcxproj", "{F74C628D-73D0-4A32-B8CB-91FF691C7406}"
EndProject
Project("{8BC9CEB8-8B4A-11D0-8D11-00A0C91BC942}") = "shooter", "sample\desktop\shooter\shooter.vcxproj", "{7E272A38-C010-4BA1-9C86-0E4A16C7BECE}"
EndProject
Project("{8BC9CEB8-8B4A-11D0-8D11-00A0C91BC942}") = "panel", "sample\desktop\panel\panel.vcxproj", "{ED9B4394-BD6B-418D-8225-B0A5FB458517}"
EndProject
Project("{8BC9CEB8-8B4A-11D0-8D11-00A0C91BC942}") = "memo", "sample\desktop\onelinememo\memo.vcxproj", "{DADA28EA-AA5F-4E74-8D26-6CB7B742D16F}"
EndProject
Project("{8BC9CEB8-8B4A-11D0-8D11-00A0C91BC942}") = "hexa", "sample\desktop\hexa\hexa.vcxproj", "{DF17C9E4-4C20-4CDE-A137-31C48F69F9D9}"
EndProject
Project("{8BC9CEB8-8B4A-11D0-8D11-00A0C91BC942}") = "imageviewer", "sample\desktop\imageviewer\imageviewer.vcxproj", "{4E58A697-F642-4360-9F39-156F3314F71B}"
EndProject
Project("{8BC9CEB8-8B4A-11D0-8D11-00A0C91BC942}") = "monitor", "sample\desktop\monitor\monitor.vcxproj", "{AC4A5E2A-F58C-4935-BCC8-A277179C7016}"
EndProject
Project("{8BC9CEB8-8B4A-11D0-8D11-00A0C91BC942}") = "message", "sample\desktop\message\message.vcxproj", "{8BC07172-DB62-4715-857D-6A723F175324}"
EndProject
Project("{2150E333-8FDC-42A3-9474-1A3956D46DE8}") = "widgets", "widgets", "{586280FD-4C71-4A7F-9200-3C4D43FA6275}"
EndProject
Project("{8BC9CEB8-8B4A-11D0-8D11-00A0C91BC942}") = "guisample", "sample\desktop\sample\guisample.vcxproj", "{C08408CC-0E39-4149-9F63-9E47C6923BDE}"
EndProject
Project("{8BC9CEB8-8B4A-11D0-8D11-00A0C91BC942}") = "listbox", "sample\desktop\listbox\gdi.vcxproj", "{AC50CB71-681D-4DFD-B0EA-DD8F52F2C6E9}"
EndProject
Project("{8BC9CEB8-8B4A-11D0-8D11-00A0C91BC942}") = "launcher", "kernel\launcher\launcher.vcxproj", "{88FE838A-58E8-47B6-AD4D-6F917C302AB6}"
EndProject
Global
	GlobalSection(SolutionConfigurationPlatforms) = preSolution
		DEBUG_DLL|x64 = DEBUG_DLL|x64
		DEBUG_DLL|x86 = DEBUG_DLL|x86
		DEBUG_WIN32_DLL|x64 = DEBUG_WIN32_DLL|x64
		DEBUG_WIN32_DLL|x86 = DEBUG_WIN32_DLL|x86
		DEBUG_WIN32|x64 = DEBUG_WIN32|x64
		DEBUG_WIN32|x86 = DEBUG_WIN32|x86
		Debug|x64 = Debug|x64
		Debug|x86 = Debug|x86
		DebugDLL|x64 = DebugDLL|x64
		DebugDLL|x86 = DebugDLL|x86
		DebugDLLWinRT|x64 = DebugDLLWinRT|x64
		DebugDLLWinRT|x86 = DebugDLLWinRT|x86
		DebugWinRT|x64 = DebugWinRT|x64
		DebugWinRT|x86 = DebugWinRT|x86
		MinSizeRel|x64 = MinSizeRel|x64
		MinSizeRel|x86 = MinSizeRel|x86
		Release|x64 = Release|x64
		Release|x86 = Release|x86
		ReleaseDLL|x64 = ReleaseDLL|x64
		ReleaseDLL|x86 = ReleaseDLL|x86
		ReleaseDLLStaticDeps|x64 = ReleaseDLLStaticDeps|x64
		ReleaseDLLStaticDeps|x86 = ReleaseDLLStaticDeps|x86
		ReleaseDLLWinRT|x64 = ReleaseDLLWinRT|x64
		ReleaseDLLWinRT|x86 = ReleaseDLLWinRT|x86
		ReleaseDLLWinRTStaticDeps|x64 = ReleaseDLLWinRTStaticDeps|x64
		ReleaseDLLWinRTStaticDeps|x86 = ReleaseDLLWinRTStaticDeps|x86
		ReleaseWinRT|x64 = ReleaseWinRT|x64
		ReleaseWinRT|x86 = ReleaseWinRT|x86
		RelWithDebInfo|x64 = RelWithDebInfo|x64
		RelWithDebInfo|x86 = RelWithDebInfo|x86
	EndGlobalSection
	GlobalSection(ProjectConfigurationPlatforms) = postSolution
		{1E2B5BCD-1285-441E-84E3-352A31810001}.DEBUG_DLL|x64.ActiveCfg = Release|Win32
		{1E2B5BCD-1285-441E-84E3-352A31810001}.DEBUG_DLL|x64.Build.0 = Release|Win32
		{1E2B5BCD-1285-441E-84E3-352A31810001}.DEBUG_DLL|x86.ActiveCfg = DEBUG_WIN32_DLL|Win32
		{1E2B5BCD-1285-441E-84E3-352A31810001}.DEBUG_DLL|x86.Build.0 = DEBUG_WIN32_DLL|Win32
		{1E2B5BCD-1285-441E-84E3-352A31810001}.DEBUG_WIN32_DLL|x64.ActiveCfg = DEBUG_WIN32_DLL|Win32
		{1E2B5BCD-1285-441E-84E3-352A31810001}.DEBUG_WIN32_DLL|x86.ActiveCfg = DEBUG_WIN32_DLL|Win32
		{1E2B5BCD-1285-441E-84E3-352A31810001}.DEBUG_WIN32_DLL|x86.Build.0 = DEBUG_WIN32_DLL|Win32
		{1E2B5BCD-1285-441E-84E3-352A31810001}.DEBUG_WIN32|x64.ActiveCfg = Debug|Win32
		{1E2B5BCD-1285-441E-84E3-352A31810001}.DEBUG_WIN32|x64.Build.0 = Debug|Win32
		{1E2B5BCD-1285-441E-84E3-352A31810001}.DEBUG_WIN32|x86.ActiveCfg = DEBUG_WIN32_DLL|Win32
		{1E2B5BCD-1285-441E-84E3-352A31810001}.DEBUG_WIN32|x86.Build.0 = DEBUG_WIN32_DLL|Win32
		{1E2B5BCD-1285-441E-84E3-352A31810001}.Debug|x64.ActiveCfg = Debug|Win32
		{1E2B5BCD-1285-441E-84E3-352A31810001}.Debug|x86.ActiveCfg = Debug|Win32
		{1E2B5BCD-1285-441E-84E3-352A31810001}.Debug|x86.Build.0 = Debug|Win32
		{1E2B5BCD-1285-441E-84E3-352A31810001}.DebugDLL|x64.ActiveCfg = Release|Win32
		{1E2B5BCD-1285-441E-84E3-352A31810001}.DebugDLL|x64.Build.0 = Release|Win32
		{1E2B5BCD-1285-441E-84E3-352A31810001}.DebugDLL|x86.ActiveCfg = Debug|Win32
		{1E2B5BCD-1285-441E-84E3-352A31810001}.DebugDLL|x86.Build.0 = Debug|Win32
		{1E2B5BCD-1285-441E-84E3-352A31810001}.DebugDLLWinRT|x64.ActiveCfg = Release|Win32
		{1E2B5BCD-1285-441E-84E3-352A31810001}.DebugDLLWinRT|x64.Build.0 = Release|Win32
		{1E2B5BCD-1285-441E-84E3-352A31810001}.DebugDLLWinRT|x86.ActiveCfg = Debug|Win32
		{1E2B5BCD-1285-441E-84E3-352A31810001}.DebugDLLWinRT|x86.Build.0 = Debug|Win32
		{1E2B5BCD-1285-441E-84E3-352A31810001}.DebugWinRT|x64.ActiveCfg = Release|Win32
		{1E2B5BCD-1285-441E-84E3-352A31810001}.DebugWinRT|x64.Build.0 = Release|Win32
		{1E2B5BCD-1285-441E-84E3-352A31810001}.DebugWinRT|x86.ActiveCfg = Debug|Win32
		{1E2B5BCD-1285-441E-84E3-352A31810001}.DebugWinRT|x86.Build.0 = Debug|Win32
		{1E2B5BCD-1285-441E-84E3-352A31810001}.MinSizeRel|x64.ActiveCfg = Release|Win32
		{1E2B5BCD-1285-441E-84E3-352A31810001}.MinSizeRel|x64.Build.0 = Release|Win32
		{1E2B5BCD-1285-441E-84E3-352A31810001}.MinSizeRel|x86.ActiveCfg = Release|Win32
		{1E2B5BCD-1285-441E-84E3-352A31810001}.MinSizeRel|x86.Build.0 = Release|Win32
		{1E2B5BCD-1285-441E-84E3-352A31810001}.Release|x64.ActiveCfg = Release|Win32
		{1E2B5BCD-1285-441E-84E3-352A31810001}.Release|x86.ActiveCfg = Release|Win32
		{1E2B5BCD-1285-441E-84E3-352A31810001}.Release|x86.Build.0 = Release|Win32
		{1E2B5BCD-1285-441E-84E3-352A31810001}.ReleaseDLL|x64.ActiveCfg = Release|Win32
		{1E2B5BCD-1285-441E-84E3-352A31810001}.ReleaseDLL|x64.Build.0 = Release|Win32
		{1E2B5BCD-1285-441E-84E3-352A31810001}.ReleaseDLL|x86.ActiveCfg = Release|Win32
		{1E2B5BCD-1285-441E-84E3-352A31810001}.ReleaseDLL|x86.Build.0 = Release|Win32
		{1E2B5BCD-1285-441E-84E3-352A31810001}.ReleaseDLLStaticDeps|x64.ActiveCfg = Release|Win32
		{1E2B5BCD-1285-441E-84E3-352A31810001}.ReleaseDLLStaticDeps|x64.Build.0 = Release|Win32
		{1E2B5BCD-1285-441E-84E3-352A31810001}.ReleaseDLLStaticDeps|x86.ActiveCfg = Release|Win32
		{1E2B5BCD-1285-441E-84E3-352A31810001}.ReleaseDLLStaticDeps|x86.Build.0 = Release|Win32
		{1E2B5BCD-1285-441E-84E3-352A31810001}.ReleaseDLLWinRT|x64.ActiveCfg = Release|Win32
		{1E2B5BCD-1285-441E-84E3-352A31810001}.ReleaseDLLWinRT|x64.Build.0 = Release|Win32
		{1E2B5BCD-1285-441E-84E3-352A31810001}.ReleaseDLLWinRT|x86.ActiveCfg = Release|Win32
		{1E2B5BCD-1285-441E-84E3-352A31810001}.ReleaseDLLWinRT|x86.Build.0 = Release|Win32
		{1E2B5BCD-1285-441E-84E3-352A31810001}.ReleaseDLLWinRTStaticDeps|x64.ActiveCfg = Release|Win32
		{1E2B5BCD-1285-441E-84E3-352A31810001}.ReleaseDLLWinRTStaticDeps|x64.Build.0 = Release|Win32
		{1E2B5BCD-1285-441E-84E3-352A31810001}.ReleaseDLLWinRTStaticDeps|x86.ActiveCfg = Release|Win32
		{1E2B5BCD-1285-441E-84E3-352A31810001}.ReleaseDLLWinRTStaticDeps|x86.Build.0 = Release|Win32
		{1E2B5BCD-1285-441E-84E3-352A31810001}.ReleaseWinRT|x64.ActiveCfg = Release|Win32
		{1E2B5BCD-1285-441E-84E3-352A31810001}.ReleaseWinRT|x64.Build.0 = Release|Win32
		{1E2B5BCD-1285-441E-84E3-352A31810001}.ReleaseWinRT|x86.ActiveCfg = Release|Win32
		{1E2B5BCD-1285-441E-84E3-352A31810001}.ReleaseWinRT|x86.Build.0 = Release|Win32
		{1E2B5BCD-1285-441E-84E3-352A31810001}.RelWithDebInfo|x64.ActiveCfg = Release|Win32
		{1E2B5BCD-1285-441E-84E3-352A31810001}.RelWithDebInfo|x64.Build.0 = Release|Win32
		{1E2B5BCD-1285-441E-84E3-352A31810001}.RelWithDebInfo|x86.ActiveCfg = Release|Win32
		{1E2B5BCD-1285-441E-84E3-352A31810001}.RelWithDebInfo|x86.Build.0 = Release|Win32
		{8B7CD70D-1D44-44E1-AAA8-B0529072BE37}.DEBUG_DLL|x64.ActiveCfg = Release|Win32
		{8B7CD70D-1D44-44E1-AAA8-B0529072BE37}.DEBUG_DLL|x64.Build.0 = Release|Win32
		{8B7CD70D-1D44-44E1-AAA8-B0529072BE37}.DEBUG_DLL|x86.ActiveCfg = DEBUG_WIN32_DLL|Win32
		{8B7CD70D-1D44-44E1-AAA8-B0529072BE37}.DEBUG_DLL|x86.Build.0 = DEBUG_WIN32_DLL|Win32
		{8B7CD70D-1D44-44E1-AAA8-B0529072BE37}.DEBUG_WIN32_DLL|x64.ActiveCfg = DEBUG_WIN32_DLL|Win32
		{8B7CD70D-1D44-44E1-AAA8-B0529072BE37}.DEBUG_WIN32_DLL|x86.ActiveCfg = DEBUG_WIN32_DLL|Win32
		{8B7CD70D-1D44-44E1-AAA8-B0529072BE37}.DEBUG_WIN32_DLL|x86.Build.0 = DEBUG_WIN32_DLL|Win32
		{8B7CD70D-1D44-44E1-AAA8-B0529072BE37}.DEBUG_WIN32|x64.ActiveCfg = Debug|Win32
		{8B7CD70D-1D44-44E1-AAA8-B0529072BE37}.DEBUG_WIN32|x64.Build.0 = Debug|Win32
		{8B7CD70D-1D44-44E1-AAA8-B0529072BE37}.DEBUG_WIN32|x86.ActiveCfg = DEBUG_WIN32_DLL|Win32
		{8B7CD70D-1D44-44E1-AAA8-B0529072BE37}.DEBUG_WIN32|x86.Build.0 = DEBUG_WIN32_DLL|Win32
		{8B7CD70D-1D44-44E1-AAA8-B0529072BE37}.Debug|x64.ActiveCfg = Debug|Win32
		{8B7CD70D-1D44-44E1-AAA8-B0529072BE37}.Debug|x86.ActiveCfg = Debug|Win32
		{8B7CD70D-1D44-44E1-AAA8-B0529072BE37}.Debug|x86.Build.0 = Debug|Win32
		{8B7CD70D-1D44-44E1-AAA8-B0529072BE37}.DebugDLL|x64.ActiveCfg = Release|Win32
		{8B7CD70D-1D44-44E1-AAA8-B0529072BE37}.DebugDLL|x64.Build.0 = Release|Win32
		{8B7CD70D-1D44-44E1-AAA8-B0529072BE37}.DebugDLL|x86.ActiveCfg = Debug|Win32
		{8B7CD70D-1D44-44E1-AAA8-B0529072BE37}.DebugDLL|x86.Build.0 = Debug|Win32
		{8B7CD70D-1D44-44E1-AAA8-B0529072BE37}.DebugDLLWinRT|x64.ActiveCfg = Release|Win32
		{8B7CD70D-1D44-44E1-AAA8-B0529072BE37}.DebugDLLWinRT|x64.Build.0 = Release|Win32
		{8B7CD70D-1D44-44E1-AAA8-B0529072BE37}.DebugDLLWinRT|x86.ActiveCfg = Debug|Win32
		{8B7CD70D-1D44-44E1-AAA8-B0529072BE37}.DebugDLLWinRT|x86.Build.0 = Debug|Win32
		{8B7CD70D-1D44-44E1-AAA8-B0529072BE37}.DebugWinRT|x64.ActiveCfg = Release|Win32
		{8B7CD70D-1D44-44E1-AAA8-B0529072BE37}.DebugWinRT|x64.Build.0 = Release|Win32
		{8B7CD70D-1D44-44E1-AAA8-B0529072BE37}.DebugWinRT|x86.ActiveCfg = Debug|Win32
		{8B7CD70D-1D44-44E1-AAA8-B0529072BE37}.DebugWinRT|x86.Build.0 = Debug|Win32
		{8B7CD70D-1D44-44E1-AAA8-B0529072BE37}.MinSizeRel|x64.ActiveCfg = Release|Win32
		{8B7CD70D-1D44-44E1-AAA8-B0529072BE37}.MinSizeRel|x64.Build.0 = Release|Win32
		{8B7CD70D-1D44-44E1-AAA8-B0529072BE37}.MinSizeRel|x86.ActiveCfg = Release|Win32
		{8B7CD70D-1D44-44E1-AAA8-B0529072BE37}.MinSizeRel|x86.Build.0 = Release|Win32
		{8B7CD70D-1D44-44E1-AAA8-B0529072BE37}.Release|x64.ActiveCfg = Release|Win32
		{8B7CD70D-1D44-44E1-AAA8-B0529072BE37}.Release|x86.ActiveCfg = Release|Win32
		{8B7CD70D-1D44-44E1-AAA8-B0529072BE37}.Release|x86.Build.0 = Release|Win32
		{8B7CD70D-1D44-44E1-AAA8-B0529072BE37}.ReleaseDLL|x64.ActiveCfg = Release|Win32
		{8B7CD70D-1D44-44E1-AAA8-B0529072BE37}.ReleaseDLL|x64.Build.0 = Release|Win32
		{8B7CD70D-1D44-44E1-AAA8-B0529072BE37}.ReleaseDLL|x86.ActiveCfg = Release|Win32
		{8B7CD70D-1D44-44E1-AAA8-B0529072BE37}.ReleaseDLL|x86.Build.0 = Release|Win32
		{8B7CD70D-1D44-44E1-AAA8-B0529072BE37}.ReleaseDLLStaticDeps|x64.ActiveCfg = Release|Win32
		{8B7CD70D-1D44-44E1-AAA8-B0529072BE37}.ReleaseDLLStaticDeps|x64.Build.0 = Release|Win32
		{8B7CD70D-1D44-44E1-AAA8-B0529072BE37}.ReleaseDLLStaticDeps|x86.ActiveCfg = Release|Win32
		{8B7CD70D-1D44-44E1-AAA8-B0529072BE37}.ReleaseDLLStaticDeps|x86.Build.0 = Release|Win32
		{8B7CD70D-1D44-44E1-AAA8-B0529072BE37}.ReleaseDLLWinRT|x64.ActiveCfg = Release|Win32
		{8B7CD70D-1D44-44E1-AAA8-B0529072BE37}.ReleaseDLLWinRT|x64.Build.0 = Release|Win32
		{8B7CD70D-1D44-44E1-AAA8-B0529072BE37}.ReleaseDLLWinRT|x86.ActiveCfg = Release|Win32
		{8B7CD70D-1D44-44E1-AAA8-B0529072BE37}.ReleaseDLLWinRT|x86.Build.0 = Release|Win32
		{8B7CD70D-1D44-44E1-AAA8-B0529072BE37}.ReleaseDLLWinRTStaticDeps|x64.ActiveCfg = Release|Win32
		{8B7CD70D-1D44-44E1-AAA8-B0529072BE37}.ReleaseDLLWinRTStaticDeps|x64.Build.0 = Release|Win32
		{8B7CD70D-1D44-44E1-AAA8-B0529072BE37}.ReleaseDLLWinRTStaticDeps|x86.ActiveCfg = Release|Win32
		{8B7CD70D-1D44-44E1-AAA8-B0529072BE37}.ReleaseDLLWinRTStaticDeps|x86.Build.0 = Release|Win32
		{8B7CD70D-1D44-44E1-AAA8-B0529072BE37}.ReleaseWinRT|x64.ActiveCfg = Release|Win32
		{8B7CD70D-1D44-44E1-AAA8-B0529072BE37}.ReleaseWinRT|x64.Build.0 = Release|Win32
		{8B7CD70D-1D44-44E1-AAA8-B0529072BE37}.ReleaseWinRT|x86.ActiveCfg = Release|Win32
		{8B7CD70D-1D44-44E1-AAA8-B0529072BE37}.ReleaseWinRT|x86.Build.0 = Release|Win32
		{8B7CD70D-1D44-44E1-AAA8-B0529072BE37}.RelWithDebInfo|x64.ActiveCfg = Release|Win32
		{8B7CD70D-1D44-44E1-AAA8-B0529072BE37}.RelWithDebInfo|x64.Build.0 = Release|Win32
		{8B7CD70D-1D44-44E1-AAA8-B0529072BE37}.RelWithDebInfo|x86.ActiveCfg = Release|Win32
		{8B7CD70D-1D44-44E1-AAA8-B0529072BE37}.RelWithDebInfo|x86.Build.0 = Release|Win32
		{AE39FD3A-49FE-4368-9C46-9740D008619B}.DEBUG_DLL|x64.ActiveCfg = Debug|Win32
		{AE39FD3A-49FE-4368-9C46-9740D008619B}.DEBUG_DLL|x64.Build.0 = Debug|Win32
		{AE39FD3A-49FE-4368-9C46-9740D008619B}.DEBUG_DLL|x86.ActiveCfg = DEBUG_WIN32|Win32
		{AE39FD3A-49FE-4368-9C46-9740D008619B}.DEBUG_DLL|x86.Build.0 = DEBUG_WIN32|Win32
		{AE39FD3A-49FE-4368-9C46-9740D008619B}.DEBUG_WIN32_DLL|x64.ActiveCfg = DEBUG_WIN32_DLL|Win32
		{AE39FD3A-49FE-4368-9C46-9740D008619B}.DEBUG_WIN32_DLL|x86.ActiveCfg = DEBUG_WIN32_DLL|Win32
		{AE39FD3A-49FE-4368-9C46-9740D008619B}.DEBUG_WIN32_DLL|x86.Build.0 = DEBUG_WIN32_DLL|Win32
		{AE39FD3A-49FE-4368-9C46-9740D008619B}.DEBUG_WIN32|x64.ActiveCfg = DEBUG_WIN32|Win32
		{AE39FD3A-49FE-4368-9C46-9740D008619B}.DEBUG_WIN32|x86.ActiveCfg = DEBUG_WIN32|Win32
		{AE39FD3A-49FE-4368-9C46-9740D008619B}.DEBUG_WIN32|x86.Build.0 = DEBUG_WIN32|Win32
		{AE39FD3A-49FE-4368-9C46-9740D008619B}.Debug|x64.ActiveCfg = Debug|Win32
		{AE39FD3A-49FE-4368-9C46-9740D008619B}.Debug|x86.ActiveCfg = Debug|Win32
		{AE39FD3A-49FE-4368-9C46-9740D008619B}.Debug|x86.Build.0 = Debug|Win32
		{AE39FD3A-49FE-4368-9C46-9740D008619B}.DebugDLL|x64.ActiveCfg = Debug|Win32
		{AE39FD3A-49FE-4368-9C46-9740D008619B}.DebugDLL|x64.Build.0 = Debug|Win32
		{AE39FD3A-49FE-4368-9C46-9740D008619B}.DebugDLL|x86.ActiveCfg = Debug|Win32
		{AE39FD3A-49FE-4368-9C46-9740D008619B}.DebugDLL|x86.Build.0 = Debug|Win32
		{AE39FD3A-49FE-4368-9C46-9740D008619B}.DebugDLLWinRT|x64.ActiveCfg = Debug|Win32
		{AE39FD3A-49FE-4368-9C46-9740D008619B}.DebugDLLWinRT|x64.Build.0 = Debug|Win32
		{AE39FD3A-49FE-4368-9C46-9740D008619B}.DebugDLLWinRT|x86.ActiveCfg = Debug|Win32
		{AE39FD3A-49FE-4368-9C46-9740D008619B}.DebugDLLWinRT|x86.Build.0 = Debug|Win32
		{AE39FD3A-49FE-4368-9C46-9740D008619B}.DebugWinRT|x64.ActiveCfg = Debug|Win32
		{AE39FD3A-49FE-4368-9C46-9740D008619B}.DebugWinRT|x64.Build.0 = Debug|Win32
		{AE39FD3A-49FE-4368-9C46-9740D008619B}.DebugWinRT|x86.ActiveCfg = Debug|Win32
		{AE39FD3A-49FE-4368-9C46-9740D008619B}.DebugWinRT|x86.Build.0 = Debug|Win32
		{AE39FD3A-49FE-4368-9C46-9740D008619B}.MinSizeRel|x64.ActiveCfg = Debug|Win32
		{AE39FD3A-49FE-4368-9C46-9740D008619B}.MinSizeRel|x64.Build.0 = Debug|Win32
		{AE39FD3A-49FE-4368-9C46-9740D008619B}.MinSizeRel|x86.ActiveCfg = Debug|Win32
		{AE39FD3A-49FE-4368-9C46-9740D008619B}.MinSizeRel|x86.Build.0 = Debug|Win32
		{AE39FD3A-49FE-4368-9C46-9740D008619B}.Release|x64.ActiveCfg = Release|Win32
		{AE39FD3A-49FE-4368-9C46-9740D008619B}.Release|x86.ActiveCfg = Release|Win32
		{AE39FD3A-49FE-4368-9C46-9740D008619B}.Release|x86.Build.0 = Release|Win32
		{AE39FD3A-49FE-4368-9C46-9740D008619B}.ReleaseDLL|x64.ActiveCfg = Debug|Win32
		{AE39FD3A-49FE-4368-9C46-9740D008619B}.ReleaseDLL|x64.Build.0 = Debug|Win32
		{AE39FD3A-49FE-4368-9C46-9740D008619B}.ReleaseDLL|x86.ActiveCfg = Release|Win32
		{AE39FD3A-49FE-4368-9C46-9740D008619B}.ReleaseDLL|x86.Build.0 = Release|Win32
		{AE39FD3A-49FE-4368-9C46-9740D008619B}.ReleaseDLLStaticDeps|x64.ActiveCfg = Debug|Win32
		{AE39FD3A-49FE-4368-9C46-9740D008619B}.ReleaseDLLStaticDeps|x64.Build.0 = Debug|Win32
		{AE39FD3A-49FE-4368-9C46-9740D008619B}.ReleaseDLLStaticDeps|x86.ActiveCfg = Release|Win32
		{AE39FD3A-49FE-4368-9C46-9740D008619B}.ReleaseDLLStaticDeps|x86.Build.0 = Release|Win32
		{AE39FD3A-49FE-4368-9C46-9740D008619B}.ReleaseDLLWinRT|x64.ActiveCfg = Debug|Win32
		{AE39FD3A-49FE-4368-9C46-9740D008619B}.ReleaseDLLWinRT|x64.Build.0 = Debug|Win32
		{AE39FD3A-49FE-4368-9C46-9740D008619B}.ReleaseDLLWinRT|x86.ActiveCfg = Release|Win32
		{AE39FD3A-49FE-4368-9C46-9740D008619B}.ReleaseDLLWinRT|x86.Build.0 = Release|Win32
		{AE39FD3A-49FE-4368-9C46-9740D008619B}.ReleaseDLLWinRTStaticDeps|x64.ActiveCfg = Debug|Win32
		{AE39FD3A-49FE-4368-9C46-9740D008619B}.ReleaseDLLWinRTStaticDeps|x64.Build.0 = Debug|Win32
		{AE39FD3A-49FE-4368-9C46-9740D008619B}.ReleaseDLLWinRTStaticDeps|x86.ActiveCfg = Release|Win32
		{AE39FD3A-49FE-4368-9C46-9740D008619B}.ReleaseDLLWinRTStaticDeps|x86.Build.0 = Release|Win32
		{AE39FD3A-49FE-4368-9C46-9740D008619B}.ReleaseWinRT|x64.ActiveCfg = Debug|Win32
		{AE39FD3A-49FE-4368-9C46-9740D008619B}.ReleaseWinRT|x64.Build.0 = Debug|Win32
		{AE39FD3A-49FE-4368-9C46-9740D008619B}.ReleaseWinRT|x86.ActiveCfg = Release|Win32
		{AE39FD3A-49FE-4368-9C46-9740D008619B}.ReleaseWinRT|x86.Build.0 = Release|Win32
		{AE39FD3A-49FE-4368-9C46-9740D008619B}.RelWithDebInfo|x64.ActiveCfg = Debug|Win32
		{AE39FD3A-49FE-4368-9C46-9740D008619B}.RelWithDebInfo|x64.Build.0 = Debug|Win32
		{AE39FD3A-49FE-4368-9C46-9740D008619B}.RelWithDebInfo|x86.ActiveCfg = Release|Win32
		{AE39FD3A-49FE-4368-9C46-9740D008619B}.RelWithDebInfo|x86.Build.0 = Release|Win32
		{3BB94C29-5903-40F9-97A4-045CED8B94E6}.DEBUG_DLL|x64.ActiveCfg = DEBUG_WIN32_DLL|x64
		{3BB94C29-5903-40F9-97A4-045CED8B94E6}.DEBUG_DLL|x64.Build.0 = DEBUG_WIN32_DLL|x64
		{3BB94C29-5903-40F9-97A4-045CED8B94E6}.DEBUG_DLL|x86.ActiveCfg = DEBUG_WIN32_DLL|Win32
		{3BB94C29-5903-40F9-97A4-045CED8B94E6}.DEBUG_DLL|x86.Build.0 = DEBUG_WIN32_DLL|Win32
		{3BB94C29-5903-40F9-97A4-045CED8B94E6}.DEBUG_WIN32_DLL|x64.ActiveCfg = DEBUG_WIN32_DLL|x64
		{3BB94C29-5903-40F9-97A4-045CED8B94E6}.DEBUG_WIN32_DLL|x64.Build.0 = DEBUG_WIN32_DLL|x64
		{3BB94C29-5903-40F9-97A4-045CED8B94E6}.DEBUG_WIN32_DLL|x86.ActiveCfg = DEBUG_WIN32_DLL|Win32
		{3BB94C29-5903-40F9-97A4-045CED8B94E6}.DEBUG_WIN32_DLL|x86.Build.0 = DEBUG_WIN32_DLL|Win32
		{3BB94C29-5903-40F9-97A4-045CED8B94E6}.DEBUG_WIN32|x64.ActiveCfg = DEBUG_WIN32_DLL|x64
		{3BB94C29-5903-40F9-97A4-045CED8B94E6}.DEBUG_WIN32|x64.Build.0 = DEBUG_WIN32_DLL|x64
		{3BB94C29-5903-40F9-97A4-045CED8B94E6}.DEBUG_WIN32|x86.ActiveCfg = DEBUG_WIN32_DLL|Win32
		{3BB94C29-5903-40F9-97A4-045CED8B94E6}.DEBUG_WIN32|x86.Build.0 = DEBUG_WIN32_DLL|Win32
		{3BB94C29-5903-40F9-97A4-045CED8B94E6}.Debug|x64.ActiveCfg = Debug|x64
		{3BB94C29-5903-40F9-97A4-045CED8B94E6}.Debug|x64.Build.0 = Debug|x64
		{3BB94C29-5903-40F9-97A4-045CED8B94E6}.Debug|x86.ActiveCfg = Debug|Win32
		{3BB94C29-5903-40F9-97A4-045CED8B94E6}.Debug|x86.Build.0 = Debug|Win32
		{3BB94C29-5903-40F9-97A4-045CED8B94E6}.DebugDLL|x64.ActiveCfg = Debug|x64
		{3BB94C29-5903-40F9-97A4-045CED8B94E6}.DebugDLL|x64.Build.0 = Debug|x64
		{3BB94C29-5903-40F9-97A4-045CED8B94E6}.DebugDLL|x86.ActiveCfg = Debug|Win32
		{3BB94C29-5903-40F9-97A4-045CED8B94E6}.DebugDLL|x86.Build.0 = Debug|Win32
		{3BB94C29-5903-40F9-97A4-045CED8B94E6}.DebugDLLWinRT|x64.ActiveCfg = Debug|x64
		{3BB94C29-5903-40F9-97A4-045CED8B94E6}.DebugDLLWinRT|x64.Build.0 = Debug|x64
		{3BB94C29-5903-40F9-97A4-045CED8B94E6}.DebugDLLWinRT|x86.ActiveCfg = Debug|Win32
		{3BB94C29-5903-40F9-97A4-045CED8B94E6}.DebugDLLWinRT|x86.Build.0 = Debug|Win32
		{3BB94C29-5903-40F9-97A4-045CED8B94E6}.DebugWinRT|x64.ActiveCfg = Debug|x64
		{3BB94C29-5903-40F9-97A4-045CED8B94E6}.DebugWinRT|x64.Build.0 = Debug|x64
		{3BB94C29-5903-40F9-97A4-045CED8B94E6}.DebugWinRT|x86.ActiveCfg = Debug|Win32
		{3BB94C29-5903-40F9-97A4-045CED8B94E6}.DebugWinRT|x86.Build.0 = Debug|Win32
		{3BB94C29-5903-40F9-97A4-045CED8B94E6}.MinSizeRel|x64.ActiveCfg = Debug|x64
		{3BB94C29-5903-40F9-97A4-045CED8B94E6}.MinSizeRel|x64.Build.0 = Debug|x64
		{3BB94C29-5903-40F9-97A4-045CED8B94E6}.MinSizeRel|x86.ActiveCfg = Debug|Win32
		{3BB94C29-5903-40F9-97A4-045CED8B94E6}.MinSizeRel|x86.Build.0 = Debug|Win32
		{3BB94C29-5903-40F9-97A4-045CED8B94E6}.Release|x64.ActiveCfg = Release|x64
		{3BB94C29-5903-40F9-97A4-045CED8B94E6}.Release|x64.Build.0 = Release|x64
		{3BB94C29-5903-40F9-97A4-045CED8B94E6}.Release|x86.ActiveCfg = Release|Win32
		{3BB94C29-5903-40F9-97A4-045CED8B94E6}.Release|x86.Build.0 = Release|Win32
		{3BB94C29-5903-40F9-97A4-045CED8B94E6}.ReleaseDLL|x64.ActiveCfg = Release|x64
		{3BB94C29-5903-40F9-97A4-045CED8B94E6}.ReleaseDLL|x64.Build.0 = Release|x64
		{3BB94C29-5903-40F9-97A4-045CED8B94E6}.ReleaseDLL|x86.ActiveCfg = Release|Win32
		{3BB94C29-5903-40F9-97A4-045CED8B94E6}.ReleaseDLL|x86.Build.0 = Release|Win32
		{3BB94C29-5903-40F9-97A4-045CED8B94E6}.ReleaseDLLStaticDeps|x64.ActiveCfg = Release|x64
		{3BB94C29-5903-40F9-97A4-045CED8B94E6}.ReleaseDLLStaticDeps|x64.Build.0 = Release|x64
		{3BB94C29-5903-40F9-97A4-045CED8B94E6}.ReleaseDLLStaticDeps|x86.ActiveCfg = Release|Win32
		{3BB94C29-5903-40F9-97A4-045CED8B94E6}.ReleaseDLLStaticDeps|x86.Build.0 = Release|Win32
		{3BB94C29-5903-40F9-97A4-045CED8B94E6}.ReleaseDLLWinRT|x64.ActiveCfg = Release|x64
		{3BB94C29-5903-40F9-97A4-045CED8B94E6}.ReleaseDLLWinRT|x64.Build.0 = Release|x64
		{3BB94C29-5903-40F9-97A4-045CED8B94E6}.ReleaseDLLWinRT|x86.ActiveCfg = Release|Win32
		{3BB94C29-5903-40F9-97A4-045CED8B94E6}.ReleaseDLLWinRT|x86.Build.0 = Release|Win32
		{3BB94C29-5903-40F9-97A4-045CED8B94E6}.ReleaseDLLWinRTStaticDeps|x64.ActiveCfg = Release|x64
		{3BB94C29-5903-40F9-97A4-045CED8B94E6}.ReleaseDLLWinRTStaticDeps|x64.Build.0 = Release|x64
		{3BB94C29-5903-40F9-97A4-045CED8B94E6}.ReleaseDLLWinRTStaticDeps|x86.ActiveCfg = Release|Win32
		{3BB94C29-5903-40F9-97A4-045CED8B94E6}.ReleaseDLLWinRTStaticDeps|x86.Build.0 = Release|Win32
		{3BB94C29-5903-40F9-97A4-045CED8B94E6}.ReleaseWinRT|x64.ActiveCfg = Release|x64
		{3BB94C29-5903-40F9-97A4-045CED8B94E6}.ReleaseWinRT|x64.Build.0 = Release|x64
		{3BB94C29-5903-40F9-97A4-045CED8B94E6}.ReleaseWinRT|x86.ActiveCfg = Release|Win32
		{3BB94C29-5903-40F9-97A4-045CED8B94E6}.ReleaseWinRT|x86.Build.0 = Release|Win32
		{3BB94C29-5903-40F9-97A4-045CED8B94E6}.RelWithDebInfo|x64.ActiveCfg = Release|x64
		{3BB94C29-5903-40F9-97A4-045CED8B94E6}.RelWithDebInfo|x64.Build.0 = Release|x64
		{3BB94C29-5903-40F9-97A4-045CED8B94E6}.RelWithDebInfo|x86.ActiveCfg = Release|Win32
		{3BB94C29-5903-40F9-97A4-045CED8B94E6}.RelWithDebInfo|x86.Build.0 = Release|Win32
		{617468FB-E605-4A48-AF27-410F40892FDA}.DEBUG_DLL|x64.ActiveCfg = Debug|Win32
		{617468FB-E605-4A48-AF27-410F40892FDA}.DEBUG_DLL|x64.Build.0 = Debug|Win32
		{617468FB-E605-4A48-AF27-410F40892FDA}.DEBUG_DLL|x86.ActiveCfg = DEBUG_WIN32|Win32
		{617468FB-E605-4A48-AF27-410F40892FDA}.DEBUG_DLL|x86.Build.0 = DEBUG_WIN32|Win32
		{617468FB-E605-4A48-AF27-410F40892FDA}.DEBUG_WIN32_DLL|x64.ActiveCfg = DEBUG_WIN32_DLL|Win32
		{617468FB-E605-4A48-AF27-410F40892FDA}.DEBUG_WIN32_DLL|x86.ActiveCfg = DEBUG_WIN32_DLL|Win32
		{617468FB-E605-4A48-AF27-410F40892FDA}.DEBUG_WIN32_DLL|x86.Build.0 = DEBUG_WIN32_DLL|Win32
		{617468FB-E605-4A48-AF27-410F40892FDA}.DEBUG_WIN32|x64.ActiveCfg = DEBUG_WIN32|Win32
		{617468FB-E605-4A48-AF27-410F40892FDA}.DEBUG_WIN32|x86.ActiveCfg = DEBUG_WIN32|Win32
		{617468FB-E605-4A48-AF27-410F40892FDA}.DEBUG_WIN32|x86.Build.0 = DEBUG_WIN32|Win32
		{617468FB-E605-4A48-AF27-410F40892FDA}.Debug|x64.ActiveCfg = Debug|Win32
		{617468FB-E605-4A48-AF27-410F40892FDA}.Debug|x86.ActiveCfg = Debug|Win32
		{617468FB-E605-4A48-AF27-410F40892FDA}.Debug|x86.Build.0 = Debug|Win32
		{617468FB-E605-4A48-AF27-410F40892FDA}.DebugDLL|x64.ActiveCfg = Debug|Win32
		{617468FB-E605-4A48-AF27-410F40892FDA}.DebugDLL|x64.Build.0 = Debug|Win32
		{617468FB-E605-4A48-AF27-410F40892FDA}.DebugDLL|x86.ActiveCfg = Debug|Win32
		{617468FB-E605-4A48-AF27-410F40892FDA}.DebugDLL|x86.Build.0 = Debug|Win32
		{617468FB-E605-4A48-AF27-410F40892FDA}.DebugDLLWinRT|x64.ActiveCfg = Debug|Win32
		{617468FB-E605-4A48-AF27-410F40892FDA}.DebugDLLWinRT|x64.Build.0 = Debug|Win32
		{617468FB-E605-4A48-AF27-410F40892FDA}.DebugDLLWinRT|x86.ActiveCfg = Debug|Win32
		{617468FB-E605-4A48-AF27-410F40892FDA}.DebugDLLWinRT|x86.Build.0 = Debug|Win32
		{617468FB-E605-4A48-AF27-410F40892FDA}.DebugWinRT|x64.ActiveCfg = Debug|Win32
		{617468FB-E605-4A48-AF27-410F40892FDA}.DebugWinRT|x64.Build.0 = Debug|Win32
		{617468FB-E605-4A48-AF27-410F40892FDA}.DebugWinRT|x86.ActiveCfg = Debug|Win32
		{617468FB-E605-4A48-AF27-410F40892FDA}.DebugWinRT|x86.Build.0 = Debug|Win32
		{617468FB-E605-4A48-AF27-410F40892FDA}.MinSizeRel|x64.ActiveCfg = Debug|Win32
		{617468FB-E605-4A48-AF27-410F40892FDA}.MinSizeRel|x64.Build.0 = Debug|Win32
		{617468FB-E605-4A48-AF27-410F40892FDA}.MinSizeRel|x86.ActiveCfg = Debug|Win32
		{617468FB-E605-4A48-AF27-410F40892FDA}.MinSizeRel|x86.Build.0 = Debug|Win32
		{617468FB-E605-4A48-AF27-410F40892FDA}.Release|x64.ActiveCfg = Release|Win32
		{617468FB-E605-4A48-AF27-410F40892FDA}.Release|x86.ActiveCfg = Release|Win32
		{617468FB-E605-4A48-AF27-410F40892FDA}.Release|x86.Build.0 = Release|Win32
		{617468FB-E605-4A48-AF27-410F40892FDA}.ReleaseDLL|x64.ActiveCfg = Debug|Win32
		{617468FB-E605-4A48-AF27-410F40892FDA}.ReleaseDLL|x64.Build.0 = Debug|Win32
		{617468FB-E605-4A48-AF27-410F40892FDA}.ReleaseDLL|x86.ActiveCfg = Release|Win32
		{617468FB-E605-4A48-AF27-410F40892FDA}.ReleaseDLL|x86.Build.0 = Release|Win32
		{617468FB-E605-4A48-AF27-410F40892FDA}.ReleaseDLLStaticDeps|x64.ActiveCfg = Debug|Win32
		{617468FB-E605-4A48-AF27-410F40892FDA}.ReleaseDLLStaticDeps|x64.Build.0 = Debug|Win32
		{617468FB-E605-4A48-AF27-410F40892FDA}.ReleaseDLLStaticDeps|x86.ActiveCfg = Release|Win32
		{617468FB-E605-4A48-AF27-410F40892FDA}.ReleaseDLLStaticDeps|x86.Build.0 = Release|Win32
		{617468FB-E605-4A48-AF27-410F40892FDA}.ReleaseDLLWinRT|x64.ActiveCfg = Debug|Win32
		{617468FB-E605-4A48-AF27-410F40892FDA}.ReleaseDLLWinRT|x64.Build.0 = Debug|Win32
		{617468FB-E605-4A48-AF27-410F40892FDA}.ReleaseDLLWinRT|x86.ActiveCfg = Release|Win32
		{617468FB-E605-4A48-AF27-410F40892FDA}.ReleaseDLLWinRT|x86.Build.0 = Release|Win32
		{617468FB-E605-4A48-AF27-410F40892FDA}.ReleaseDLLWinRTStaticDeps|x64.ActiveCfg = Debug|Win32
		{617468FB-E605-4A48-AF27-410F40892FDA}.ReleaseDLLWinRTStaticDeps|x64.Build.0 = Debug|Win32
		{617468FB-E605-4A48-AF27-410F40892FDA}.ReleaseDLLWinRTStaticDeps|x86.ActiveCfg = Release|Win32
		{617468FB-E605-4A48-AF27-410F40892FDA}.ReleaseDLLWinRTStaticDeps|x86.Build.0 = Release|Win32
		{617468FB-E605-4A48-AF27-410F40892FDA}.ReleaseWinRT|x64.ActiveCfg = Debug|Win32
		{617468FB-E605-4A48-AF27-410F40892FDA}.ReleaseWinRT|x64.Build.0 = Debug|Win32
		{617468FB-E605-4A48-AF27-410F40892FDA}.ReleaseWinRT|x86.ActiveCfg = Release|Win32
		{617468FB-E605-4A48-AF27-410F40892FDA}.ReleaseWinRT|x86.Build.0 = Release|Win32
		{617468FB-E605-4A48-AF27-410F40892FDA}.RelWithDebInfo|x64.ActiveCfg = Debug|Win32
		{617468FB-E605-4A48-AF27-410F40892FDA}.RelWithDebInfo|x64.Build.0 = Debug|Win32
		{617468FB-E605-4A48-AF27-410F40892FDA}.RelWithDebInfo|x86.ActiveCfg = Release|Win32
		{617468FB-E605-4A48-AF27-410F40892FDA}.RelWithDebInfo|x86.Build.0 = Release|Win32
		{F74C628D-73D0-4A32-B8CB-91FF691C7406}.DEBUG_DLL|x64.ActiveCfg = Debug|Win32
		{F74C628D-73D0-4A32-B8CB-91FF691C7406}.DEBUG_DLL|x64.Build.0 = Debug|Win32
		{F74C628D-73D0-4A32-B8CB-91FF691C7406}.DEBUG_DLL|x86.ActiveCfg = DEBUG_WIN32|Win32
		{F74C628D-73D0-4A32-B8CB-91FF691C7406}.DEBUG_DLL|x86.Build.0 = DEBUG_WIN32|Win32
		{F74C628D-73D0-4A32-B8CB-91FF691C7406}.DEBUG_WIN32_DLL|x64.ActiveCfg = DEBUG_WIN32_DLL|Win32
		{F74C628D-73D0-4A32-B8CB-91FF691C7406}.DEBUG_WIN32_DLL|x86.ActiveCfg = DEBUG_WIN32_DLL|Win32
		{F74C628D-73D0-4A32-B8CB-91FF691C7406}.DEBUG_WIN32_DLL|x86.Build.0 = DEBUG_WIN32_DLL|Win32
		{F74C628D-73D0-4A32-B8CB-91FF691C7406}.DEBUG_WIN32|x64.ActiveCfg = DEBUG_WIN32|Win32
		{F74C628D-73D0-4A32-B8CB-91FF691C7406}.DEBUG_WIN32|x86.ActiveCfg = DEBUG_WIN32|Win32
		{F74C628D-73D0-4A32-B8CB-91FF691C7406}.DEBUG_WIN32|x86.Build.0 = DEBUG_WIN32|Win32
		{F74C628D-73D0-4A32-B8CB-91FF691C7406}.Debug|x64.ActiveCfg = Debug|Win32
		{F74C628D-73D0-4A32-B8CB-91FF691C7406}.Debug|x86.ActiveCfg = Debug|Win32
		{F74C628D-73D0-4A32-B8CB-91FF691C7406}.Debug|x86.Build.0 = Debug|Win32
		{F74C628D-73D0-4A32-B8CB-91FF691C7406}.DebugDLL|x64.ActiveCfg = Debug|Win32
		{F74C628D-73D0-4A32-B8CB-91FF691C7406}.DebugDLL|x64.Build.0 = Debug|Win32
		{F74C628D-73D0-4A32-B8CB-91FF691C7406}.DebugDLL|x86.ActiveCfg = Debug|Win32
		{F74C628D-73D0-4A32-B8CB-91FF691C7406}.DebugDLL|x86.Build.0 = Debug|Win32
		{F74C628D-73D0-4A32-B8CB-91FF691C7406}.DebugDLLWinRT|x64.ActiveCfg = Debug|Win32
		{F74C628D-73D0-4A32-B8CB-91FF691C7406}.DebugDLLWinRT|x64.Build.0 = Debug|Win32
		{F74C628D-73D0-4A32-B8CB-91FF691C7406}.DebugDLLWinRT|x86.ActiveCfg = Debug|Win32
		{F74C628D-73D0-4A32-B8CB-91FF691C7406}.DebugDLLWinRT|x86.Build.0 = Debug|Win32
		{F74C628D-73D0-4A32-B8CB-91FF691C7406}.DebugWinRT|x64.ActiveCfg = Debug|Win32
		{F74C628D-73D0-4A32-B8CB-91FF691C7406}.DebugWinRT|x64.Build.0 = Debug|Win32
		{F74C628D-73D0-4A32-B8CB-91FF691C7406}.DebugWinRT|x86.ActiveCfg = Debug|Win32
		{F74C628D-73D0-4A32-B8CB-91FF691C7406}.DebugWinRT|x86.Build.0 = Debug|Win32
		{F74C628D-73D0-4A32-B8CB-91FF691C7406}.MinSizeRel|x64.ActiveCfg = Debug|Win32
		{F74C628D-73D0-4A32-B8CB-91FF691C7406}.MinSizeRel|x64.Build.0 = Debug|Win32
		{F74C628D-73D0-4A32-B8CB-91FF691C7406}.MinSizeRel|x86.ActiveCfg = Debug|Win32
		{F74C628D-73D0-4A32-B8CB-91FF691C7406}.MinSizeRel|x86.Build.0 = Debug|Win32
		{F74C628D-73D0-4A32-B8CB-91FF691C7406}.Release|x64.ActiveCfg = Release|Win32
		{F74C628D-73D0-4A32-B8CB-91FF691C7406}.Release|x86.ActiveCfg = Release|Win32
		{F74C628D-73D0-4A32-B8CB-91FF691C7406}.Release|x86.Build.0 = Release|Win32
		{F74C628D-73D0-4A32-B8CB-91FF691C7406}.ReleaseDLL|x64.ActiveCfg = Debug|Win32
		{F74C628D-73D0-4A32-B8CB-91FF691C7406}.ReleaseDLL|x64.Build.0 = Debug|Win32
		{F74C628D-73D0-4A32-B8CB-91FF691C7406}.ReleaseDLL|x86.ActiveCfg = Release|Win32
		{F74C628D-73D0-4A32-B8CB-91FF691C7406}.ReleaseDLL|x86.Build.0 = Release|Win32
		{F74C628D-73D0-4A32-B8CB-91FF691C7406}.ReleaseDLLStaticDeps|x64.ActiveCfg = Debug|Win32
		{F74C628D-73D0-4A32-B8CB-91FF691C7406}.ReleaseDLLStaticDeps|x64.Build.0 = Debug|Win32
		{F74C628D-73D0-4A32-B8CB-91FF691C7406}.ReleaseDLLStaticDeps|x86.ActiveCfg = Release|Win32
		{F74C628D-73D0-4A32-B8CB-91FF691C7406}.ReleaseDLLStaticDeps|x86.Build.0 = Release|Win32
		{F74C628D-73D0-4A32-B8CB-91FF691C7406}.ReleaseDLLWinRT|x64.ActiveCfg = Debug|Win32
		{F74C628D-73D0-4A32-B8CB-91FF691C7406}.ReleaseDLLWinRT|x64.Build.0 = Debug|Win32
		{F74C628D-73D0-4A32-B8CB-91FF691C7406}.ReleaseDLLWinRT|x86.ActiveCfg = Release|Win32
		{F74C628D-73D0-4A32-B8CB-91FF691C7406}.ReleaseDLLWinRT|x86.Build.0 = Release|Win32
		{F74C628D-73D0-4A32-B8CB-91FF691C7406}.ReleaseDLLWinRTStaticDeps|x64.ActiveCfg = Debug|Win32
		{F74C628D-73D0-4A32-B8CB-91FF691C7406}.ReleaseDLLWinRTStaticDeps|x64.Build.0 = Debug|Win32
		{F74C628D-73D0-4A32-B8CB-91FF691C7406}.ReleaseDLLWinRTStaticDeps|x86.ActiveCfg = Release|Win32
		{F74C628D-73D0-4A32-B8CB-91FF691C7406}.ReleaseDLLWinRTStaticDeps|x86.Build.0 = Release|Win32
		{F74C628D-73D0-4A32-B8CB-91FF691C7406}.ReleaseWinRT|x64.ActiveCfg = Debug|Win32
		{F74C628D-73D0-4A32-B8CB-91FF691C7406}.ReleaseWinRT|x64.Build.0 = Debug|Win32
		{F74C628D-73D0-4A32-B8CB-91FF691C7406}.ReleaseWinRT|x86.ActiveCfg = Release|Win32
		{F74C628D-73D0-4A32-B8CB-91FF691C7406}.ReleaseWinRT|x86.Build.0 = Release|Win32
		{F74C628D-73D0-4A32-B8CB-91FF691C7406}.RelWithDebInfo|x64.ActiveCfg = Debug|Win32
		{F74C628D-73D0-4A32-B8CB-91FF691C7406}.RelWithDebInfo|x64.Build.0 = Debug|Win32
		{F74C628D-73D0-4A32-B8CB-91FF691C7406}.RelWithDebInfo|x86.ActiveCfg = Release|Win32
		{F74C628D-73D0-4A32-B8CB-91FF691C7406}.RelWithDebInfo|x86.Build.0 = Release|Win32
		{7E272A38-C010-4BA1-9C86-0E4A16C7BECE}.DEBUG_DLL|x64.ActiveCfg = Debug|Win32
		{7E272A38-C010-4BA1-9C86-0E4A16C7BECE}.DEBUG_DLL|x64.Build.0 = Debug|Win32
		{7E272A38-C010-4BA1-9C86-0E4A16C7BECE}.DEBUG_DLL|x86.ActiveCfg = DEBUG_WIN32|Win32
		{7E272A38-C010-4BA1-9C86-0E4A16C7BECE}.DEBUG_DLL|x86.Build.0 = DEBUG_WIN32|Win32
		{7E272A38-C010-4BA1-9C86-0E4A16C7BECE}.DEBUG_WIN32_DLL|x64.ActiveCfg = DEBUG_WIN32_DLL|Win32
		{7E272A38-C010-4BA1-9C86-0E4A16C7BECE}.DEBUG_WIN32_DLL|x86.ActiveCfg = DEBUG_WIN32_DLL|Win32
		{7E272A38-C010-4BA1-9C86-0E4A16C7BECE}.DEBUG_WIN32_DLL|x86.Build.0 = DEBUG_WIN32_DLL|Win32
		{7E272A38-C010-4BA1-9C86-0E4A16C7BECE}.DEBUG_WIN32|x64.ActiveCfg = DEBUG_WIN32|Win32
		{7E272A38-C010-4BA1-9C86-0E4A16C7BECE}.DEBUG_WIN32|x86.ActiveCfg = DEBUG_WIN32|Win32
		{7E272A38-C010-4BA1-9C86-0E4A16C7BECE}.DEBUG_WIN32|x86.Build.0 = DEBUG_WIN32|Win32
		{7E272A38-C010-4BA1-9C86-0E4A16C7BECE}.Debug|x64.ActiveCfg = Debug|Win32
		{7E272A38-C010-4BA1-9C86-0E4A16C7BECE}.Debug|x86.ActiveCfg = Debug|Win32
		{7E272A38-C010-4BA1-9C86-0E4A16C7BECE}.Debug|x86.Build.0 = Debug|Win32
		{7E272A38-C010-4BA1-9C86-0E4A16C7BECE}.DebugDLL|x64.ActiveCfg = Debug|Win32
		{7E272A38-C010-4BA1-9C86-0E4A16C7BECE}.DebugDLL|x64.Build.0 = Debug|Win32
		{7E272A38-C010-4BA1-9C86-0E4A16C7BECE}.DebugDLL|x86.ActiveCfg = Debug|Win32
		{7E272A38-C010-4BA1-9C86-0E4A16C7BECE}.DebugDLL|x86.Build.0 = Debug|Win32
		{7E272A38-C010-4BA1-9C86-0E4A16C7BECE}.DebugDLLWinRT|x64.ActiveCfg = Debug|Win32
		{7E272A38-C010-4BA1-9C86-0E4A16C7BECE}.DebugDLLWinRT|x64.Build.0 = Debug|Win32
		{7E272A38-C010-4BA1-9C86-0E4A16C7BECE}.DebugDLLWinRT|x86.ActiveCfg = Debug|Win32
		{7E272A38-C010-4BA1-9C86-0E4A16C7BECE}.DebugDLLWinRT|x86.Build.0 = Debug|Win32
		{7E272A38-C010-4BA1-9C86-0E4A16C7BECE}.DebugWinRT|x64.ActiveCfg = Debug|Win32
		{7E272A38-C010-4BA1-9C86-0E4A16C7BECE}.DebugWinRT|x64.Build.0 = Debug|Win32
		{7E272A38-C010-4BA1-9C86-0E4A16C7BECE}.DebugWinRT|x86.ActiveCfg = Debug|Win32
		{7E272A38-C010-4BA1-9C86-0E4A16C7BECE}.DebugWinRT|x86.Build.0 = Debug|Win32
		{7E272A38-C010-4BA1-9C86-0E4A16C7BECE}.MinSizeRel|x64.ActiveCfg = Debug|Win32
		{7E272A38-C010-4BA1-9C86-0E4A16C7BECE}.MinSizeRel|x64.Build.0 = Debug|Win32
		{7E272A38-C010-4BA1-9C86-0E4A16C7BECE}.MinSizeRel|x86.ActiveCfg = Debug|Win32
		{7E272A38-C010-4BA1-9C86-0E4A16C7BECE}.MinSizeRel|x86.Build.0 = Debug|Win32
		{7E272A38-C010-4BA1-9C86-0E4A16C7BECE}.Release|x64.ActiveCfg = Release|Win32
		{7E272A38-C010-4BA1-9C86-0E4A16C7BECE}.Release|x86.ActiveCfg = Release|Win32
		{7E272A38-C010-4BA1-9C86-0E4A16C7BECE}.Release|x86.Build.0 = Release|Win32
		{7E272A38-C010-4BA1-9C86-0E4A16C7BECE}.ReleaseDLL|x64.ActiveCfg = Debug|Win32
		{7E272A38-C010-4BA1-9C86-0E4A16C7BECE}.ReleaseDLL|x64.Build.0 = Debug|Win32
		{7E272A38-C010-4BA1-9C86-0E4A16C7BECE}.ReleaseDLL|x86.ActiveCfg = Release|Win32
		{7E272A38-C010-4BA1-9C86-0E4A16C7BECE}.ReleaseDLL|x86.Build.0 = Release|Win32
		{7E272A38-C010-4BA1-9C86-0E4A16C7BECE}.ReleaseDLLStaticDeps|x64.ActiveCfg = Debug|Win32
		{7E272A38-C010-4BA1-9C86-0E4A16C7BECE}.ReleaseDLLStaticDeps|x64.Build.0 = Debug|Win32
		{7E272A38-C010-4BA1-9C86-0E4A16C7BECE}.ReleaseDLLStaticDeps|x86.ActiveCfg = Release|Win32
		{7E272A38-C010-4BA1-9C86-0E4A16C7BECE}.ReleaseDLLStaticDeps|x86.Build.0 = Release|Win32
		{7E272A38-C010-4BA1-9C86-0E4A16C7BECE}.ReleaseDLLWinRT|x64.ActiveCfg = Debug|Win32
		{7E272A38-C010-4BA1-9C86-0E4A16C7BECE}.ReleaseDLLWinRT|x64.Build.0 = Debug|Win32
		{7E272A38-C010-4BA1-9C86-0E4A16C7BECE}.ReleaseDLLWinRT|x86.ActiveCfg = Release|Win32
		{7E272A38-C010-4BA1-9C86-0E4A16C7BECE}.ReleaseDLLWinRT|x86.Build.0 = Release|Win32
		{7E272A38-C010-4BA1-9C86-0E4A16C7BECE}.ReleaseDLLWinRTStaticDeps|x64.ActiveCfg = Debug|Win32
		{7E272A38-C010-4BA1-9C86-0E4A16C7BECE}.ReleaseDLLWinRTStaticDeps|x64.Build.0 = Debug|Win32
		{7E272A38-C010-4BA1-9C86-0E4A16C7BECE}.ReleaseDLLWinRTStaticDeps|x86.ActiveCfg = Release|Win32
		{7E272A38-C010-4BA1-9C86-0E4A16C7BECE}.ReleaseDLLWinRTStaticDeps|x86.Build.0 = Release|Win32
		{7E272A38-C010-4BA1-9C86-0E4A16C7BECE}.ReleaseWinRT|x64.ActiveCfg = Debug|Win32
		{7E272A38-C010-4BA1-9C86-0E4A16C7BECE}.ReleaseWinRT|x64.Build.0 = Debug|Win32
		{7E272A38-C010-4BA1-9C86-0E4A16C7BECE}.ReleaseWinRT|x86.ActiveCfg = Release|Win32
		{7E272A38-C010-4BA1-9C86-0E4A16C7BECE}.ReleaseWinRT|x86.Build.0 = Release|Win32
		{7E272A38-C010-4BA1-9C86-0E4A16C7BECE}.RelWithDebInfo|x64.ActiveCfg = Debug|Win32
		{7E272A38-C010-4BA1-9C86-0E4A16C7BECE}.RelWithDebInfo|x64.Build.0 = Debug|Win32
		{7E272A38-C010-4BA1-9C86-0E4A16C7BECE}.RelWithDebInfo|x86.ActiveCfg = Release|Win32
		{7E272A38-C010-4BA1-9C86-0E4A16C7BECE}.RelWithDebInfo|x86.Build.0 = Release|Win32
		{ED9B4394-BD6B-418D-8225-B0A5FB458517}.DEBUG_DLL|x64.ActiveCfg = Debug|Win32
		{ED9B4394-BD6B-418D-8225-B0A5FB458517}.DEBUG_DLL|x64.Build.0 = Debug|Win32
		{ED9B4394-BD6B-418D-8225-B0A5FB458517}.DEBUG_DLL|x86.ActiveCfg = DEBUG_WIN32|Win32
		{ED9B4394-BD6B-418D-8225-B0A5FB458517}.DEBUG_DLL|x86.Build.0 = DEBUG_WIN32|Win32
		{ED9B4394-BD6B-418D-8225-B0A5FB458517}.DEBUG_WIN32_DLL|x64.ActiveCfg = DEBUG_WIN32_DLL|Win32
		{ED9B4394-BD6B-418D-8225-B0A5FB458517}.DEBUG_WIN32_DLL|x86.ActiveCfg = DEBUG_WIN32_DLL|Win32
		{ED9B4394-BD6B-418D-8225-B0A5FB458517}.DEBUG_WIN32_DLL|x86.Build.0 = DEBUG_WIN32_DLL|Win32
		{ED9B4394-BD6B-418D-8225-B0A5FB458517}.DEBUG_WIN32|x64.ActiveCfg = DEBUG_WIN32|Win32
		{ED9B4394-BD6B-418D-8225-B0A5FB458517}.DEBUG_WIN32|x86.ActiveCfg = DEBUG_WIN32|Win32
		{ED9B4394-BD6B-418D-8225-B0A5FB458517}.DEBUG_WIN32|x86.Build.0 = DEBUG_WIN32|Win32
		{ED9B4394-BD6B-418D-8225-B0A5FB458517}.Debug|x64.ActiveCfg = Debug|Win32
		{ED9B4394-BD6B-418D-8225-B0A5FB458517}.Debug|x86.ActiveCfg = Debug|Win32
		{ED9B4394-BD6B-418D-8225-B0A5FB458517}.Debug|x86.Build.0 = Debug|Win32
		{ED9B4394-BD6B-418D-8225-B0A5FB458517}.DebugDLL|x64.ActiveCfg = Debug|Win32
		{ED9B4394-BD6B-418D-8225-B0A5FB458517}.DebugDLL|x64.Build.0 = Debug|Win32
		{ED9B4394-BD6B-418D-8225-B0A5FB458517}.DebugDLL|x86.ActiveCfg = Debug|Win32
		{ED9B4394-BD6B-418D-8225-B0A5FB458517}.DebugDLL|x86.Build.0 = Debug|Win32
		{ED9B4394-BD6B-418D-8225-B0A5FB458517}.DebugDLLWinRT|x64.ActiveCfg = Debug|Win32
		{ED9B4394-BD6B-418D-8225-B0A5FB458517}.DebugDLLWinRT|x64.Build.0 = Debug|Win32
		{ED9B4394-BD6B-418D-8225-B0A5FB458517}.DebugDLLWinRT|x86.ActiveCfg = Debug|Win32
		{ED9B4394-BD6B-418D-8225-B0A5FB458517}.DebugDLLWinRT|x86.Build.0 = Debug|Win32
		{ED9B4394-BD6B-418D-8225-B0A5FB458517}.DebugWinRT|x64.ActiveCfg = Debug|Win32
		{ED9B4394-BD6B-418D-8225-B0A5FB458517}.DebugWinRT|x64.Build.0 = Debug|Win32
		{ED9B4394-BD6B-418D-8225-B0A5FB458517}.DebugWinRT|x86.ActiveCfg = Debug|Win32
		{ED9B4394-BD6B-418D-8225-B0A5FB458517}.DebugWinRT|x86.Build.0 = Debug|Win32
		{ED9B4394-BD6B-418D-8225-B0A5FB458517}.MinSizeRel|x64.ActiveCfg = Debug|Win32
		{ED9B4394-BD6B-418D-8225-B0A5FB458517}.MinSizeRel|x64.Build.0 = Debug|Win32
		{ED9B4394-BD6B-418D-8225-B0A5FB458517}.MinSizeRel|x86.ActiveCfg = Debug|Win32
		{ED9B4394-BD6B-418D-8225-B0A5FB458517}.MinSizeRel|x86.Build.0 = Debug|Win32
		{ED9B4394-BD6B-418D-8225-B0A5FB458517}.Release|x64.ActiveCfg = Release|Win32
		{ED9B4394-BD6B-418D-8225-B0A5FB458517}.Release|x86.ActiveCfg = Release|Win32
		{ED9B4394-BD6B-418D-8225-B0A5FB458517}.Release|x86.Build.0 = Release|Win32
		{ED9B4394-BD6B-418D-8225-B0A5FB458517}.ReleaseDLL|x64.ActiveCfg = Debug|Win32
		{ED9B4394-BD6B-418D-8225-B0A5FB458517}.ReleaseDLL|x64.Build.0 = Debug|Win32
		{ED9B4394-BD6B-418D-8225-B0A5FB458517}.ReleaseDLL|x86.ActiveCfg = Release|Win32
		{ED9B4394-BD6B-418D-8225-B0A5FB458517}.ReleaseDLL|x86.Build.0 = Release|Win32
		{ED9B4394-BD6B-418D-8225-B0A5FB458517}.ReleaseDLLStaticDeps|x64.ActiveCfg = Debug|Win32
		{ED9B4394-BD6B-418D-8225-B0A5FB458517}.ReleaseDLLStaticDeps|x64.Build.0 = Debug|Win32
		{ED9B4394-BD6B-418D-8225-B0A5FB458517}.ReleaseDLLStaticDeps|x86.ActiveCfg = Release|Win32
		{ED9B4394-BD6B-418D-8225-B0A5FB458517}.ReleaseDLLStaticDeps|x86.Build.0 = Release|Win32
		{ED9B4394-BD6B-418D-8225-B0A5FB458517}.ReleaseDLLWinRT|x64.ActiveCfg = Debug|Win32
		{ED9B4394-BD6B-418D-8225-B0A5FB458517}.ReleaseDLLWinRT|x64.Build.0 = Debug|Win32
		{ED9B4394-BD6B-418D-8225-B0A5FB458517}.ReleaseDLLWinRT|x86.ActiveCfg = Release|Win32
		{ED9B4394-BD6B-418D-8225-B0A5FB458517}.ReleaseDLLWinRT|x86.Build.0 = Release|Win32
		{ED9B4394-BD6B-418D-8225-B0A5FB458517}.ReleaseDLLWinRTStaticDeps|x64.ActiveCfg = Debug|Win32
		{ED9B4394-BD6B-418D-8225-B0A5FB458517}.ReleaseDLLWinRTStaticDeps|x64.Build.0 = Debug|Win32
		{ED9B4394-BD6B-418D-8225-B0A5FB458517}.ReleaseDLLWinRTStaticDeps|x86.ActiveCfg = Release|Win32
		{ED9B4394-BD6B-418D-8225-B0A5FB458517}.ReleaseDLLWinRTStaticDeps|x86.Build.0 = Release|Win32
		{ED9B4394-BD6B-418D-8225-B0A5FB458517}.ReleaseWinRT|x64.ActiveCfg = Debug|Win32
		{ED9B4394-BD6B-418D-8225-B0A5FB458517}.ReleaseWinRT|x64.Build.0 = Debug|Win32
		{ED9B4394-BD6B-418D-8225-B0A5FB458517}.ReleaseWinRT|x86.ActiveCfg = Release|Win32
		{ED9B4394-BD6B-418D-8225-B0A5FB458517}.ReleaseWinRT|x86.Build.0 = Release|Win32
		{ED9B4394-BD6B-418D-8225-B0A5FB458517}.RelWithDebInfo|x64.ActiveCfg = Debug|Win32
		{ED9B4394-BD6B-418D-8225-B0A5FB458517}.RelWithDebInfo|x64.Build.0 = Debug|Win32
		{ED9B4394-BD6B-418D-8225-B0A5FB458517}.RelWithDebInfo|x86.ActiveCfg = Release|Win32
		{ED9B4394-BD6B-418D-8225-B0A5FB458517}.RelWithDebInfo|x86.Build.0 = Release|Win32
		{DADA28EA-AA5F-4E74-8D26-6CB7B742D16F}.DEBUG_DLL|x64.ActiveCfg = Debug|Win32
		{DADA28EA-AA5F-4E74-8D26-6CB7B742D16F}.DEBUG_DLL|x64.Build.0 = Debug|Win32
		{DADA28EA-AA5F-4E74-8D26-6CB7B742D16F}.DEBUG_DLL|x86.ActiveCfg = DEBUG_WIN32|Win32
		{DADA28EA-AA5F-4E74-8D26-6CB7B742D16F}.DEBUG_DLL|x86.Build.0 = DEBUG_WIN32|Win32
		{DADA28EA-AA5F-4E74-8D26-6CB7B742D16F}.DEBUG_WIN32_DLL|x64.ActiveCfg = DEBUG_WIN32_DLL|Win32
		{DADA28EA-AA5F-4E74-8D26-6CB7B742D16F}.DEBUG_WIN32_DLL|x86.ActiveCfg = DEBUG_WIN32_DLL|Win32
		{DADA28EA-AA5F-4E74-8D26-6CB7B742D16F}.DEBUG_WIN32_DLL|x86.Build.0 = DEBUG_WIN32_DLL|Win32
		{DADA28EA-AA5F-4E74-8D26-6CB7B742D16F}.DEBUG_WIN32|x64.ActiveCfg = DEBUG_WIN32|Win32
		{DADA28EA-AA5F-4E74-8D26-6CB7B742D16F}.DEBUG_WIN32|x86.ActiveCfg = DEBUG_WIN32|Win32
		{DADA28EA-AA5F-4E74-8D26-6CB7B742D16F}.DEBUG_WIN32|x86.Build.0 = DEBUG_WIN32|Win32
		{DADA28EA-AA5F-4E74-8D26-6CB7B742D16F}.Debug|x64.ActiveCfg = Debug|Win32
		{DADA28EA-AA5F-4E74-8D26-6CB7B742D16F}.Debug|x86.ActiveCfg = Debug|Win32
		{DADA28EA-AA5F-4E74-8D26-6CB7B742D16F}.Debug|x86.Build.0 = Debug|Win32
		{DADA28EA-AA5F-4E74-8D26-6CB7B742D16F}.DebugDLL|x64.ActiveCfg = Debug|Win32
		{DADA28EA-AA5F-4E74-8D26-6CB7B742D16F}.DebugDLL|x64.Build.0 = Debug|Win32
		{DADA28EA-AA5F-4E74-8D26-6CB7B742D16F}.DebugDLL|x86.ActiveCfg = Debug|Win32
		{DADA28EA-AA5F-4E74-8D26-6CB7B742D16F}.DebugDLL|x86.Build.0 = Debug|Win32
		{DADA28EA-AA5F-4E74-8D26-6CB7B742D16F}.DebugDLLWinRT|x64.ActiveCfg = Debug|Win32
		{DADA28EA-AA5F-4E74-8D26-6CB7B742D16F}.DebugDLLWinRT|x64.Build.0 = Debug|Win32
		{DADA28EA-AA5F-4E74-8D26-6CB7B742D16F}.DebugDLLWinRT|x86.ActiveCfg = Debug|Win32
		{DADA28EA-AA5F-4E74-8D26-6CB7B742D16F}.DebugDLLWinRT|x86.Build.0 = Debug|Win32
		{DADA28EA-AA5F-4E74-8D26-6CB7B742D16F}.DebugWinRT|x64.ActiveCfg = Debug|Win32
		{DADA28EA-AA5F-4E74-8D26-6CB7B742D16F}.DebugWinRT|x64.Build.0 = Debug|Win32
		{DADA28EA-AA5F-4E74-8D26-6CB7B742D16F}.DebugWinRT|x86.ActiveCfg = Debug|Win32
		{DADA28EA-AA5F-4E74-8D26-6CB7B742D16F}.DebugWinRT|x86.Build.0 = Debug|Win32
		{DADA28EA-AA5F-4E74-8D26-6CB7B742D16F}.MinSizeRel|x64.ActiveCfg = Debug|Win32
		{DADA28EA-AA5F-4E74-8D26-6CB7B742D16F}.MinSizeRel|x64.Build.0 = Debug|Win32
		{DADA28EA-AA5F-4E74-8D26-6CB7B742D16F}.MinSizeRel|x86.ActiveCfg = Debug|Win32
		{DADA28EA-AA5F-4E74-8D26-6CB7B742D16F}.MinSizeRel|x86.Build.0 = Debug|Win32
		{DADA28EA-AA5F-4E74-8D26-6CB7B742D16F}.Release|x64.ActiveCfg = Release|Win32
		{DADA28EA-AA5F-4E74-8D26-6CB7B742D16F}.Release|x86.ActiveCfg = Release|Win32
		{DADA28EA-AA5F-4E74-8D26-6CB7B742D16F}.Release|x86.Build.0 = Release|Win32
		{DADA28EA-AA5F-4E74-8D26-6CB7B742D16F}.ReleaseDLL|x64.ActiveCfg = Debug|Win32
		{DADA28EA-AA5F-4E74-8D26-6CB7B742D16F}.ReleaseDLL|x64.Build.0 = Debug|Win32
		{DADA28EA-AA5F-4E74-8D26-6CB7B742D16F}.ReleaseDLL|x86.ActiveCfg = Release|Win32
		{DADA28EA-AA5F-4E74-8D26-6CB7B742D16F}.ReleaseDLL|x86.Build.0 = Release|Win32
		{DADA28EA-AA5F-4E74-8D26-6CB7B742D16F}.ReleaseDLLStaticDeps|x64.ActiveCfg = Debug|Win32
		{DADA28EA-AA5F-4E74-8D26-6CB7B742D16F}.ReleaseDLLStaticDeps|x64.Build.0 = Debug|Win32
		{DADA28EA-AA5F-4E74-8D26-6CB7B742D16F}.ReleaseDLLStaticDeps|x86.ActiveCfg = Release|Win32
		{DADA28EA-AA5F-4E74-8D26-6CB7B742D16F}.ReleaseDLLStaticDeps|x86.Build.0 = Release|Win32
		{DADA28EA-AA5F-4E74-8D26-6CB7B742D16F}.ReleaseDLLWinRT|x64.ActiveCfg = Debug|Win32
		{DADA28EA-AA5F-4E74-8D26-6CB7B742D16F}.ReleaseDLLWinRT|x64.Build.0 = Debug|Win32
		{DADA28EA-AA5F-4E74-8D26-6CB7B742D16F}.ReleaseDLLWinRT|x86.ActiveCfg = Release|Win32
		{DADA28EA-AA5F-4E74-8D26-6CB7B742D16F}.ReleaseDLLWinRT|x86.Build.0 = Release|Win32
		{DADA28EA-AA5F-4E74-8D26-6CB7B742D16F}.ReleaseDLLWinRTStaticDeps|x64.ActiveCfg = Debug|Win32
		{DADA28EA-AA5F-4E74-8D26-6CB7B742D16F}.ReleaseDLLWinRTStaticDeps|x64.Build.0 = Debug|Win32
		{DADA28EA-AA5F-4E74-8D26-6CB7B742D16F}.ReleaseDLLWinRTStaticDeps|x86.ActiveCfg = Release|Win32
		{DADA28EA-AA5F-4E74-8D26-6CB7B742D16F}.ReleaseDLLWinRTStaticDeps|x86.Build.0 = Release|Win32
		{DADA28EA-AA5F-4E74-8D26-6CB7B742D16F}.ReleaseWinRT|x64.ActiveCfg = Debug|Win32
		{DADA28EA-AA5F-4E74-8D26-6CB7B742D16F}.ReleaseWinRT|x64.Build.0 = Debug|Win32
		{DADA28EA-AA5F-4E74-8D26-6CB7B742D16F}.ReleaseWinRT|x86.ActiveCfg = Release|Win32
		{DADA28EA-AA5F-4E74-8D26-6CB7B742D16F}.ReleaseWinRT|x86.Build.0 = Release|Win32
		{DADA28EA-AA5F-4E74-8D26-6CB7B742D16F}.RelWithDebInfo|x64.ActiveCfg = Debug|Win32
		{DADA28EA-AA5F-4E74-8D26-6CB7B742D16F}.RelWithDebInfo|x64.Build.0 = Debug|Win32
		{DADA28EA-AA5F-4E74-8D26-6CB7B742D16F}.RelWithDebInfo|x86.ActiveCfg = Release|Win32
		{DADA28EA-AA5F-4E74-8D26-6CB7B742D16F}.RelWithDebInfo|x86.Build.0 = Release|Win32
		{DF17C9E4-4C20-4CDE-A137-31C48F69F9D9}.DEBUG_DLL|x64.ActiveCfg = Debug|Win32
		{DF17C9E4-4C20-4CDE-A137-31C48F69F9D9}.DEBUG_DLL|x64.Build.0 = Debug|Win32
		{DF17C9E4-4C20-4CDE-A137-31C48F69F9D9}.DEBUG_DLL|x86.ActiveCfg = DEBUG_WIN32|Win32
		{DF17C9E4-4C20-4CDE-A137-31C48F69F9D9}.DEBUG_DLL|x86.Build.0 = DEBUG_WIN32|Win32
		{DF17C9E4-4C20-4CDE-A137-31C48F69F9D9}.DEBUG_WIN32_DLL|x64.ActiveCfg = DEBUG_WIN32_DLL|Win32
		{DF17C9E4-4C20-4CDE-A137-31C48F69F9D9}.DEBUG_WIN32_DLL|x86.ActiveCfg = DEBUG_WIN32_DLL|Win32
		{DF17C9E4-4C20-4CDE-A137-31C48F69F9D9}.DEBUG_WIN32_DLL|x86.Build.0 = DEBUG_WIN32_DLL|Win32
		{DF17C9E4-4C20-4CDE-A137-31C48F69F9D9}.DEBUG_WIN32|x64.ActiveCfg = DEBUG_WIN32|Win32
		{DF17C9E4-4C20-4CDE-A137-31C48F69F9D9}.DEBUG_WIN32|x86.ActiveCfg = DEBUG_WIN32|Win32
		{DF17C9E4-4C20-4CDE-A137-31C48F69F9D9}.DEBUG_WIN32|x86.Build.0 = DEBUG_WIN32|Win32
		{DF17C9E4-4C20-4CDE-A137-31C48F69F9D9}.Debug|x64.ActiveCfg = Debug|Win32
		{DF17C9E4-4C20-4CDE-A137-31C48F69F9D9}.Debug|x86.ActiveCfg = Debug|Win32
		{DF17C9E4-4C20-4CDE-A137-31C48F69F9D9}.Debug|x86.Build.0 = Debug|Win32
		{DF17C9E4-4C20-4CDE-A137-31C48F69F9D9}.DebugDLL|x64.ActiveCfg = Debug|Win32
		{DF17C9E4-4C20-4CDE-A137-31C48F69F9D9}.DebugDLL|x64.Build.0 = Debug|Win32
		{DF17C9E4-4C20-4CDE-A137-31C48F69F9D9}.DebugDLL|x86.ActiveCfg = Debug|Win32
		{DF17C9E4-4C20-4CDE-A137-31C48F69F9D9}.DebugDLL|x86.Build.0 = Debug|Win32
		{DF17C9E4-4C20-4CDE-A137-31C48F69F9D9}.DebugDLLWinRT|x64.ActiveCfg = Debug|Win32
		{DF17C9E4-4C20-4CDE-A137-31C48F69F9D9}.DebugDLLWinRT|x64.Build.0 = Debug|Win32
		{DF17C9E4-4C20-4CDE-A137-31C48F69F9D9}.DebugDLLWinRT|x86.ActiveCfg = Debug|Win32
		{DF17C9E4-4C20-4CDE-A137-31C48F69F9D9}.DebugDLLWinRT|x86.Build.0 = Debug|Win32
		{DF17C9E4-4C20-4CDE-A137-31C48F69F9D9}.DebugWinRT|x64.ActiveCfg = Debug|Win32
		{DF17C9E4-4C20-4CDE-A137-31C48F69F9D9}.DebugWinRT|x64.Build.0 = Debug|Win32
		{DF17C9E4-4C20-4CDE-A137-31C48F69F9D9}.DebugWinRT|x86.ActiveCfg = Debug|Win32
		{DF17C9E4-4C20-4CDE-A137-31C48F69F9D9}.DebugWinRT|x86.Build.0 = Debug|Win32
		{DF17C9E4-4C20-4CDE-A137-31C48F69F9D9}.MinSizeRel|x64.ActiveCfg = Debug|Win32
		{DF17C9E4-4C20-4CDE-A137-31C48F69F9D9}.MinSizeRel|x64.Build.0 = Debug|Win32
		{DF17C9E4-4C20-4CDE-A137-31C48F69F9D9}.MinSizeRel|x86.ActiveCfg = Debug|Win32
		{DF17C9E4-4C20-4CDE-A137-31C48F69F9D9}.MinSizeRel|x86.Build.0 = Debug|Win32
		{DF17C9E4-4C20-4CDE-A137-31C48F69F9D9}.Release|x64.ActiveCfg = Release|Win32
		{DF17C9E4-4C20-4CDE-A137-31C48F69F9D9}.Release|x86.ActiveCfg = Release|Win32
		{DF17C9E4-4C20-4CDE-A137-31C48F69F9D9}.Release|x86.Build.0 = Release|Win32
		{DF17C9E4-4C20-4CDE-A137-31C48F69F9D9}.ReleaseDLL|x64.ActiveCfg = Debug|Win32
		{DF17C9E4-4C20-4CDE-A137-31C48F69F9D9}.ReleaseDLL|x64.Build.0 = Debug|Win32
		{DF17C9E4-4C20-4CDE-A137-31C48F69F9D9}.ReleaseDLL|x86.ActiveCfg = Release|Win32
		{DF17C9E4-4C20-4CDE-A137-31C48F69F9D9}.ReleaseDLL|x86.Build.0 = Release|Win32
		{DF17C9E4-4C20-4CDE-A137-31C48F69F9D9}.ReleaseDLLStaticDeps|x64.ActiveCfg = Debug|Win32
		{DF17C9E4-4C20-4CDE-A137-31C48F69F9D9}.ReleaseDLLStaticDeps|x64.Build.0 = Debug|Win32
		{DF17C9E4-4C20-4CDE-A137-31C48F69F9D9}.ReleaseDLLStaticDeps|x86.ActiveCfg = Release|Win32
		{DF17C9E4-4C20-4CDE-A137-31C48F69F9D9}.ReleaseDLLStaticDeps|x86.Build.0 = Release|Win32
		{DF17C9E4-4C20-4CDE-A137-31C48F69F9D9}.ReleaseDLLWinRT|x64.ActiveCfg = Debug|Win32
		{DF17C9E4-4C20-4CDE-A137-31C48F69F9D9}.ReleaseDLLWinRT|x64.Build.0 = Debug|Win32
		{DF17C9E4-4C20-4CDE-A137-31C48F69F9D9}.ReleaseDLLWinRT|x86.ActiveCfg = Release|Win32
		{DF17C9E4-4C20-4CDE-A137-31C48F69F9D9}.ReleaseDLLWinRT|x86.Build.0 = Release|Win32
		{DF17C9E4-4C20-4CDE-A137-31C48F69F9D9}.ReleaseDLLWinRTStaticDeps|x64.ActiveCfg = Debug|Win32
		{DF17C9E4-4C20-4CDE-A137-31C48F69F9D9}.ReleaseDLLWinRTStaticDeps|x64.Build.0 = Debug|Win32
		{DF17C9E4-4C20-4CDE-A137-31C48F69F9D9}.ReleaseDLLWinRTStaticDeps|x86.ActiveCfg = Release|Win32
		{DF17C9E4-4C20-4CDE-A137-31C48F69F9D9}.ReleaseDLLWinRTStaticDeps|x86.Build.0 = Release|Win32
		{DF17C9E4-4C20-4CDE-A137-31C48F69F9D9}.ReleaseWinRT|x64.ActiveCfg = Debug|Win32
		{DF17C9E4-4C20-4CDE-A137-31C48F69F9D9}.ReleaseWinRT|x64.Build.0 = Debug|Win32
		{DF17C9E4-4C20-4CDE-A137-31C48F69F9D9}.ReleaseWinRT|x86.ActiveCfg = Release|Win32
		{DF17C9E4-4C20-4CDE-A137-31C48F69F9D9}.ReleaseWinRT|x86.Build.0 = Release|Win32
		{DF17C9E4-4C20-4CDE-A137-31C48F69F9D9}.RelWithDebInfo|x64.ActiveCfg = Debug|Win32
		{DF17C9E4-4C20-4CDE-A137-31C48F69F9D9}.RelWithDebInfo|x64.Build.0 = Debug|Win32
		{DF17C9E4-4C20-4CDE-A137-31C48F69F9D9}.RelWithDebInfo|x86.ActiveCfg = Release|Win32
		{DF17C9E4-4C20-4CDE-A137-31C48F69F9D9}.RelWithDebInfo|x86.Build.0 = Release|Win32
		{4E58A697-F642-4360-9F39-156F3314F71B}.DEBUG_DLL|x64.ActiveCfg = Debug|Win32
		{4E58A697-F642-4360-9F39-156F3314F71B}.DEBUG_DLL|x64.Build.0 = Debug|Win32
		{4E58A697-F642-4360-9F39-156F3314F71B}.DEBUG_DLL|x86.ActiveCfg = DEBUG_WIN32|Win32
		{4E58A697-F642-4360-9F39-156F3314F71B}.DEBUG_DLL|x86.Build.0 = DEBUG_WIN32|Win32
		{4E58A697-F642-4360-9F39-156F3314F71B}.DEBUG_WIN32_DLL|x64.ActiveCfg = DEBUG_WIN32_DLL|Win32
		{4E58A697-F642-4360-9F39-156F3314F71B}.DEBUG_WIN32_DLL|x86.ActiveCfg = DEBUG_WIN32_DLL|Win32
		{4E58A697-F642-4360-9F39-156F3314F71B}.DEBUG_WIN32_DLL|x86.Build.0 = DEBUG_WIN32_DLL|Win32
		{4E58A697-F642-4360-9F39-156F3314F71B}.DEBUG_WIN32|x64.ActiveCfg = DEBUG_WIN32|Win32
		{4E58A697-F642-4360-9F39-156F3314F71B}.DEBUG_WIN32|x86.ActiveCfg = DEBUG_WIN32|Win32
		{4E58A697-F642-4360-9F39-156F3314F71B}.DEBUG_WIN32|x86.Build.0 = DEBUG_WIN32|Win32
		{4E58A697-F642-4360-9F39-156F3314F71B}.Debug|x64.ActiveCfg = Debug|Win32
		{4E58A697-F642-4360-9F39-156F3314F71B}.Debug|x86.ActiveCfg = Debug|Win32
		{4E58A697-F642-4360-9F39-156F3314F71B}.Debug|x86.Build.0 = Debug|Win32
		{4E58A697-F642-4360-9F39-156F3314F71B}.DebugDLL|x64.ActiveCfg = Debug|Win32
		{4E58A697-F642-4360-9F39-156F3314F71B}.DebugDLL|x64.Build.0 = Debug|Win32
		{4E58A697-F642-4360-9F39-156F3314F71B}.DebugDLL|x86.ActiveCfg = Debug|Win32
		{4E58A697-F642-4360-9F39-156F3314F71B}.DebugDLL|x86.Build.0 = Debug|Win32
		{4E58A697-F642-4360-9F39-156F3314F71B}.DebugDLLWinRT|x64.ActiveCfg = Debug|Win32
		{4E58A697-F642-4360-9F39-156F3314F71B}.DebugDLLWinRT|x64.Build.0 = Debug|Win32
		{4E58A697-F642-4360-9F39-156F3314F71B}.DebugDLLWinRT|x86.ActiveCfg = Debug|Win32
		{4E58A697-F642-4360-9F39-156F3314F71B}.DebugDLLWinRT|x86.Build.0 = Debug|Win32
		{4E58A697-F642-4360-9F39-156F3314F71B}.DebugWinRT|x64.ActiveCfg = Debug|Win32
		{4E58A697-F642-4360-9F39-156F3314F71B}.DebugWinRT|x64.Build.0 = Debug|Win32
		{4E58A697-F642-4360-9F39-156F3314F71B}.DebugWinRT|x86.ActiveCfg = Debug|Win32
		{4E58A697-F642-4360-9F39-156F3314F71B}.DebugWinRT|x86.Build.0 = Debug|Win32
		{4E58A697-F642-4360-9F39-156F3314F71B}.MinSizeRel|x64.ActiveCfg = Debug|Win32
		{4E58A697-F642-4360-9F39-156F3314F71B}.MinSizeRel|x64.Build.0 = Debug|Win32
		{4E58A697-F642-4360-9F39-156F3314F71B}.MinSizeRel|x86.ActiveCfg = Debug|Win32
		{4E58A697-F642-4360-9F39-156F3314F71B}.MinSizeRel|x86.Build.0 = Debug|Win32
		{4E58A697-F642-4360-9F39-156F3314F71B}.Release|x64.ActiveCfg = Release|Win32
		{4E58A697-F642-4360-9F39-156F3314F71B}.Release|x86.ActiveCfg = Release|Win32
		{4E58A697-F642-4360-9F39-156F3314F71B}.Release|x86.Build.0 = Release|Win32
		{4E58A697-F642-4360-9F39-156F3314F71B}.ReleaseDLL|x64.ActiveCfg = Debug|Win32
		{4E58A697-F642-4360-9F39-156F3314F71B}.ReleaseDLL|x64.Build.0 = Debug|Win32
		{4E58A697-F642-4360-9F39-156F3314F71B}.ReleaseDLL|x86.ActiveCfg = Release|Win32
		{4E58A697-F642-4360-9F39-156F3314F71B}.ReleaseDLL|x86.Build.0 = Release|Win32
		{4E58A697-F642-4360-9F39-156F3314F71B}.ReleaseDLLStaticDeps|x64.ActiveCfg = Debug|Win32
		{4E58A697-F642-4360-9F39-156F3314F71B}.ReleaseDLLStaticDeps|x64.Build.0 = Debug|Win32
		{4E58A697-F642-4360-9F39-156F3314F71B}.ReleaseDLLStaticDeps|x86.ActiveCfg = Release|Win32
		{4E58A697-F642-4360-9F39-156F3314F71B}.ReleaseDLLStaticDeps|x86.Build.0 = Release|Win32
		{4E58A697-F642-4360-9F39-156F3314F71B}.ReleaseDLLWinRT|x64.ActiveCfg = Debug|Win32
		{4E58A697-F642-4360-9F39-156F3314F71B}.ReleaseDLLWinRT|x64.Build.0 = Debug|Win32
		{4E58A697-F642-4360-9F39-156F3314F71B}.ReleaseDLLWinRT|x86.ActiveCfg = Release|Win32
		{4E58A697-F642-4360-9F39-156F3314F71B}.ReleaseDLLWinRT|x86.Build.0 = Release|Win32
		{4E58A697-F642-4360-9F39-156F3314F71B}.ReleaseDLLWinRTStaticDeps|x64.ActiveCfg = Debug|Win32
		{4E58A697-F642-4360-9F39-156F3314F71B}.ReleaseDLLWinRTStaticDeps|x64.Build.0 = Debug|Win32
		{4E58A697-F642-4360-9F39-156F3314F71B}.ReleaseDLLWinRTStaticDeps|x86.ActiveCfg = Release|Win32
		{4E58A697-F642-4360-9F39-156F3314F71B}.ReleaseDLLWinRTStaticDeps|x86.Build.0 = Release|Win32
		{4E58A697-F642-4360-9F39-156F3314F71B}.ReleaseWinRT|x64.ActiveCfg = Debug|Win32
		{4E58A697-F642-4360-9F39-156F3314F71B}.ReleaseWinRT|x64.Build.0 = Debug|Win32
		{4E58A697-F642-4360-9F39-156F3314F71B}.ReleaseWinRT|x86.ActiveCfg = Release|Win32
		{4E58A697-F642-4360-9F39-156F3314F71B}.ReleaseWinRT|x86.Build.0 = Release|Win32
		{4E58A697-F642-4360-9F39-156F3314F71B}.RelWithDebInfo|x64.ActiveCfg = Debug|Win32
		{4E58A697-F642-4360-9F39-156F3314F71B}.RelWithDebInfo|x64.Build.0 = Debug|Win32
		{4E58A697-F642-4360-9F39-156F3314F71B}.RelWithDebInfo|x86.ActiveCfg = Release|Win32
		{4E58A697-F642-4360-9F39-156F3314F71B}.RelWithDebInfo|x86.Build.0 = Release|Win32
		{AC4A5E2A-F58C-4935-BCC8-A277179C7016}.DEBUG_DLL|x64.ActiveCfg = Debug|Win32
		{AC4A5E2A-F58C-4935-BCC8-A277179C7016}.DEBUG_DLL|x64.Build.0 = Debug|Win32
		{AC4A5E2A-F58C-4935-BCC8-A277179C7016}.DEBUG_DLL|x86.ActiveCfg = DEBUG_WIN32|Win32
		{AC4A5E2A-F58C-4935-BCC8-A277179C7016}.DEBUG_DLL|x86.Build.0 = DEBUG_WIN32|Win32
		{AC4A5E2A-F58C-4935-BCC8-A277179C7016}.DEBUG_WIN32_DLL|x64.ActiveCfg = DEBUG_WIN32_DLL|Win32
		{AC4A5E2A-F58C-4935-BCC8-A277179C7016}.DEBUG_WIN32_DLL|x86.ActiveCfg = DEBUG_WIN32_DLL|Win32
		{AC4A5E2A-F58C-4935-BCC8-A277179C7016}.DEBUG_WIN32_DLL|x86.Build.0 = DEBUG_WIN32_DLL|Win32
		{AC4A5E2A-F58C-4935-BCC8-A277179C7016}.DEBUG_WIN32|x64.ActiveCfg = DEBUG_WIN32|Win32
		{AC4A5E2A-F58C-4935-BCC8-A277179C7016}.DEBUG_WIN32|x86.ActiveCfg = DEBUG_WIN32|Win32
		{AC4A5E2A-F58C-4935-BCC8-A277179C7016}.DEBUG_WIN32|x86.Build.0 = DEBUG_WIN32|Win32
		{AC4A5E2A-F58C-4935-BCC8-A277179C7016}.Debug|x64.ActiveCfg = Debug|Win32
		{AC4A5E2A-F58C-4935-BCC8-A277179C7016}.Debug|x86.ActiveCfg = Debug|Win32
		{AC4A5E2A-F58C-4935-BCC8-A277179C7016}.Debug|x86.Build.0 = Debug|Win32
		{AC4A5E2A-F58C-4935-BCC8-A277179C7016}.DebugDLL|x64.ActiveCfg = Debug|Win32
		{AC4A5E2A-F58C-4935-BCC8-A277179C7016}.DebugDLL|x64.Build.0 = Debug|Win32
		{AC4A5E2A-F58C-4935-BCC8-A277179C7016}.DebugDLL|x86.ActiveCfg = Debug|Win32
		{AC4A5E2A-F58C-4935-BCC8-A277179C7016}.DebugDLL|x86.Build.0 = Debug|Win32
		{AC4A5E2A-F58C-4935-BCC8-A277179C7016}.DebugDLLWinRT|x64.ActiveCfg = Debug|Win32
		{AC4A5E2A-F58C-4935-BCC8-A277179C7016}.DebugDLLWinRT|x64.Build.0 = Debug|Win32
		{AC4A5E2A-F58C-4935-BCC8-A277179C7016}.DebugDLLWinRT|x86.ActiveCfg = Debug|Win32
		{AC4A5E2A-F58C-4935-BCC8-A277179C7016}.DebugDLLWinRT|x86.Build.0 = Debug|Win32
		{AC4A5E2A-F58C-4935-BCC8-A277179C7016}.DebugWinRT|x64.ActiveCfg = Debug|Win32
		{AC4A5E2A-F58C-4935-BCC8-A277179C7016}.DebugWinRT|x64.Build.0 = Debug|Win32
		{AC4A5E2A-F58C-4935-BCC8-A277179C7016}.DebugWinRT|x86.ActiveCfg = Debug|Win32
		{AC4A5E2A-F58C-4935-BCC8-A277179C7016}.DebugWinRT|x86.Build.0 = Debug|Win32
		{AC4A5E2A-F58C-4935-BCC8-A277179C7016}.MinSizeRel|x64.ActiveCfg = Debug|Win32
		{AC4A5E2A-F58C-4935-BCC8-A277179C7016}.MinSizeRel|x64.Build.0 = Debug|Win32
		{AC4A5E2A-F58C-4935-BCC8-A277179C7016}.MinSizeRel|x86.ActiveCfg = Debug|Win32
		{AC4A5E2A-F58C-4935-BCC8-A277179C7016}.MinSizeRel|x86.Build.0 = Debug|Win32
		{AC4A5E2A-F58C-4935-BCC8-A277179C7016}.Release|x64.ActiveCfg = Release|Win32
		{AC4A5E2A-F58C-4935-BCC8-A277179C7016}.Release|x86.ActiveCfg = Release|Win32
		{AC4A5E2A-F58C-4935-BCC8-A277179C7016}.Release|x86.Build.0 = Release|Win32
		{AC4A5E2A-F58C-4935-BCC8-A277179C7016}.ReleaseDLL|x64.ActiveCfg = Debug|Win32
		{AC4A5E2A-F58C-4935-BCC8-A277179C7016}.ReleaseDLL|x64.Build.0 = Debug|Win32
		{AC4A5E2A-F58C-4935-BCC8-A277179C7016}.ReleaseDLL|x86.ActiveCfg = Release|Win32
		{AC4A5E2A-F58C-4935-BCC8-A277179C7016}.ReleaseDLL|x86.Build.0 = Release|Win32
		{AC4A5E2A-F58C-4935-BCC8-A277179C7016}.ReleaseDLLStaticDeps|x64.ActiveCfg = Debug|Win32
		{AC4A5E2A-F58C-4935-BCC8-A277179C7016}.ReleaseDLLStaticDeps|x64.Build.0 = Debug|Win32
		{AC4A5E2A-F58C-4935-BCC8-A277179C7016}.ReleaseDLLStaticDeps|x86.ActiveCfg = Release|Win32
		{AC4A5E2A-F58C-4935-BCC8-A277179C7016}.ReleaseDLLStaticDeps|x86.Build.0 = Release|Win32
		{AC4A5E2A-F58C-4935-BCC8-A277179C7016}.ReleaseDLLWinRT|x64.ActiveCfg = Debug|Win32
		{AC4A5E2A-F58C-4935-BCC8-A277179C7016}.ReleaseDLLWinRT|x64.Build.0 = Debug|Win32
		{AC4A5E2A-F58C-4935-BCC8-A277179C7016}.ReleaseDLLWinRT|x86.ActiveCfg = Release|Win32
		{AC4A5E2A-F58C-4935-BCC8-A277179C7016}.ReleaseDLLWinRT|x86.Build.0 = Release|Win32
		{AC4A5E2A-F58C-4935-BCC8-A277179C7016}.ReleaseDLLWinRTStaticDeps|x64.ActiveCfg = Debug|Win32
		{AC4A5E2A-F58C-4935-BCC8-A277179C7016}.ReleaseDLLWinRTStaticDeps|x64.Build.0 = Debug|Win32
		{AC4A5E2A-F58C-4935-BCC8-A277179C7016}.ReleaseDLLWinRTStaticDeps|x86.ActiveCfg = Release|Win32
		{AC4A5E2A-F58C-4935-BCC8-A277179C7016}.ReleaseDLLWinRTStaticDeps|x86.Build.0 = Release|Win32
		{AC4A5E2A-F58C-4935-BCC8-A277179C7016}.ReleaseWinRT|x64.ActiveCfg = Debug|Win32
		{AC4A5E2A-F58C-4935-BCC8-A277179C7016}.ReleaseWinRT|x64.Build.0 = Debug|Win32
		{AC4A5E2A-F58C-4935-BCC8-A277179C7016}.ReleaseWinRT|x86.ActiveCfg = Release|Win32
		{AC4A5E2A-F58C-4935-BCC8-A277179C7016}.ReleaseWinRT|x86.Build.0 = Release|Win32
		{AC4A5E2A-F58C-4935-BCC8-A277179C7016}.RelWithDebInfo|x64.ActiveCfg = Debug|Win32
		{AC4A5E2A-F58C-4935-BCC8-A277179C7016}.RelWithDebInfo|x64.Build.0 = Debug|Win32
		{AC4A5E2A-F58C-4935-BCC8-A277179C7016}.RelWithDebInfo|x86.ActiveCfg = Release|Win32
		{AC4A5E2A-F58C-4935-BCC8-A277179C7016}.RelWithDebInfo|x86.Build.0 = Release|Win32
		{8BC07172-DB62-4715-857D-6A723F175324}.DEBUG_DLL|x64.ActiveCfg = Debug|Win32
		{8BC07172-DB62-4715-857D-6A723F175324}.DEBUG_DLL|x64.Build.0 = Debug|Win32
		{8BC07172-DB62-4715-857D-6A723F175324}.DEBUG_DLL|x86.ActiveCfg = DEBUG_WIN32|Win32
		{8BC07172-DB62-4715-857D-6A723F175324}.DEBUG_DLL|x86.Build.0 = DEBUG_WIN32|Win32
		{8BC07172-DB62-4715-857D-6A723F175324}.DEBUG_WIN32_DLL|x64.ActiveCfg = DEBUG_WIN32_DLL|Win32
		{8BC07172-DB62-4715-857D-6A723F175324}.DEBUG_WIN32_DLL|x86.ActiveCfg = DEBUG_WIN32_DLL|Win32
		{8BC07172-DB62-4715-857D-6A723F175324}.DEBUG_WIN32_DLL|x86.Build.0 = DEBUG_WIN32_DLL|Win32
		{8BC07172-DB62-4715-857D-6A723F175324}.DEBUG_WIN32|x64.ActiveCfg = DEBUG_WIN32|Win32
		{8BC07172-DB62-4715-857D-6A723F175324}.DEBUG_WIN32|x86.ActiveCfg = DEBUG_WIN32|Win32
		{8BC07172-DB62-4715-857D-6A723F175324}.DEBUG_WIN32|x86.Build.0 = DEBUG_WIN32|Win32
		{8BC07172-DB62-4715-857D-6A723F175324}.Debug|x64.ActiveCfg = Debug|Win32
		{8BC07172-DB62-4715-857D-6A723F175324}.Debug|x86.ActiveCfg = Debug|Win32
		{8BC07172-DB62-4715-857D-6A723F175324}.Debug|x86.Build.0 = Debug|Win32
		{8BC07172-DB62-4715-857D-6A723F175324}.DebugDLL|x64.ActiveCfg = Debug|Win32
		{8BC07172-DB62-4715-857D-6A723F175324}.DebugDLL|x64.Build.0 = Debug|Win32
		{8BC07172-DB62-4715-857D-6A723F175324}.DebugDLL|x86.ActiveCfg = Debug|Win32
		{8BC07172-DB62-4715-857D-6A723F175324}.DebugDLL|x86.Build.0 = Debug|Win32
		{8BC07172-DB62-4715-857D-6A723F175324}.DebugDLLWinRT|x64.ActiveCfg = Debug|Win32
		{8BC07172-DB62-4715-857D-6A723F175324}.DebugDLLWinRT|x64.Build.0 = Debug|Win32
		{8BC07172-DB62-4715-857D-6A723F175324}.DebugDLLWinRT|x86.ActiveCfg = Debug|Win32
		{8BC07172-DB62-4715-857D-6A723F175324}.DebugDLLWinRT|x86.Build.0 = Debug|Win32
		{8BC07172-DB62-4715-857D-6A723F175324}.DebugWinRT|x64.ActiveCfg = Debug|Win32
		{8BC07172-DB62-4715-857D-6A723F175324}.DebugWinRT|x64.Build.0 = Debug|Win32
		{8BC07172-DB62-4715-857D-6A723F175324}.DebugWinRT|x86.ActiveCfg = Debug|Win32
		{8BC07172-DB62-4715-857D-6A723F175324}.DebugWinRT|x86.Build.0 = Debug|Win32
		{8BC07172-DB62-4715-857D-6A723F175324}.MinSizeRel|x64.ActiveCfg = Debug|Win32
		{8BC07172-DB62-4715-857D-6A723F175324}.MinSizeRel|x64.Build.0 = Debug|Win32
		{8BC07172-DB62-4715-857D-6A723F175324}.MinSizeRel|x86.ActiveCfg = Debug|Win32
		{8BC07172-DB62-4715-857D-6A723F175324}.MinSizeRel|x86.Build.0 = Debug|Win32
		{8BC07172-DB62-4715-857D-6A723F175324}.Release|x64.ActiveCfg = Release|Win32
		{8BC07172-DB62-4715-857D-6A723F175324}.Release|x86.ActiveCfg = Release|Win32
		{8BC07172-DB62-4715-857D-6A723F175324}.Release|x86.Build.0 = Release|Win32
		{8BC07172-DB62-4715-857D-6A723F175324}.ReleaseDLL|x64.ActiveCfg = Debug|Win32
		{8BC07172-DB62-4715-857D-6A723F175324}.ReleaseDLL|x64.Build.0 = Debug|Win32
		{8BC07172-DB62-4715-857D-6A723F175324}.ReleaseDLL|x86.ActiveCfg = Release|Win32
		{8BC07172-DB62-4715-857D-6A723F175324}.ReleaseDLL|x86.Build.0 = Release|Win32
		{8BC07172-DB62-4715-857D-6A723F175324}.ReleaseDLLStaticDeps|x64.ActiveCfg = Debug|Win32
		{8BC07172-DB62-4715-857D-6A723F175324}.ReleaseDLLStaticDeps|x64.Build.0 = Debug|Win32
		{8BC07172-DB62-4715-857D-6A723F175324}.ReleaseDLLStaticDeps|x86.ActiveCfg = Release|Win32
		{8BC07172-DB62-4715-857D-6A723F175324}.ReleaseDLLStaticDeps|x86.Build.0 = Release|Win32
		{8BC07172-DB62-4715-857D-6A723F175324}.ReleaseDLLWinRT|x64.ActiveCfg = Debug|Win32
		{8BC07172-DB62-4715-857D-6A723F175324}.ReleaseDLLWinRT|x64.Build.0 = Debug|Win32
		{8BC07172-DB62-4715-857D-6A723F175324}.ReleaseDLLWinRT|x86.ActiveCfg = Release|Win32
		{8BC07172-DB62-4715-857D-6A723F175324}.ReleaseDLLWinRT|x86.Build.0 = Release|Win32
		{8BC07172-DB62-4715-857D-6A723F175324}.ReleaseDLLWinRTStaticDeps|x64.ActiveCfg = Debug|Win32
		{8BC07172-DB62-4715-857D-6A723F175324}.ReleaseDLLWinRTStaticDeps|x64.Build.0 = Debug|Win32
		{8BC07172-DB62-4715-857D-6A723F175324}.ReleaseDLLWinRTStaticDeps|x86.ActiveCfg = Release|Win32
		{8BC07172-DB62-4715-857D-6A723F175324}.ReleaseDLLWinRTStaticDeps|x86.Build.0 = Release|Win32
		{8BC07172-DB62-4715-857D-6A723F175324}.ReleaseWinRT|x64.ActiveCfg = Debug|Win32
		{8BC07172-DB62-4715-857D-6A723F175324}.ReleaseWinRT|x64.Build.0 = Debug|Win32
		{8BC07172-DB62-4715-857D-6A723F175324}.ReleaseWinRT|x86.ActiveCfg = Release|Win32
		{8BC07172-DB62-4715-857D-6A723F175324}.ReleaseWinRT|x86.Build.0 = Release|Win32
		{8BC07172-DB62-4715-857D-6A723F175324}.RelWithDebInfo|x64.ActiveCfg = Debug|Win32
		{8BC07172-DB62-4715-857D-6A723F175324}.RelWithDebInfo|x64.Build.0 = Debug|Win32
		{8BC07172-DB62-4715-857D-6A723F175324}.RelWithDebInfo|x86.ActiveCfg = Release|Win32
		{8BC07172-DB62-4715-857D-6A723F175324}.RelWithDebInfo|x86.Build.0 = Release|Win32
		{C08408CC-0E39-4149-9F63-9E47C6923BDE}.DEBUG_DLL|x64.ActiveCfg = Debug|Win32
		{C08408CC-0E39-4149-9F63-9E47C6923BDE}.DEBUG_DLL|x64.Build.0 = Debug|Win32
		{C08408CC-0E39-4149-9F63-9E47C6923BDE}.DEBUG_DLL|x86.ActiveCfg = DEBUG_WIN32|Win32
		{C08408CC-0E39-4149-9F63-9E47C6923BDE}.DEBUG_DLL|x86.Build.0 = DEBUG_WIN32|Win32
		{C08408CC-0E39-4149-9F63-9E47C6923BDE}.DEBUG_WIN32_DLL|x64.ActiveCfg = DEBUG_WIN32_DLL|Win32
		{C08408CC-0E39-4149-9F63-9E47C6923BDE}.DEBUG_WIN32_DLL|x86.ActiveCfg = DEBUG_WIN32_DLL|Win32
		{C08408CC-0E39-4149-9F63-9E47C6923BDE}.DEBUG_WIN32_DLL|x86.Build.0 = DEBUG_WIN32_DLL|Win32
		{C08408CC-0E39-4149-9F63-9E47C6923BDE}.DEBUG_WIN32|x64.ActiveCfg = DEBUG_WIN32|Win32
		{C08408CC-0E39-4149-9F63-9E47C6923BDE}.DEBUG_WIN32|x86.ActiveCfg = DEBUG_WIN32|Win32
		{C08408CC-0E39-4149-9F63-9E47C6923BDE}.DEBUG_WIN32|x86.Build.0 = DEBUG_WIN32|Win32
		{C08408CC-0E39-4149-9F63-9E47C6923BDE}.Debug|x64.ActiveCfg = Debug|Win32
		{C08408CC-0E39-4149-9F63-9E47C6923BDE}.Debug|x86.ActiveCfg = Debug|Win32
		{C08408CC-0E39-4149-9F63-9E47C6923BDE}.Debug|x86.Build.0 = Debug|Win32
		{C08408CC-0E39-4149-9F63-9E47C6923BDE}.DebugDLL|x64.ActiveCfg = Debug|Win32
		{C08408CC-0E39-4149-9F63-9E47C6923BDE}.DebugDLL|x64.Build.0 = Debug|Win32
		{C08408CC-0E39-4149-9F63-9E47C6923BDE}.DebugDLL|x86.ActiveCfg = Debug|Win32
		{C08408CC-0E39-4149-9F63-9E47C6923BDE}.DebugDLL|x86.Build.0 = Debug|Win32
		{C08408CC-0E39-4149-9F63-9E47C6923BDE}.DebugDLLWinRT|x64.ActiveCfg = Debug|Win32
		{C08408CC-0E39-4149-9F63-9E47C6923BDE}.DebugDLLWinRT|x64.Build.0 = Debug|Win32
		{C08408CC-0E39-4149-9F63-9E47C6923BDE}.DebugDLLWinRT|x86.ActiveCfg = Debug|Win32
		{C08408CC-0E39-4149-9F63-9E47C6923BDE}.DebugDLLWinRT|x86.Build.0 = Debug|Win32
		{C08408CC-0E39-4149-9F63-9E47C6923BDE}.DebugWinRT|x64.ActiveCfg = Debug|Win32
		{C08408CC-0E39-4149-9F63-9E47C6923BDE}.DebugWinRT|x64.Build.0 = Debug|Win32
		{C08408CC-0E39-4149-9F63-9E47C6923BDE}.DebugWinRT|x86.ActiveCfg = Debug|Win32
		{C08408CC-0E39-4149-9F63-9E47C6923BDE}.DebugWinRT|x86.Build.0 = Debug|Win32
		{C08408CC-0E39-4149-9F63-9E47C6923BDE}.MinSizeRel|x64.ActiveCfg = Debug|Win32
		{C08408CC-0E39-4149-9F63-9E47C6923BDE}.MinSizeRel|x64.Build.0 = Debug|Win32
		{C08408CC-0E39-4149-9F63-9E47C6923BDE}.MinSizeRel|x86.ActiveCfg = Debug|Win32
		{C08408CC-0E39-4149-9F63-9E47C6923BDE}.MinSizeRel|x86.Build.0 = Debug|Win32
		{C08408CC-0E39-4149-9F63-9E47C6923BDE}.Release|x64.ActiveCfg = Release|Win32
		{C08408CC-0E39-4149-9F63-9E47C6923BDE}.Release|x86.ActiveCfg = Release|Win32
		{C08408CC-0E39-4149-9F63-9E47C6923BDE}.Release|x86.Build.0 = Release|Win32
		{C08408CC-0E39-4149-9F63-9E47C6923BDE}.ReleaseDLL|x64.ActiveCfg = Debug|Win32
		{C08408CC-0E39-4149-9F63-9E47C6923BDE}.ReleaseDLL|x64.Build.0 = Debug|Win32
		{C08408CC-0E39-4149-9F63-9E47C6923BDE}.ReleaseDLL|x86.ActiveCfg = Release|Win32
		{C08408CC-0E39-4149-9F63-9E47C6923BDE}.ReleaseDLL|x86.Build.0 = Release|Win32
		{C08408CC-0E39-4149-9F63-9E47C6923BDE}.ReleaseDLLStaticDeps|x64.ActiveCfg = Debug|Win32
		{C08408CC-0E39-4149-9F63-9E47C6923BDE}.ReleaseDLLStaticDeps|x64.Build.0 = Debug|Win32
		{C08408CC-0E39-4149-9F63-9E47C6923BDE}.ReleaseDLLStaticDeps|x86.ActiveCfg = Release|Win32
		{C08408CC-0E39-4149-9F63-9E47C6923BDE}.ReleaseDLLStaticDeps|x86.Build.0 = Release|Win32
		{C08408CC-0E39-4149-9F63-9E47C6923BDE}.ReleaseDLLWinRT|x64.ActiveCfg = Debug|Win32
		{C08408CC-0E39-4149-9F63-9E47C6923BDE}.ReleaseDLLWinRT|x64.Build.0 = Debug|Win32
		{C08408CC-0E39-4149-9F63-9E47C6923BDE}.ReleaseDLLWinRT|x86.ActiveCfg = Release|Win32
		{C08408CC-0E39-4149-9F63-9E47C6923BDE}.ReleaseDLLWinRT|x86.Build.0 = Release|Win32
		{C08408CC-0E39-4149-9F63-9E47C6923BDE}.ReleaseDLLWinRTStaticDeps|x64.ActiveCfg = Debug|Win32
		{C08408CC-0E39-4149-9F63-9E47C6923BDE}.ReleaseDLLWinRTStaticDeps|x64.Build.0 = Debug|Win32
		{C08408CC-0E39-4149-9F63-9E47C6923BDE}.ReleaseDLLWinRTStaticDeps|x86.ActiveCfg = Release|Win32
		{C08408CC-0E39-4149-9F63-9E47C6923BDE}.ReleaseDLLWinRTStaticDeps|x86.Build.0 = Release|Win32
		{C08408CC-0E39-4149-9F63-9E47C6923BDE}.ReleaseWinRT|x64.ActiveCfg = Debug|Win32
		{C08408CC-0E39-4149-9F63-9E47C6923BDE}.ReleaseWinRT|x64.Build.0 = Debug|Win32
		{C08408CC-0E39-4149-9F63-9E47C6923BDE}.ReleaseWinRT|x86.ActiveCfg = Release|Win32
		{C08408CC-0E39-4149-9F63-9E47C6923BDE}.ReleaseWinRT|x86.Build.0 = Release|Win32
		{C08408CC-0E39-4149-9F63-9E47C6923BDE}.RelWithDebInfo|x64.ActiveCfg = Debug|Win32
		{C08408CC-0E39-4149-9F63-9E47C6923BDE}.RelWithDebInfo|x64.Build.0 = Debug|Win32
		{C08408CC-0E39-4149-9F63-9E47C6923BDE}.RelWithDebInfo|x86.ActiveCfg = Release|Win32
		{C08408CC-0E39-4149-9F63-9E47C6923BDE}.RelWithDebInfo|x86.Build.0 = Release|Win32
		{AC50CB71-681D-4DFD-B0EA-DD8F52F2C6E9}.DEBUG_DLL|x64.ActiveCfg = Debug|Win32
		{AC50CB71-681D-4DFD-B0EA-DD8F52F2C6E9}.DEBUG_DLL|x64.Build.0 = Debug|Win32
		{AC50CB71-681D-4DFD-B0EA-DD8F52F2C6E9}.DEBUG_DLL|x86.ActiveCfg = DEBUG_WIN32|Win32
		{AC50CB71-681D-4DFD-B0EA-DD8F52F2C6E9}.DEBUG_DLL|x86.Build.0 = DEBUG_WIN32|Win32
		{AC50CB71-681D-4DFD-B0EA-DD8F52F2C6E9}.DEBUG_WIN32_DLL|x64.ActiveCfg = DEBUG_WIN32_DLL|Win32
		{AC50CB71-681D-4DFD-B0EA-DD8F52F2C6E9}.DEBUG_WIN32_DLL|x86.ActiveCfg = DEBUG_WIN32_DLL|Win32
		{AC50CB71-681D-4DFD-B0EA-DD8F52F2C6E9}.DEBUG_WIN32_DLL|x86.Build.0 = DEBUG_WIN32_DLL|Win32
		{AC50CB71-681D-4DFD-B0EA-DD8F52F2C6E9}.DEBUG_WIN32|x64.ActiveCfg = DEBUG_WIN32|Win32
		{AC50CB71-681D-4DFD-B0EA-DD8F52F2C6E9}.DEBUG_WIN32|x86.ActiveCfg = DEBUG_WIN32|Win32
		{AC50CB71-681D-4DFD-B0EA-DD8F52F2C6E9}.DEBUG_WIN32|x86.Build.0 = DEBUG_WIN32|Win32
		{AC50CB71-681D-4DFD-B0EA-DD8F52F2C6E9}.Debug|x64.ActiveCfg = Debug|Win32
		{AC50CB71-681D-4DFD-B0EA-DD8F52F2C6E9}.Debug|x86.ActiveCfg = Debug|Win32
		{AC50CB71-681D-4DFD-B0EA-DD8F52F2C6E9}.Debug|x86.Build.0 = Debug|Win32
		{AC50CB71-681D-4DFD-B0EA-DD8F52F2C6E9}.DebugDLL|x64.ActiveCfg = Debug|Win32
		{AC50CB71-681D-4DFD-B0EA-DD8F52F2C6E9}.DebugDLL|x64.Build.0 = Debug|Win32
		{AC50CB71-681D-4DFD-B0EA-DD8F52F2C6E9}.DebugDLL|x86.ActiveCfg = Debug|Win32
		{AC50CB71-681D-4DFD-B0EA-DD8F52F2C6E9}.DebugDLL|x86.Build.0 = Debug|Win32
		{AC50CB71-681D-4DFD-B0EA-DD8F52F2C6E9}.DebugDLLWinRT|x64.ActiveCfg = Debug|Win32
		{AC50CB71-681D-4DFD-B0EA-DD8F52F2C6E9}.DebugDLLWinRT|x64.Build.0 = Debug|Win32
		{AC50CB71-681D-4DFD-B0EA-DD8F52F2C6E9}.DebugDLLWinRT|x86.ActiveCfg = Debug|Win32
		{AC50CB71-681D-4DFD-B0EA-DD8F52F2C6E9}.DebugDLLWinRT|x86.Build.0 = Debug|Win32
		{AC50CB71-681D-4DFD-B0EA-DD8F52F2C6E9}.DebugWinRT|x64.ActiveCfg = Debug|Win32
		{AC50CB71-681D-4DFD-B0EA-DD8F52F2C6E9}.DebugWinRT|x64.Build.0 = Debug|Win32
		{AC50CB71-681D-4DFD-B0EA-DD8F52F2C6E9}.DebugWinRT|x86.ActiveCfg = Debug|Win32
		{AC50CB71-681D-4DFD-B0EA-DD8F52F2C6E9}.DebugWinRT|x86.Build.0 = Debug|Win32
		{AC50CB71-681D-4DFD-B0EA-DD8F52F2C6E9}.MinSizeRel|x64.ActiveCfg = Debug|Win32
		{AC50CB71-681D-4DFD-B0EA-DD8F52F2C6E9}.MinSizeRel|x64.Build.0 = Debug|Win32
		{AC50CB71-681D-4DFD-B0EA-DD8F52F2C6E9}.MinSizeRel|x86.ActiveCfg = Debug|Win32
		{AC50CB71-681D-4DFD-B0EA-DD8F52F2C6E9}.MinSizeRel|x86.Build.0 = Debug|Win32
		{AC50CB71-681D-4DFD-B0EA-DD8F52F2C6E9}.Release|x64.ActiveCfg = Release|Win32
		{AC50CB71-681D-4DFD-B0EA-DD8F52F2C6E9}.Release|x86.ActiveCfg = Release|Win32
		{AC50CB71-681D-4DFD-B0EA-DD8F52F2C6E9}.Release|x86.Build.0 = Release|Win32
		{AC50CB71-681D-4DFD-B0EA-DD8F52F2C6E9}.ReleaseDLL|x64.ActiveCfg = Debug|Win32
		{AC50CB71-681D-4DFD-B0EA-DD8F52F2C6E9}.ReleaseDLL|x64.Build.0 = Debug|Win32
		{AC50CB71-681D-4DFD-B0EA-DD8F52F2C6E9}.ReleaseDLL|x86.ActiveCfg = Release|Win32
		{AC50CB71-681D-4DFD-B0EA-DD8F52F2C6E9}.ReleaseDLL|x86.Build.0 = Release|Win32
		{AC50CB71-681D-4DFD-B0EA-DD8F52F2C6E9}.ReleaseDLLStaticDeps|x64.ActiveCfg = Debug|Win32
		{AC50CB71-681D-4DFD-B0EA-DD8F52F2C6E9}.ReleaseDLLStaticDeps|x64.Build.0 = Debug|Win32
		{AC50CB71-681D-4DFD-B0EA-DD8F52F2C6E9}.ReleaseDLLStaticDeps|x86.ActiveCfg = Release|Win32
		{AC50CB71-681D-4DFD-B0EA-DD8F52F2C6E9}.ReleaseDLLStaticDeps|x86.Build.0 = Release|Win32
		{AC50CB71-681D-4DFD-B0EA-DD8F52F2C6E9}.ReleaseDLLWinRT|x64.ActiveCfg = Debug|Win32
		{AC50CB71-681D-4DFD-B0EA-DD8F52F2C6E9}.ReleaseDLLWinRT|x64.Build.0 = Debug|Win32
		{AC50CB71-681D-4DFD-B0EA-DD8F52F2C6E9}.ReleaseDLLWinRT|x86.ActiveCfg = Release|Win32
		{AC50CB71-681D-4DFD-B0EA-DD8F52F2C6E9}.ReleaseDLLWinRT|x86.Build.0 = Release|Win32
		{AC50CB71-681D-4DFD-B0EA-DD8F52F2C6E9}.ReleaseDLLWinRTStaticDeps|x64.ActiveCfg = Debug|Win32
		{AC50CB71-681D-4DFD-B0EA-DD8F52F2C6E9}.ReleaseDLLWinRTStaticDeps|x64.Build.0 = Debug|Win32
		{AC50CB71-681D-4DFD-B0EA-DD8F52F2C6E9}.ReleaseDLLWinRTStaticDeps|x86.ActiveCfg = Release|Win32
		{AC50CB71-681D-4DFD-B0EA-DD8F52F2C6E9}.ReleaseDLLWinRTStaticDeps|x86.Build.0 = Release|Win32
		{AC50CB71-681D-4DFD-B0EA-DD8F52F2C6E9}.ReleaseWinRT|x64.ActiveCfg = Debug|Win32
		{AC50CB71-681D-4DFD-B0EA-DD8F52F2C6E9}.ReleaseWinRT|x64.Build.0 = Debug|Win32
		{AC50CB71-681D-4DFD-B0EA-DD8F52F2C6E9}.ReleaseWinRT|x86.ActiveCfg = Release|Win32
		{AC50CB71-681D-4DFD-B0EA-DD8F52F2C6E9}.ReleaseWinRT|x86.Build.0 = Release|Win32
		{AC50CB71-681D-4DFD-B0EA-DD8F52F2C6E9}.RelWithDebInfo|x64.ActiveCfg = Debug|Win32
		{AC50CB71-681D-4DFD-B0EA-DD8F52F2C6E9}.RelWithDebInfo|x64.Build.0 = Debug|Win32
		{AC50CB71-681D-4DFD-B0EA-DD8F52F2C6E9}.RelWithDebInfo|x86.ActiveCfg = Release|Win32
		{AC50CB71-681D-4DFD-B0EA-DD8F52F2C6E9}.RelWithDebInfo|x86.Build.0 = Release|Win32
		{88FE838A-58E8-47B6-AD4D-6F917C302AB6}.DEBUG_DLL|x64.ActiveCfg = Debug|Win32
		{88FE838A-58E8-47B6-AD4D-6F917C302AB6}.DEBUG_DLL|x64.Build.0 = Debug|Win32
		{88FE838A-58E8-47B6-AD4D-6F917C302AB6}.DEBUG_DLL|x86.ActiveCfg = DEBUG_WIN32_DLL|Win32
		{88FE838A-58E8-47B6-AD4D-6F917C302AB6}.DEBUG_DLL|x86.Build.0 = DEBUG_WIN32_DLL|Win32
		{88FE838A-58E8-47B6-AD4D-6F917C302AB6}.DEBUG_WIN32_DLL|x64.ActiveCfg = DEBUG_WIN32_DLL|Win32
		{88FE838A-58E8-47B6-AD4D-6F917C302AB6}.DEBUG_WIN32_DLL|x86.ActiveCfg = DEBUG_WIN32_DLL|Win32
		{88FE838A-58E8-47B6-AD4D-6F917C302AB6}.DEBUG_WIN32_DLL|x86.Build.0 = DEBUG_WIN32_DLL|Win32
		{88FE838A-58E8-47B6-AD4D-6F917C302AB6}.DEBUG_WIN32|x64.ActiveCfg = Debug|Win32
		{88FE838A-58E8-47B6-AD4D-6F917C302AB6}.DEBUG_WIN32|x64.Build.0 = Debug|Win32
		{88FE838A-58E8-47B6-AD4D-6F917C302AB6}.DEBUG_WIN32|x86.ActiveCfg = DEBUG_WIN32_DLL|Win32
		{88FE838A-58E8-47B6-AD4D-6F917C302AB6}.DEBUG_WIN32|x86.Build.0 = DEBUG_WIN32_DLL|Win32
		{88FE838A-58E8-47B6-AD4D-6F917C302AB6}.Debug|x64.ActiveCfg = Debug|Win32
		{88FE838A-58E8-47B6-AD4D-6F917C302AB6}.Debug|x86.ActiveCfg = Debug|Win32
		{88FE838A-58E8-47B6-AD4D-6F917C302AB6}.Debug|x86.Build.0 = Debug|Win32
		{88FE838A-58E8-47B6-AD4D-6F917C302AB6}.DebugDLL|x64.ActiveCfg = Debug|Win32
		{88FE838A-58E8-47B6-AD4D-6F917C302AB6}.DebugDLL|x64.Build.0 = Debug|Win32
		{88FE838A-58E8-47B6-AD4D-6F917C302AB6}.DebugDLL|x86.ActiveCfg = Debug|Win32
		{88FE838A-58E8-47B6-AD4D-6F917C302AB6}.DebugDLL|x86.Build.0 = Debug|Win32
		{88FE838A-58E8-47B6-AD4D-6F917C302AB6}.DebugDLLWinRT|x64.ActiveCfg = Debug|Win32
		{88FE838A-58E8-47B6-AD4D-6F917C302AB6}.DebugDLLWinRT|x64.Build.0 = Debug|Win32
		{88FE838A-58E8-47B6-AD4D-6F917C302AB6}.DebugDLLWinRT|x86.ActiveCfg = Debug|Win32
		{88FE838A-58E8-47B6-AD4D-6F917C302AB6}.DebugDLLWinRT|x86.Build.0 = Debug|Win32
		{88FE838A-58E8-47B6-AD4D-6F917C302AB6}.DebugWinRT|x64.ActiveCfg = Debug|Win32
		{88FE838A-58E8-47B6-AD4D-6F917C302AB6}.DebugWinRT|x64.Build.0 = Debug|Win32
		{88FE838A-58E8-47B6-AD4D-6F917C302AB6}.DebugWinRT|x86.ActiveCfg = Debug|Win32
		{88FE838A-58E8-47B6-AD4D-6F917C302AB6}.DebugWinRT|x86.Build.0 = Debug|Win32
		{88FE838A-58E8-47B6-AD4D-6F917C302AB6}.MinSizeRel|x64.ActiveCfg = Debug|Win32
		{88FE838A-58E8-47B6-AD4D-6F917C302AB6}.MinSizeRel|x64.Build.0 = Debug|Win32
		{88FE838A-58E8-47B6-AD4D-6F917C302AB6}.MinSizeRel|x86.ActiveCfg = Debug|Win32
		{88FE838A-58E8-47B6-AD4D-6F917C302AB6}.MinSizeRel|x86.Build.0 = Debug|Win32
		{88FE838A-58E8-47B6-AD4D-6F917C302AB6}.Release|x64.ActiveCfg = Release|Win32
		{88FE838A-58E8-47B6-AD4D-6F917C302AB6}.Release|x86.ActiveCfg = Release|Win32
		{88FE838A-58E8-47B6-AD4D-6F917C302AB6}.Release|x86.Build.0 = Release|Win32
		{88FE838A-58E8-47B6-AD4D-6F917C302AB6}.ReleaseDLL|x64.ActiveCfg = Debug|Win32
		{88FE838A-58E8-47B6-AD4D-6F917C302AB6}.ReleaseDLL|x64.Build.0 = Debug|Win32
		{88FE838A-58E8-47B6-AD4D-6F917C302AB6}.ReleaseDLL|x86.ActiveCfg = Release|Win32
		{88FE838A-58E8-47B6-AD4D-6F917C302AB6}.ReleaseDLL|x86.Build.0 = Release|Win32
		{88FE838A-58E8-47B6-AD4D-6F917C302AB6}.ReleaseDLLStaticDeps|x64.ActiveCfg = Debug|Win32
		{88FE838A-58E8-47B6-AD4D-6F917C302AB6}.ReleaseDLLStaticDeps|x64.Build.0 = Debug|Win32
		{88FE838A-58E8-47B6-AD4D-6F917C302AB6}.ReleaseDLLStaticDeps|x86.ActiveCfg = Release|Win32
		{88FE838A-58E8-47B6-AD4D-6F917C302AB6}.ReleaseDLLStaticDeps|x86.Build.0 = Release|Win32
		{88FE838A-58E8-47B6-AD4D-6F917C302AB6}.ReleaseDLLWinRT|x64.ActiveCfg = Debug|Win32
		{88FE838A-58E8-47B6-AD4D-6F917C302AB6}.ReleaseDLLWinRT|x64.Build.0 = Debug|Win32
		{88FE838A-58E8-47B6-AD4D-6F917C302AB6}.ReleaseDLLWinRT|x86.ActiveCfg = Release|Win32
		{88FE838A-58E8-47B6-AD4D-6F917C302AB6}.ReleaseDLLWinRT|x86.Build.0 = Release|Win32
		{88FE838A-58E8-47B6-AD4D-6F917C302AB6}.ReleaseDLLWinRTStaticDeps|x64.ActiveCfg = Debug|Win32
		{88FE838A-58E8-47B6-AD4D-6F917C302AB6}.ReleaseDLLWinRTStaticDeps|x64.Build.0 = Debug|Win32
		{88FE838A-58E8-47B6-AD4D-6F917C302AB6}.ReleaseDLLWinRTStaticDeps|x86.ActiveCfg = Release|Win32
		{88FE838A-58E8-47B6-AD4D-6F917C302AB6}.ReleaseDLLWinRTStaticDeps|x86.Build.0 = Release|Win32
		{88FE838A-58E8-47B6-AD4D-6F917C302AB6}.ReleaseWinRT|x64.ActiveCfg = Debug|Win32
		{88FE838A-58E8-47B6-AD4D-6F917C302AB6}.ReleaseWinRT|x64.Build.0 = Debug|Win32
		{88FE838A-58E8-47B6-AD4D-6F917C302AB6}.ReleaseWinRT|x86.ActiveCfg = Release|Win32
		{88FE838A-58E8-47B6-AD4D-6F917C302AB6}.ReleaseWinRT|x86.Build.0 = Release|Win32
		{88FE838A-58E8-47B6-AD4D-6F917C302AB6}.RelWithDebInfo|x64.ActiveCfg = Debug|Win32
		{88FE838A-58E8-47B6-AD4D-6F917C302AB6}.RelWithDebInfo|x64.Build.0 = Debug|Win32
		{88FE838A-58E8-47B6-AD4D-6F917C302AB6}.RelWithDebInfo|x86.ActiveCfg = Release|Win32
		{88FE838A-58E8-47B6-AD4D-6F917C302AB6}.RelWithDebInfo|x86.Build.0 = Release|Win32
	EndGlobalSection
	GlobalSection(SolutionProperties) = preSolution
		HideSolutionNode = FALSE
	EndGlobalSection
	GlobalSection(NestedProjects) = preSolution
		{AE39FD3A-49FE-4368-9C46-9740D008619B} = {F54ACA54-0635-4B21-BDB8-50CAF0C76E9E}
		{3BB94C29-5903-40F9-97A4-045CED8B94E6} = {F54ACA54-0635-4B21-BDB8-50CAF0C76E9E}
		{617468FB-E605-4A48-AF27-410F40892FDA} = {F54ACA54-0635-4B21-BDB8-50CAF0C76E9E}
		{F74C628D-73D0-4A32-B8CB-91FF691C7406} = {F54ACA54-0635-4B21-BDB8-50CAF0C76E9E}
		{7E272A38-C010-4BA1-9C86-0E4A16C7BECE} = {F54ACA54-0635-4B21-BDB8-50CAF0C76E9E}
		{ED9B4394-BD6B-418D-8225-B0A5FB458517} = {F54ACA54-0635-4B21-BDB8-50CAF0C76E9E}
		{DADA28EA-AA5F-4E74-8D26-6CB7B742D16F} = {F54ACA54-0635-4B21-BDB8-50CAF0C76E9E}
		{DF17C9E4-4C20-4CDE-A137-31C48F69F9D9} = {F54ACA54-0635-4B21-BDB8-50CAF0C76E9E}
		{4E58A697-F642-4360-9F39-156F3314F71B} = {F54ACA54-0635-4B21-BDB8-50CAF0C76E9E}
		{AC4A5E2A-F58C-4935-BCC8-A277179C7016} = {F54ACA54-0635-4B21-BDB8-50CAF0C76E9E}
		{8BC07172-DB62-4715-857D-6A723F175324} = {F54ACA54-0635-4B21-BDB8-50CAF0C76E9E}
		{C08408CC-0E39-4149-9F63-9E47C6923BDE} = {586280FD-4C71-4A7F-9200-3C4D43FA6275}
		{AC50CB71-681D-4DFD-B0EA-DD8F52F2C6E9} = {586280FD-4C71-4A7F-9200-3C4D43FA6275}
	EndGlobalSection
	GlobalSection(ExtensibilityGlobals) = postSolution
		SolutionGuid = {3A883608-C613-4311-8112-9AF2B1E31ED4}
	EndGlobalSection
EndGlobal
