
Microsoft Visual Studio Solution File, Format Version 12.00
# Visual Studio Version 16
VisualStudioVersion = 16.0.29123.88
MinimumVisualStudioVersion = 10.0.40219.1
Project("{8BC9CEB8-8B4A-11D0-8D11-00A0C91BC942}") = "yuza_core", "kernel\yuza_core\yuza_core.vcxproj", "{1E2B5BCD-1285-441E-84E3-352A31810001}"
EndProject
Project("{8BC9CEB8-8B4A-11D0-8D11-00A0C91BC942}") = "yuza", "kernel\yuza\yuza.vcxproj", "{8B7CD70D-1D44-44E1-AAA8-B0529072BE37}"
	ProjectSection(ProjectDependencies) = postProject
		{DDF74608-AE1A-4FC2-AFB3-20F107E9911F} = {DDF74608-AE1A-4FC2-AFB3-20F107E9911F}
		{3BB94C29-5903-40F9-97A4-045CED8B94E6} = {3BB94C29-5903-40F9-97A4-045CED8B94E6}
		{AE39FD3A-49FE-4368-9C46-9740D008619B} = {AE39FD3A-49FE-4368-9C46-9740D008619B}
		{A70B3E57-948C-4EFA-9662-848122B7AAD8} = {A70B3E57-948C-4EFA-9662-848122B7AAD8}
		{2EA2037D-6BB4-4A0B-AE50-C4DB1D4D8C43} = {2EA2037D-6BB4-4A0B-AE50-C4DB1D4D8C43}
		{9F38527F-C8BC-4609-ACC1-4F8593BC498F} = {9F38527F-C8BC-4609-ACC1-4F8593BC498F}
		{FCB83494-1836-40CB-B7EA-151FA51A8400} = {FCB83494-1836-40CB-B7EA-151FA51A8400}
		{ED9B4394-BD6B-418D-8225-B0A5FB458517} = {ED9B4394-BD6B-418D-8225-B0A5FB458517}
		{1E2B5BCD-1285-441E-84E3-352A31810001} = {1E2B5BCD-1285-441E-84E3-352A31810001}
		{18FFDFE8-B854-4165-8F93-FF1241C35163} = {18FFDFE8-B854-4165-8F93-FF1241C35163}
		{EC79C4F8-0D5E-4CE0-A978-3254B2AE362D} = {EC79C4F8-0D5E-4CE0-A978-3254B2AE362D}
		{F9E3C2FE-7EEA-4388-9DA4-AFE7D816F759} = {F9E3C2FE-7EEA-4388-9DA4-AFE7D816F759}
	EndProjectSection
EndProject
Project("{2150E333-8FDC-42A3-9474-1A3956D46DE8}") = "desktop", "desktop", "{F54ACA54-0635-4B21-BDB8-50CAF0C76E9E}"
EndProject
Project("{8BC9CEB8-8B4A-11D0-8D11-00A0C91BC942}") = "cmd", "sample\desktop\cmd\cmd.vcxproj", "{AE39FD3A-49FE-4368-9C46-9740D008619B}"
EndProject
Project("{8BC9CEB8-8B4A-11D0-8D11-00A0C91BC942}") = "desktopmgr", "sample\desktop\desktopmgr\desktopmgr.vcxproj", "{3BB94C29-5903-40F9-97A4-045CED8B94E6}"
EndProject
Project("{8BC9CEB8-8B4A-11D0-8D11-00A0C91BC942}") = "panel", "sample\desktop\panel\panel.vcxproj", "{ED9B4394-BD6B-418D-8225-B0A5FB458517}"
EndProject
Project("{2150E333-8FDC-42A3-9474-1A3956D46DE8}") = "gui", "gui", "{E0BF2EF6-F409-4666-B437-05D4896A9046}"
EndProject
Project("{8BC9CEB8-8B4A-11D0-8D11-00A0C91BC942}") = "tinygui", "sample\sdl_gui\tinygui\tinygui.vcxproj", "{FCB83494-1836-40CB-B7EA-151FA51A8400}"
EndProject
Project("{8BC9CEB8-8B4A-11D0-8D11-00A0C91BC942}") = "cairo_test", "sample\sdl_gui\cairo\cairo.vcxproj", "{2EA2037D-6BB4-4A0B-AE50-C4DB1D4D8C43}"
EndProject
Project("{8BC9CEB8-8B4A-11D0-8D11-00A0C91BC942}") = "nuklear", "sample\sdl_gui\nuklear\nuklear.vcxproj", "{9F38527F-C8BC-4609-ACC1-4F8593BC498F}"
EndProject
Project("{8BC9CEB8-8B4A-11D0-8D11-00A0C91BC942}") = "sdl_gui", "sample\sdl_gui\SDL_gui\SDL_gui.vcxproj", "{DDF74608-AE1A-4FC2-AFB3-20F107E9911F}"
EndProject
Project("{8BC9CEB8-8B4A-11D0-8D11-00A0C91BC942}") = "guichan", "sample\sdl_gui\guichan\guichan.vcxproj", "{EC79C4F8-0D5E-4CE0-A978-3254B2AE362D}"
EndProject
Project("{8BC9CEB8-8B4A-11D0-8D11-00A0C91BC942}") = "gwork", "sample\sdl_gui\gwork\gwork.vcxproj", "{F9E3C2FE-7EEA-4388-9DA4-AFE7D816F759}"
EndProject
Project("{8BC9CEB8-8B4A-11D0-8D11-00A0C91BC942}") = "gwork_test", "sample\sdl_gui\gwork\gwork_test.vcxproj", "{18FFDFE8-B854-4165-8F93-FF1241C35163}"
	ProjectSection(ProjectDependencies) = postProject
		{F9E3C2FE-7EEA-4388-9DA4-AFE7D816F759} = {F9E3C2FE-7EEA-4388-9DA4-AFE7D816F759}
	EndProjectSection
EndProject
Project("{8BC9CEB8-8B4A-11D0-8D11-00A0C91BC942}") = "test_imgui", "sample\sdl_gui\imgui\test_imgui.vcxproj", "{A70B3E57-948C-4EFA-9662-848122B7AAD8}"
EndProject
Project("{8BC9CEB8-8B4A-11D0-8D11-00A0C91BC942}") = "grafx2", "sample\sdl\grafX2\project\msvc\grafx2-sdl2.vcxproj", "{2C23F950-9403-4871-848E-7E98BE9BD565}"
EndProject
Project("{8BC9CEB8-8B4A-11D0-8D11-00A0C91BC942}") = "guichanex", "sample\sdl_gui\guichanex\guichanex.vcxproj", "{6306D782-8BE0-4BDD-BFCD-6239917CC6D7}"
EndProject
Global
	GlobalSection(SolutionConfigurationPlatforms) = preSolution
		Debug|x86 = Debug|x86
	EndGlobalSection
	GlobalSection(ProjectConfigurationPlatforms) = postSolution
		{1E2B5BCD-1285-441E-84E3-352A31810001}.Debug|x86.ActiveCfg = Debug|Win32
		{1E2B5BCD-1285-441E-84E3-352A31810001}.Debug|x86.Build.0 = Debug|Win32
		{8B7CD70D-1D44-44E1-AAA8-B0529072BE37}.Debug|x86.ActiveCfg = Debug|Win32
		{8B7CD70D-1D44-44E1-AAA8-B0529072BE37}.Debug|x86.Build.0 = Debug|Win32
		{AE39FD3A-49FE-4368-9C46-9740D008619B}.Debug|x86.ActiveCfg = Debug|Win32
		{AE39FD3A-49FE-4368-9C46-9740D008619B}.Debug|x86.Build.0 = Debug|Win32
		{3BB94C29-5903-40F9-97A4-045CED8B94E6}.Debug|x86.ActiveCfg = Debug|Win32
		{3BB94C29-5903-40F9-97A4-045CED8B94E6}.Debug|x86.Build.0 = Debug|Win32
		{ED9B4394-BD6B-418D-8225-B0A5FB458517}.Debug|x86.ActiveCfg = Debug|Win32
		{ED9B4394-BD6B-418D-8225-B0A5FB458517}.Debug|x86.Build.0 = Debug|Win32
		{FCB83494-1836-40CB-B7EA-151FA51A8400}.Debug|x86.ActiveCfg = Debug|Win32
		{FCB83494-1836-40CB-B7EA-151FA51A8400}.Debug|x86.Build.0 = Debug|Win32
		{2EA2037D-6BB4-4A0B-AE50-C4DB1D4D8C43}.Debug|x86.ActiveCfg = Debug|Win32
		{2EA2037D-6BB4-4A0B-AE50-C4DB1D4D8C43}.Debug|x86.Build.0 = Debug|Win32
		{9F38527F-C8BC-4609-ACC1-4F8593BC498F}.Debug|x86.ActiveCfg = Debug|Win32
		{9F38527F-C8BC-4609-ACC1-4F8593BC498F}.Debug|x86.Build.0 = Debug|Win32
		{DDF74608-AE1A-4FC2-AFB3-20F107E9911F}.Debug|x86.ActiveCfg = Debug|Win32
		{DDF74608-AE1A-4FC2-AFB3-20F107E9911F}.Debug|x86.Build.0 = Debug|Win32
		{EC79C4F8-0D5E-4CE0-A978-3254B2AE362D}.Debug|x86.ActiveCfg = Debug|Win32
		{EC79C4F8-0D5E-4CE0-A978-3254B2AE362D}.Debug|x86.Build.0 = Debug|Win32
		{F9E3C2FE-7EEA-4388-9DA4-AFE7D816F759}.Debug|x86.ActiveCfg = Debug|Win32
		{F9E3C2FE-7EEA-4388-9DA4-AFE7D816F759}.Debug|x86.Build.0 = Debug|Win32
		{18FFDFE8-B854-4165-8F93-FF1241C35163}.Debug|x86.ActiveCfg = Debug|Win32
		{18FFDFE8-B854-4165-8F93-FF1241C35163}.Debug|x86.Build.0 = Debug|Win32
		{A70B3E57-948C-4EFA-9662-848122B7AAD8}.Debug|x86.ActiveCfg = Debug|Win32
		{A70B3E57-948C-4EFA-9662-848122B7AAD8}.Debug|x86.Build.0 = Debug|Win32
		{2C23F950-9403-4871-848E-7E98BE9BD565}.Debug|x86.ActiveCfg = Debug|Win32
		{2C23F950-9403-4871-848E-7E98BE9BD565}.Debug|x86.Build.0 = Debug|Win32
		{6306D782-8BE0-4BDD-BFCD-6239917CC6D7}.Debug|x86.ActiveCfg = Debug|Win32
		{6306D782-8BE0-4BDD-BFCD-6239917CC6D7}.Debug|x86.Build.0 = Debug|Win32
	EndGlobalSection
	GlobalSection(SolutionProperties) = preSolution
		HideSolutionNode = FALSE
	EndGlobalSection
	GlobalSection(NestedProjects) = preSolution
		{AE39FD3A-49FE-4368-9C46-9740D008619B} = {F54ACA54-0635-4B21-BDB8-50CAF0C76E9E}
		{3BB94C29-5903-40F9-97A4-045CED8B94E6} = {F54ACA54-0635-4B21-BDB8-50CAF0C76E9E}
		{ED9B4394-BD6B-418D-8225-B0A5FB458517} = {F54ACA54-0635-4B21-BDB8-50CAF0C76E9E}
		{FCB83494-1836-40CB-B7EA-151FA51A8400} = {E0BF2EF6-F409-4666-B437-05D4896A9046}
		{2EA2037D-6BB4-4A0B-AE50-C4DB1D4D8C43} = {E0BF2EF6-F409-4666-B437-05D4896A9046}
		{9F38527F-C8BC-4609-ACC1-4F8593BC498F} = {E0BF2EF6-F409-4666-B437-05D4896A9046}
		{DDF74608-AE1A-4FC2-AFB3-20F107E9911F} = {E0BF2EF6-F409-4666-B437-05D4896A9046}
		{EC79C4F8-0D5E-4CE0-A978-3254B2AE362D} = {E0BF2EF6-F409-4666-B437-05D4896A9046}
		{F9E3C2FE-7EEA-4388-9DA4-AFE7D816F759} = {E0BF2EF6-F409-4666-B437-05D4896A9046}
		{18FFDFE8-B854-4165-8F93-FF1241C35163} = {E0BF2EF6-F409-4666-B437-05D4896A9046}
		{A70B3E57-948C-4EFA-9662-848122B7AAD8} = {E0BF2EF6-F409-4666-B437-05D4896A9046}
		{2C23F950-9403-4871-848E-7E98BE9BD565} = {E0BF2EF6-F409-4666-B437-05D4896A9046}
		{6306D782-8BE0-4BDD-BFCD-6239917CC6D7} = {E0BF2EF6-F409-4666-B437-05D4896A9046}
	EndGlobalSection
	GlobalSection(ExtensibilityGlobals) = postSolution
		SolutionGuid = {3A883608-C613-4311-8112-9AF2B1E31ED4}
	EndGlobalSection
EndGlobal
