<?xml version="1.0" encoding="utf-8"?>
<Project ToolsVersion="4.0" xmlns="http://schemas.microsoft.com/developer/msbuild/2003">
  <ItemGroup>
    <ClCompile Include="portable\compat.c">
      <Filter>src\portable</Filter>
    </ClCompile>
    <ClCompile Include="portable\_memory.c">
      <Filter>src\portable</Filter>
    </ClCompile>
    <ClCompile Include="portable\_error.c">
      <Filter>src\portable</Filter>
    </ClCompile>
    <ClCompile Include="portable\_file.c">
      <Filter>src\portable</Filter>
    </ClCompile>
    <ClCompile Include="portable\_find.c">
      <Filter>src\portable</Filter>
    </ClCompile>
    <ClCompile Include="portable\_locale.c">
      <Filter>src\portable</Filter>
    </ClCompile>
    <ClCompile Include="portable\_ltoa.c">
      <Filter>src\portable</Filter>
    </ClCompile>
    <ClCompile Include="portable\_msg.c">
      <Filter>src\portable</Filter>
    </ClCompile>
    <ClCompile Include="portable\_path.c">
      <Filter>src\portable</Filter>
    </ClCompile>
    <ClCompile Include="portable\_time.c">
      <Filter>src\portable</Filter>
    </ClCompile>
    <ClCompile Include="portable\cmdmsg.c">
      <Filter>src\portable</Filter>
    </ClCompile>
    <ClCompile Include="portable\win32-glob.c">
      <Filter>src\portable</Filter>
    </ClCompile>
    <ClCompile Include="complete.c">
      <Filter>src</Filter>
    </ClCompile>
    <ClCompile Include="readcon.c">
      <Filter>src</Filter>
    </ClCompile>
    <ClCompile Include="cbatch.c">
      <Filter>src</Filter>
    </ClCompile>
    <ClCompile Include="cchcp.c">
      <Filter>src</Filter>
    </ClCompile>
    <ClCompile Include="cclock.c">
      <Filter>src</Filter>
    </ClCompile>
    <ClCompile Include="cdata.c">
      <Filter>src</Filter>
    </ClCompile>
    <ClCompile Include="cdebug.c">
      <Filter>src</Filter>
    </ClCompile>
    <ClCompile Include="cenv.c">
      <Filter>src</Filter>
    </ClCompile>
    <ClCompile Include="cext.c">
      <Filter>src</Filter>
    </ClCompile>
    <ClCompile Include="cfile.c">
      <Filter>src</Filter>
    </ClCompile>
    <ClCompile Include="cinfo.c">
      <Filter>src</Filter>
    </ClCompile>
    <ClCompile Include="cinit.c">
      <Filter>src</Filter>
    </ClCompile>
    <ClCompile Include="ckeys.c">
      <Filter>src</Filter>
    </ClCompile>
    <ClCompile Include="clex.c">
      <Filter>src</Filter>
    </ClCompile>
    <ClCompile Include="cmd.c">
      <Filter>src</Filter>
    </ClCompile>
    <ClCompile Include="cmem.c">
      <Filter>src</Filter>
    </ClCompile>
    <ClCompile Include="console.c">
      <Filter>src</Filter>
    </ClCompile>
    <ClCompile Include="cop.c">
      <Filter>src</Filter>
    </ClCompile>
    <ClCompile Include="cother.c">
      <Filter>src</Filter>
    </ClCompile>
    <ClCompile Include="cparse.c">
      <Filter>src</Filter>
    </ClCompile>
    <ClCompile Include="cpath.c">
      <Filter>src</Filter>
    </ClCompile>
    <ClCompile Include="cpparse.c">
      <Filter>src</Filter>
    </ClCompile>
    <ClCompile Include="cpwork.c">
      <Filter>src</Filter>
    </ClCompile>
    <ClCompile Include="csig.c">
      <Filter>src</Filter>
    </ClCompile>
    <ClCompile Include="ctools1.c">
      <Filter>src</Filter>
    </ClCompile>
    <ClCompile Include="ctools2.c">
      <Filter>src</Filter>
    </ClCompile>
    <ClCompile Include="ctools3.c">
      <Filter>src</Filter>
    </ClCompile>
    <ClCompile Include="del.c">
      <Filter>src</Filter>
    </ClCompile>
    <ClCompile Include="dir.c">
      <Filter>src</Filter>
    </ClCompile>
    <ClCompile Include="display.c">
      <Filter>src</Filter>
    </ClCompile>
    <ClCompile Include="ffirst.c">
      <Filter>src</Filter>
    </ClCompile>
    <ClCompile Include="hstoi.c">
      <Filter>src</Filter>
    </ClCompile>
    <ClCompile Include="start.c">
      <Filter>src</Filter>
    </ClCompile>
    <ClCompile Include="string.c">
      <Filter>src</Filter>
    </ClCompile>
    <ClCompile Include="tree.c">
      <Filter>src</Filter>
    </ClCompile>
    <ClCompile Include="uipriv.c">
      <Filter>src</Filter>
    </ClCompile>
  </ItemGroup>
  <ItemGroup>
    <Filter Include="header">
      <UniqueIdentifier>{29fa8534-f02d-4a5f-9789-95ea7737209c}</UniqueIdentifier>
    </Filter>
    <Filter Include="src">
      <UniqueIdentifier>{f60e69e6-ca77-47a9-abbc-776ec1b045f6}</UniqueIdentifier>
    </Filter>
    <Filter Include="src\portable">
      <UniqueIdentifier>{ab10b005-3aad-499e-bee8-de0ed3d5c570}</UniqueIdentifier>
    </Filter>
  </ItemGroup>
  <ItemGroup>
    <ClInclude Include="portable\compat.h">
      <Filter>src</Filter>
    </ClInclude>
    <ClInclude Include="cmd.h">
      <Filter>src</Filter>
    </ClInclude>
  </ItemGroup>
</Project>