<?xml version="1.0" encoding="utf-8"?>
<Project ToolsVersion="4.0" xmlns="http://schemas.microsoft.com/developer/msbuild/2003">
  <ItemGroup>
    <Filter Include="소스 파일">
      <UniqueIdentifier>{4FC737F1-C7A5-4376-A066-2A32D752A2FF}</UniqueIdentifier>
      <Extensions>cpp;c;cc;cxx;def;odl;idl;hpj;bat;asm;asmx</Extensions>
    </Filter>
    <Filter Include="헤더 파일">
      <UniqueIdentifier>{93995380-89BD-4b04-88EB-625FBE52EBFB}</UniqueIdentifier>
      <Extensions>h;hpp;hxx;hm;inl;inc;xsd</Extensions>
    </Filter>
    <Filter Include="리소스 파일">
      <UniqueIdentifier>{67DA6AB6-F800-4c08-8B7A-83BB121AAD01}</UniqueIdentifier>
      <Extensions>rc;ico;cur;bmp;dlg;rc2;rct;bin;rgs;gif;jpg;jpeg;jpe;resx;tiff;tif;png;wav</Extensions>
    </Filter>
    <Filter Include="EX">
      <UniqueIdentifier>{8c79d2ef-0ddc-402c-9347-d55d74471ff8}</UniqueIdentifier>
    </Filter>
  </ItemGroup>
  <ItemGroup>
    <ClCompile Include="SGLColor.cpp">
      <Filter>소스 파일</Filter>
    </ClCompile>
    <ClCompile Include="SGLDevice.cpp">
      <Filter>소스 파일</Filter>
    </ClCompile>
    <ClCompile Include="SGLFaceSet.cpp">
      <Filter>소스 파일</Filter>
    </ClCompile>
    <ClCompile Include="SGLGraphicsPipeline.cpp">
      <Filter>소스 파일</Filter>
    </ClCompile>
    <ClCompile Include="SGLLight.cpp">
      <Filter>소스 파일</Filter>
    </ClCompile>
    <ClCompile Include="SGLMatrix44.cpp">
      <Filter>소스 파일</Filter>
    </ClCompile>
    <ClCompile Include="SGLMatrixStack.cpp">
      <Filter>소스 파일</Filter>
    </ClCompile>
    <ClCompile Include="SGLMD2Model.cpp">
      <Filter>소스 파일</Filter>
    </ClCompile>
    <ClCompile Include="SGLObject.cpp">
      <Filter>소스 파일</Filter>
    </ClCompile>
    <ClCompile Include="SGLObjectList.cpp">
      <Filter>소스 파일</Filter>
    </ClCompile>
    <ClCompile Include="SGLObjModel.cpp">
      <Filter>소스 파일</Filter>
    </ClCompile>
    <ClCompile Include="SGLPoint2D.cpp">
      <Filter>소스 파일</Filter>
    </ClCompile>
    <ClCompile Include="SGLPoint3D.cpp">
      <Filter>소스 파일</Filter>
    </ClCompile>
    <ClCompile Include="SGLPolygon.cpp">
      <Filter>소스 파일</Filter>
    </ClCompile>
    <ClCompile Include="SGLPolygonList.cpp">
      <Filter>소스 파일</Filter>
    </ClCompile>
    <ClCompile Include="SGLRaster.cpp">
      <Filter>소스 파일</Filter>
    </ClCompile>
    <ClCompile Include="SGLState.cpp">
      <Filter>소스 파일</Filter>
    </ClCompile>
    <ClCompile Include="SGLTexture.cpp">
      <Filter>소스 파일</Filter>
    </ClCompile>
    <ClCompile Include="SGLTextureList.cpp">
      <Filter>소스 파일</Filter>
    </ClCompile>
    <ClCompile Include="SGLVector3D.cpp">
      <Filter>소스 파일</Filter>
    </ClCompile>
    <ClCompile Include="SGLVertex.cpp">
      <Filter>소스 파일</Filter>
    </ClCompile>
    <ClCompile Include="SGLVertexIndexList.cpp">
      <Filter>소스 파일</Filter>
    </ClCompile>
    <ClCompile Include="SGLVertexList.cpp">
      <Filter>소스 파일</Filter>
    </ClCompile>
    <ClCompile Include="ex01.cpp">
      <Filter>EX</Filter>
    </ClCompile>
    <ClCompile Include="ex02.cpp">
      <Filter>EX</Filter>
    </ClCompile>
  </ItemGroup>
  <ItemGroup>
    <ClInclude Include="sgl.h">
      <Filter>헤더 파일</Filter>
    </ClInclude>
    <ClInclude Include="SGLColor.h">
      <Filter>헤더 파일</Filter>
    </ClInclude>
    <ClInclude Include="SGLConst.h">
      <Filter>헤더 파일</Filter>
    </ClInclude>
    <ClInclude Include="SGLDevice.h">
      <Filter>헤더 파일</Filter>
    </ClInclude>
    <ClInclude Include="SGLFaceSet.h">
      <Filter>헤더 파일</Filter>
    </ClInclude>
    <ClInclude Include="SGLGraphicsPipeline.h">
      <Filter>헤더 파일</Filter>
    </ClInclude>
    <ClInclude Include="SGLLight.h">
      <Filter>헤더 파일</Filter>
    </ClInclude>
    <ClInclude Include="SGLMatrix44.h">
      <Filter>헤더 파일</Filter>
    </ClInclude>
    <ClInclude Include="SGLMatrixStack.h">
      <Filter>헤더 파일</Filter>
    </ClInclude>
    <ClInclude Include="SGLMD2Model.h">
      <Filter>헤더 파일</Filter>
    </ClInclude>
    <ClInclude Include="SGLObject.h">
      <Filter>헤더 파일</Filter>
    </ClInclude>
    <ClInclude Include="SGLObjectList.h">
      <Filter>헤더 파일</Filter>
    </ClInclude>
    <ClInclude Include="SGLObjModel.h">
      <Filter>헤더 파일</Filter>
    </ClInclude>
    <ClInclude Include="SGLPoint2D.h">
      <Filter>헤더 파일</Filter>
    </ClInclude>
    <ClInclude Include="SGLPoint3D.h">
      <Filter>헤더 파일</Filter>
    </ClInclude>
    <ClInclude Include="SGLPolygon.h">
      <Filter>헤더 파일</Filter>
    </ClInclude>
    <ClInclude Include="SGLPolygonList.h">
      <Filter>헤더 파일</Filter>
    </ClInclude>
    <ClInclude Include="SGLRaster.h">
      <Filter>헤더 파일</Filter>
    </ClInclude>
    <ClInclude Include="SGLState.h">
      <Filter>헤더 파일</Filter>
    </ClInclude>
    <ClInclude Include="SGLTexture.h">
      <Filter>헤더 파일</Filter>
    </ClInclude>
    <ClInclude Include="SGLTextureList.h">
      <Filter>헤더 파일</Filter>
    </ClInclude>
    <ClInclude Include="SGLVector3D.h">
      <Filter>헤더 파일</Filter>
    </ClInclude>
    <ClInclude Include="SGLVertex.h">
      <Filter>헤더 파일</Filter>
    </ClInclude>
    <ClInclude Include="SGLVertexIndexList.h">
      <Filter>헤더 파일</Filter>
    </ClInclude>
    <ClInclude Include="SGLVertexList.h">
      <Filter>헤더 파일</Filter>
    </ClInclude>
  </ItemGroup>
</Project>